
Microsoft Visual Studio Solution File, Format Version 12.00
# Visual Studio 15
VisualStudioVersion = 15.0.27703.2018
MinimumVisualStudioVersion = 10.0.40219.1
Project("{9A19103F-16F7-4668-BE54-9A1E7A4F7556}") = "Simple.OData.NuGetPackages.Tests", "src\Simple.OData.NuGetPackages.Tests\Simple.OData.NuGetPackages.Tests.csproj", "{B27DE76C-B524-4BA3-A9AD-593A3C26A1C2}"
EndProject
Global
	GlobalSection(SolutionConfigurationPlatforms) = preSolution
		Debug|Any CPU = Debug|Any CPU
		Release|Any CPU = Release|Any CPU
	EndGlobalSection
	GlobalSection(ProjectConfigurationPlatforms) = postSolution
		{B27DE76C-B524-4BA3-A9AD-593A3C26A1C2}.Debug|Any CPU.ActiveCfg = Debug|Any CPU
		{B27DE76C-B524-4BA3-A9AD-593A3C26A1C2}.Debug|Any CPU.Build.0 = Debug|Any CPU
		{B27DE76C-B524-4BA3-A9AD-593A3C26A1C2}.Release|Any CPU.ActiveCfg = Release|Any CPU
		{B27DE76C-B524-4BA3-A9AD-593A3C26A1C2}.Release|Any CPU.Build.0 = Release|Any CPU
	EndGlobalSection
	GlobalSection(SolutionProperties) = preSolution
		HideSolutionNode = FALSE
	EndGlobalSection
	GlobalSection(ExtensibilityGlobals) = postSolution
		SolutionGuid = {62712654-F37A-4E0A-8594-443B19B1DBBE}
	EndGlobalSection
EndGlobal
