
Microsoft Visual Studio Solution File, Format Version 11.00
# Visual Studio 2010
Project("{FAE04EC0-301F-11D3-BF4B-00C04F79EFBC}") = "Simple.Data.Azure", "Simple.Data.Azure\Simple.Data.Azure.csproj", "{52D6C95D-7052-41B3-9003-E93DF4320221}"
EndProject
Project("{FAE04EC0-301F-11D3-BF4B-00C04F79EFBC}") = "Simple.NExtLib", "Simple.NExtLib\Simple.NExtLib.csproj", "{4A191FAD-DC1D-46FC-A941-7DEB2C8C4C15}"
EndProject
Project("{FAE04EC0-301F-11D3-BF4B-00C04F79EFBC}") = "Simple.Data.Azure.Test", "Simple.Data.Azure.Test\Simple.Data.Azure.Test.csproj", "{47B04630-8EC5-46E5-8E6B-3B12D73461DD}"
EndProject
Project("{FAE04EC0-301F-11D3-BF4B-00C04F79EFBC}") = "Simple.Data.Azure.IntegrationTest", "Simple.Data.Azure.IntegrationTest\Simple.Data.Azure.IntegrationTest.csproj", "{B4AE6A46-76F2-4F45-B0A2-F26B03972AE9}"
EndProject
Project("{FAE04EC0-301F-11D3-BF4B-00C04F79EFBC}") = "Simple.NExtLib.Tests", "Simple.NExtLib.Tests\Simple.NExtLib.Tests.csproj", "{8DF17038-537D-45BE-B229-C99EECBB4EDC}"
EndProject
Project("{FAE04EC0-301F-11D3-BF4B-00C04F79EFBC}") = "Simple.NExtLib.Unit", "Simple.NExtLib.Unit\Simple.NExtLib.Unit.csproj", "{072F8BE4-81C1-4276-A9A5-1AEC87A84265}"
EndProject
Project("{FAE04EC0-301F-11D3-BF4B-00C04F79EFBC}") = "Simple.Data.OData", "Simple.Data.OData\Simple.Data.OData.csproj", "{E6EC2C3A-A7D8-41C3-ADCB-37B44F12B6F8}"
EndProject
Project("{FAE04EC0-301F-11D3-BF4B-00C04F79EFBC}") = "Simple.Data.OData.IntegrationTest", "Simple.Data.OData.IntegrationTest\Simple.Data.OData.IntegrationTest.csproj", "{96E43534-0CDC-4ECA-972E-4536055F8C63}"
EndProject
Project("{FAE04EC0-301F-11D3-BF4B-00C04F79EFBC}") = "Simple.OData", "Simple.OData\Simple.OData.csproj", "{00590565-A937-44EE-AA81-2B407F104380}"
EndProject
Project("{FAE04EC0-301F-11D3-BF4B-00C04F79EFBC}") = "Simple.OData.Test", "Simple.OData.Test\Simple.OData.Test.csproj", "{898FFD08-B7FC-45FE-A6DD-5AE9C2280D28}"
EndProject
Project("{2150E333-8FDC-42A3-9474-1A3956D46DE8}") = "Solution Items", "Solution Items", "{D1D23CCD-C556-480A-8817-6FD58817A0C8}"
	ProjectSection(SolutionItems) = preProject
		CommonAssemblyInfo.cs = CommonAssemblyInfo.cs
	EndProjectSection
EndProject
Project("{2150E333-8FDC-42A3-9474-1A3956D46DE8}") = "Tests", "Tests", "{78D04AF9-B9B4-4025-93C6-B3DB01EDAAE9}"
EndProject
Global
	GlobalSection(SolutionConfigurationPlatforms) = preSolution
		Debug|Any CPU = Debug|Any CPU
		Debug|Mixed Platforms = Debug|Mixed Platforms
		Debug|x86 = Debug|x86
		Release|Any CPU = Release|Any CPU
		Release|Mixed Platforms = Release|Mixed Platforms
		Release|x86 = Release|x86
	EndGlobalSection
	GlobalSection(ProjectConfigurationPlatforms) = postSolution
		{52D6C95D-7052-41B3-9003-E93DF4320221}.Debug|Any CPU.ActiveCfg = Debug|Any CPU
		{52D6C95D-7052-41B3-9003-E93DF4320221}.Debug|Any CPU.Build.0 = Debug|Any CPU
		{52D6C95D-7052-41B3-9003-E93DF4320221}.Debug|Mixed Platforms.ActiveCfg = Debug|Any CPU
		{52D6C95D-7052-41B3-9003-E93DF4320221}.Debug|Mixed Platforms.Build.0 = Debug|Any CPU
		{52D6C95D-7052-41B3-9003-E93DF4320221}.Debug|x86.ActiveCfg = Debug|Any CPU
		{52D6C95D-7052-41B3-9003-E93DF4320221}.Release|Any CPU.ActiveCfg = Release|Any CPU
		{52D6C95D-7052-41B3-9003-E93DF4320221}.Release|Any CPU.Build.0 = Release|Any CPU
		{52D6C95D-7052-41B3-9003-E93DF4320221}.Release|Mixed Platforms.ActiveCfg = Release|Any CPU
		{52D6C95D-7052-41B3-9003-E93DF4320221}.Release|Mixed Platforms.Build.0 = Release|Any CPU
		{52D6C95D-7052-41B3-9003-E93DF4320221}.Release|x86.ActiveCfg = Release|Any CPU
		{4A191FAD-DC1D-46FC-A941-7DEB2C8C4C15}.Debug|Any CPU.ActiveCfg = Debug|Any CPU
		{4A191FAD-DC1D-46FC-A941-7DEB2C8C4C15}.Debug|Any CPU.Build.0 = Debug|Any CPU
		{4A191FAD-DC1D-46FC-A941-7DEB2C8C4C15}.Debug|Mixed Platforms.ActiveCfg = Debug|Any CPU
		{4A191FAD-DC1D-46FC-A941-7DEB2C8C4C15}.Debug|Mixed Platforms.Build.0 = Debug|Any CPU
		{4A191FAD-DC1D-46FC-A941-7DEB2C8C4C15}.Debug|x86.ActiveCfg = Debug|Any CPU
		{4A191FAD-DC1D-46FC-A941-7DEB2C8C4C15}.Release|Any CPU.ActiveCfg = Release|Any CPU
		{4A191FAD-DC1D-46FC-A941-7DEB2C8C4C15}.Release|Any CPU.Build.0 = Release|Any CPU
		{4A191FAD-DC1D-46FC-A941-7DEB2C8C4C15}.Release|Mixed Platforms.ActiveCfg = Release|Any CPU
		{4A191FAD-DC1D-46FC-A941-7DEB2C8C4C15}.Release|Mixed Platforms.Build.0 = Release|Any CPU
		{4A191FAD-DC1D-46FC-A941-7DEB2C8C4C15}.Release|x86.ActiveCfg = Release|Any CPU
		{47B04630-8EC5-46E5-8E6B-3B12D73461DD}.Debug|Any CPU.ActiveCfg = Debug|Any CPU
		{47B04630-8EC5-46E5-8E6B-3B12D73461DD}.Debug|Any CPU.Build.0 = Debug|Any CPU
		{47B04630-8EC5-46E5-8E6B-3B12D73461DD}.Debug|Mixed Platforms.ActiveCfg = Debug|Any CPU
		{47B04630-8EC5-46E5-8E6B-3B12D73461DD}.Debug|Mixed Platforms.Build.0 = Debug|Any CPU
		{47B04630-8EC5-46E5-8E6B-3B12D73461DD}.Debug|x86.ActiveCfg = Debug|Any CPU
		{47B04630-8EC5-46E5-8E6B-3B12D73461DD}.Release|Any CPU.ActiveCfg = Release|Any CPU
		{47B04630-8EC5-46E5-8E6B-3B12D73461DD}.Release|Any CPU.Build.0 = Release|Any CPU
		{47B04630-8EC5-46E5-8E6B-3B12D73461DD}.Release|Mixed Platforms.ActiveCfg = Release|Any CPU
		{47B04630-8EC5-46E5-8E6B-3B12D73461DD}.Release|Mixed Platforms.Build.0 = Release|Any CPU
		{47B04630-8EC5-46E5-8E6B-3B12D73461DD}.Release|x86.ActiveCfg = Release|Any CPU
		{B4AE6A46-76F2-4F45-B0A2-F26B03972AE9}.Debug|Any CPU.ActiveCfg = Debug|Any CPU
		{B4AE6A46-76F2-4F45-B0A2-F26B03972AE9}.Debug|Any CPU.Build.0 = Debug|Any CPU
		{B4AE6A46-76F2-4F45-B0A2-F26B03972AE9}.Debug|Mixed Platforms.ActiveCfg = Debug|Any CPU
		{B4AE6A46-76F2-4F45-B0A2-F26B03972AE9}.Debug|Mixed Platforms.Build.0 = Debug|Any CPU
		{B4AE6A46-76F2-4F45-B0A2-F26B03972AE9}.Debug|x86.ActiveCfg = Debug|Any CPU
		{B4AE6A46-76F2-4F45-B0A2-F26B03972AE9}.Release|Any CPU.ActiveCfg = Release|Any CPU
		{B4AE6A46-76F2-4F45-B0A2-F26B03972AE9}.Release|Any CPU.Build.0 = Release|Any CPU
		{B4AE6A46-76F2-4F45-B0A2-F26B03972AE9}.Release|Mixed Platforms.ActiveCfg = Release|Any CPU
		{B4AE6A46-76F2-4F45-B0A2-F26B03972AE9}.Release|Mixed Platforms.Build.0 = Release|Any CPU
		{B4AE6A46-76F2-4F45-B0A2-F26B03972AE9}.Release|x86.ActiveCfg = Release|Any CPU
		{8DF17038-537D-45BE-B229-C99EECBB4EDC}.Debug|Any CPU.ActiveCfg = Debug|Any CPU
		{8DF17038-537D-45BE-B229-C99EECBB4EDC}.Debug|Any CPU.Build.0 = Debug|Any CPU
		{8DF17038-537D-45BE-B229-C99EECBB4EDC}.Debug|Mixed Platforms.ActiveCfg = Debug|Any CPU
		{8DF17038-537D-45BE-B229-C99EECBB4EDC}.Debug|Mixed Platforms.Build.0 = Debug|Any CPU
		{8DF17038-537D-45BE-B229-C99EECBB4EDC}.Debug|x86.ActiveCfg = Debug|Any CPU
		{8DF17038-537D-45BE-B229-C99EECBB4EDC}.Release|Any CPU.ActiveCfg = Release|Any CPU
		{8DF17038-537D-45BE-B229-C99EECBB4EDC}.Release|Any CPU.Build.0 = Release|Any CPU
		{8DF17038-537D-45BE-B229-C99EECBB4EDC}.Release|Mixed Platforms.ActiveCfg = Release|Any CPU
		{8DF17038-537D-45BE-B229-C99EECBB4EDC}.Release|Mixed Platforms.Build.0 = Release|Any CPU
		{8DF17038-537D-45BE-B229-C99EECBB4EDC}.Release|x86.ActiveCfg = Release|Any CPU
		{072F8BE4-81C1-4276-A9A5-1AEC87A84265}.Debug|Any CPU.ActiveCfg = Debug|Any CPU
		{072F8BE4-81C1-4276-A9A5-1AEC87A84265}.Debug|Any CPU.Build.0 = Debug|Any CPU
		{072F8BE4-81C1-4276-A9A5-1AEC87A84265}.Debug|Mixed Platforms.ActiveCfg = Debug|Any CPU
		{072F8BE4-81C1-4276-A9A5-1AEC87A84265}.Debug|Mixed Platforms.Build.0 = Debug|Any CPU
		{072F8BE4-81C1-4276-A9A5-1AEC87A84265}.Debug|x86.ActiveCfg = Debug|Any CPU
		{072F8BE4-81C1-4276-A9A5-1AEC87A84265}.Release|Any CPU.ActiveCfg = Release|Any CPU
		{072F8BE4-81C1-4276-A9A5-1AEC87A84265}.Release|Any CPU.Build.0 = Release|Any CPU
		{072F8BE4-81C1-4276-A9A5-1AEC87A84265}.Release|Mixed Platforms.ActiveCfg = Release|Any CPU
		{072F8BE4-81C1-4276-A9A5-1AEC87A84265}.Release|Mixed Platforms.Build.0 = Release|Any CPU
		{072F8BE4-81C1-4276-A9A5-1AEC87A84265}.Release|x86.ActiveCfg = Release|Any CPU
		{E6EC2C3A-A7D8-41C3-ADCB-37B44F12B6F8}.Debug|Any CPU.ActiveCfg = Debug|Any CPU
		{E6EC2C3A-A7D8-41C3-ADCB-37B44F12B6F8}.Debug|Any CPU.Build.0 = Debug|Any CPU
		{E6EC2C3A-A7D8-41C3-ADCB-37B44F12B6F8}.Debug|Mixed Platforms.ActiveCfg = Debug|Any CPU
		{E6EC2C3A-A7D8-41C3-ADCB-37B44F12B6F8}.Debug|Mixed Platforms.Build.0 = Debug|Any CPU
		{E6EC2C3A-A7D8-41C3-ADCB-37B44F12B6F8}.Debug|x86.ActiveCfg = Debug|Any CPU
		{E6EC2C3A-A7D8-41C3-ADCB-37B44F12B6F8}.Release|Any CPU.ActiveCfg = Release|Any CPU
		{E6EC2C3A-A7D8-41C3-ADCB-37B44F12B6F8}.Release|Any CPU.Build.0 = Release|Any CPU
		{E6EC2C3A-A7D8-41C3-ADCB-37B44F12B6F8}.Release|Mixed Platforms.ActiveCfg = Release|Any CPU
		{E6EC2C3A-A7D8-41C3-ADCB-37B44F12B6F8}.Release|Mixed Platforms.Build.0 = Release|Any CPU
		{E6EC2C3A-A7D8-41C3-ADCB-37B44F12B6F8}.Release|x86.ActiveCfg = Release|Any CPU
		{96E43534-0CDC-4ECA-972E-4536055F8C63}.Debug|Any CPU.ActiveCfg = Debug|Any CPU
		{96E43534-0CDC-4ECA-972E-4536055F8C63}.Debug|Any CPU.Build.0 = Debug|Any CPU
		{96E43534-0CDC-4ECA-972E-4536055F8C63}.Debug|Mixed Platforms.ActiveCfg = Debug|Any CPU
		{96E43534-0CDC-4ECA-972E-4536055F8C63}.Debug|Mixed Platforms.Build.0 = Debug|Any CPU
		{96E43534-0CDC-4ECA-972E-4536055F8C63}.Debug|x86.ActiveCfg = Debug|Any CPU
		{96E43534-0CDC-4ECA-972E-4536055F8C63}.Release|Any CPU.ActiveCfg = Release|Any CPU
		{96E43534-0CDC-4ECA-972E-4536055F8C63}.Release|Any CPU.Build.0 = Release|Any CPU
		{96E43534-0CDC-4ECA-972E-4536055F8C63}.Release|Mixed Platforms.ActiveCfg = Release|Any CPU
		{96E43534-0CDC-4ECA-972E-4536055F8C63}.Release|Mixed Platforms.Build.0 = Release|Any CPU
		{96E43534-0CDC-4ECA-972E-4536055F8C63}.Release|x86.ActiveCfg = Release|Any CPU
		{00590565-A937-44EE-AA81-2B407F104380}.Debug|Any CPU.ActiveCfg = Debug|Any CPU
		{00590565-A937-44EE-AA81-2B407F104380}.Debug|Any CPU.Build.0 = Debug|Any CPU
		{00590565-A937-44EE-AA81-2B407F104380}.Debug|Mixed Platforms.ActiveCfg = Debug|Any CPU
		{00590565-A937-44EE-AA81-2B407F104380}.Debug|Mixed Platforms.Build.0 = Debug|Any CPU
		{00590565-A937-44EE-AA81-2B407F104380}.Debug|x86.ActiveCfg = Debug|Any CPU
		{00590565-A937-44EE-AA81-2B407F104380}.Release|Any CPU.ActiveCfg = Release|Any CPU
		{00590565-A937-44EE-AA81-2B407F104380}.Release|Any CPU.Build.0 = Release|Any CPU
		{00590565-A937-44EE-AA81-2B407F104380}.Release|Mixed Platforms.ActiveCfg = Release|Any CPU
		{00590565-A937-44EE-AA81-2B407F104380}.Release|Mixed Platforms.Build.0 = Release|Any CPU
		{00590565-A937-44EE-AA81-2B407F104380}.Release|x86.ActiveCfg = Release|Any CPU
		{898FFD08-B7FC-45FE-A6DD-5AE9C2280D28}.Debug|Any CPU.ActiveCfg = Debug|Any CPU
		{898FFD08-B7FC-45FE-A6DD-5AE9C2280D28}.Debug|Any CPU.Build.0 = Debug|Any CPU
		{898FFD08-B7FC-45FE-A6DD-5AE9C2280D28}.Debug|Mixed Platforms.ActiveCfg = Debug|Any CPU
		{898FFD08-B7FC-45FE-A6DD-5AE9C2280D28}.Debug|Mixed Platforms.Build.0 = Debug|Any CPU
		{898FFD08-B7FC-45FE-A6DD-5AE9C2280D28}.Debug|x86.ActiveCfg = Debug|Any CPU
		{898FFD08-B7FC-45FE-A6DD-5AE9C2280D28}.Release|Any CPU.ActiveCfg = Release|Any CPU
		{898FFD08-B7FC-45FE-A6DD-5AE9C2280D28}.Release|Any CPU.Build.0 = Release|Any CPU
		{898FFD08-B7FC-45FE-A6DD-5AE9C2280D28}.Release|Mixed Platforms.ActiveCfg = Release|Any CPU
		{898FFD08-B7FC-45FE-A6DD-5AE9C2280D28}.Release|Mixed Platforms.Build.0 = Release|Any CPU
		{898FFD08-B7FC-45FE-A6DD-5AE9C2280D28}.Release|x86.ActiveCfg = Release|Any CPU
	EndGlobalSection
	GlobalSection(SolutionProperties) = preSolution
		HideSolutionNode = FALSE
	EndGlobalSection
	GlobalSection(NestedProjects) = preSolution
		{47B04630-8EC5-46E5-8E6B-3B12D73461DD} = {78D04AF9-B9B4-4025-93C6-B3DB01EDAAE9}
		{B4AE6A46-76F2-4F45-B0A2-F26B03972AE9} = {78D04AF9-B9B4-4025-93C6-B3DB01EDAAE9}
		{96E43534-0CDC-4ECA-972E-4536055F8C63} = {78D04AF9-B9B4-4025-93C6-B3DB01EDAAE9}
		{8DF17038-537D-45BE-B229-C99EECBB4EDC} = {78D04AF9-B9B4-4025-93C6-B3DB01EDAAE9}
		{898FFD08-B7FC-45FE-A6DD-5AE9C2280D28} = {78D04AF9-B9B4-4025-93C6-B3DB01EDAAE9}
	EndGlobalSection
EndGlobal
