
Microsoft Visual Studio Solution File, Format Version 12.00
# Visual Studio 2012
Project("{FAE04EC0-301F-11D3-BF4B-00C04F79EFBC}") = "Simple.NExtLib.Net40", "Simple.NExtLib\Simple.NExtLib.Net40.csproj", "{4A191FAD-DC1D-46FC-A941-7DEB2C8C4C15}"
EndProject
Project("{2150E333-8FDC-42A3-9474-1A3956D46DE8}") = "Solution Items", "Solution Items", "{D1D23CCD-C556-480A-8817-6FD58817A0C8}"
	ProjectSection(SolutionItems) = preProject
		CommonAssemblyInfo.cs = CommonAssemblyInfo.cs
		NugetPack.cmd = NugetPack.cmd
		NugetPackOData.cmd = NugetPackOData.cmd
		NugetPush.cmd = NugetPush.cmd
		NugetPushOData.cmd = NugetPushOData.cmd
	EndProjectSection
EndProject
Project("{2150E333-8FDC-42A3-9474-1A3956D46DE8}") = "Tests", "Tests", "{78D04AF9-B9B4-4025-93C6-B3DB01EDAAE9}"
EndProject
Project("{FAE04EC0-301F-11D3-BF4B-00C04F79EFBC}") = "Simple.Data.OData.NorthwindModel", "Simple.Data.OData.NorthwindModel\Simple.Data.OData.NorthwindModel.csproj", "{2A909E4D-6493-4D36-9FDE-786B89F9A387}"
EndProject
Project("{FAE04EC0-301F-11D3-BF4B-00C04F79EFBC}") = "Simple.OData.Client.Net40", "Simple.OData.Client\Simple.OData.Client.Net40.csproj", "{C20A3959-4895-41F8-86E2-7DED294FD904}"
EndProject
Project("{FAE04EC0-301F-11D3-BF4B-00C04F79EFBC}") = "Simple.NExtLib.Tests.Net40", "Simple.NExtLib.Tests\Simple.NExtLib.Tests.Net40.csproj", "{8DF17038-537D-45BE-B229-C99EECBB4EDC}"
EndProject
Project("{FAE04EC0-301F-11D3-BF4B-00C04F79EFBC}") = "Simple.OData.Client.Tests.Net40", "Simple.OData.Client.Tests\Simple.OData.Client.Tests.Net40.csproj", "{898FFD08-B7FC-45FE-A6DD-5AE9C2280D28}"
EndProject
Project("{FAE04EC0-301F-11D3-BF4B-00C04F79EFBC}") = "Simple.OData.TestUtils.Net40", "Simple.OData.TestUtils\Simple.OData.TestUtils.Net40.csproj", "{858775EA-ECF6-458E-AD96-CF67CF730395}"
EndProject
Project("{FAE04EC0-301F-11D3-BF4B-00C04F79EFBC}") = "Simple.NExtLib.TestUtils.Net40", "Simple.NExtLib.TestUtils\Simple.NExtLib.TestUtils.Net40.csproj", "{072F8BE4-81C1-4276-A9A5-1AEC87A84265}"
EndProject
Project("{FAE04EC0-301F-11D3-BF4B-00C04F79EFBC}") = "Simple.NExtLib.Core", "Simple.NExtLib\Simple.NExtLib.Core.csproj", "{37CB8D2A-2EB8-4E91-99CA-1BA1B93E178B}"
EndProject
Global
	GlobalSection(SolutionConfigurationPlatforms) = preSolution
		Debug|Any CPU = Debug|Any CPU
		Debug|Mixed Platforms = Debug|Mixed Platforms
		Debug|x86 = Debug|x86
		Release|Any CPU = Release|Any CPU
		Release|Mixed Platforms = Release|Mixed Platforms
		Release|x86 = Release|x86
	EndGlobalSection
	GlobalSection(ProjectConfigurationPlatforms) = postSolution
		{4A191FAD-DC1D-46FC-A941-7DEB2C8C4C15}.Debug|Any CPU.ActiveCfg = Debug|Any CPU
		{4A191FAD-DC1D-46FC-A941-7DEB2C8C4C15}.Debug|Any CPU.Build.0 = Debug|Any CPU
		{4A191FAD-DC1D-46FC-A941-7DEB2C8C4C15}.Debug|Mixed Platforms.ActiveCfg = Debug|Any CPU
		{4A191FAD-DC1D-46FC-A941-7DEB2C8C4C15}.Debug|Mixed Platforms.Build.0 = Debug|Any CPU
		{4A191FAD-DC1D-46FC-A941-7DEB2C8C4C15}.Debug|x86.ActiveCfg = Debug|Any CPU
		{4A191FAD-DC1D-46FC-A941-7DEB2C8C4C15}.Release|Any CPU.ActiveCfg = Release|Any CPU
		{4A191FAD-DC1D-46FC-A941-7DEB2C8C4C15}.Release|Mixed Platforms.ActiveCfg = Release|Any CPU
		{4A191FAD-DC1D-46FC-A941-7DEB2C8C4C15}.Release|Mixed Platforms.Build.0 = Release|Any CPU
		{4A191FAD-DC1D-46FC-A941-7DEB2C8C4C15}.Release|x86.ActiveCfg = Release|Any CPU
		{2A909E4D-6493-4D36-9FDE-786B89F9A387}.Debug|Any CPU.ActiveCfg = Debug|Any CPU
		{2A909E4D-6493-4D36-9FDE-786B89F9A387}.Debug|Any CPU.Build.0 = Debug|Any CPU
		{2A909E4D-6493-4D36-9FDE-786B89F9A387}.Debug|Mixed Platforms.ActiveCfg = Debug|Any CPU
		{2A909E4D-6493-4D36-9FDE-786B89F9A387}.Debug|Mixed Platforms.Build.0 = Debug|Any CPU
		{2A909E4D-6493-4D36-9FDE-786B89F9A387}.Debug|x86.ActiveCfg = Debug|Any CPU
		{2A909E4D-6493-4D36-9FDE-786B89F9A387}.Release|Any CPU.ActiveCfg = Release|Any CPU
		{2A909E4D-6493-4D36-9FDE-786B89F9A387}.Release|Mixed Platforms.ActiveCfg = Release|Any CPU
		{2A909E4D-6493-4D36-9FDE-786B89F9A387}.Release|Mixed Platforms.Build.0 = Release|Any CPU
		{2A909E4D-6493-4D36-9FDE-786B89F9A387}.Release|x86.ActiveCfg = Release|Any CPU
		{C20A3959-4895-41F8-86E2-7DED294FD904}.Debug|Any CPU.ActiveCfg = Debug|Any CPU
		{C20A3959-4895-41F8-86E2-7DED294FD904}.Debug|Any CPU.Build.0 = Debug|Any CPU
		{C20A3959-4895-41F8-86E2-7DED294FD904}.Debug|Mixed Platforms.ActiveCfg = Debug|Any CPU
		{C20A3959-4895-41F8-86E2-7DED294FD904}.Debug|Mixed Platforms.Build.0 = Debug|Any CPU
		{C20A3959-4895-41F8-86E2-7DED294FD904}.Debug|x86.ActiveCfg = Debug|Any CPU
		{C20A3959-4895-41F8-86E2-7DED294FD904}.Release|Any CPU.ActiveCfg = Release|Any CPU
		{C20A3959-4895-41F8-86E2-7DED294FD904}.Release|Any CPU.Build.0 = Release|Any CPU
		{C20A3959-4895-41F8-86E2-7DED294FD904}.Release|Mixed Platforms.ActiveCfg = Release|Any CPU
		{C20A3959-4895-41F8-86E2-7DED294FD904}.Release|Mixed Platforms.Build.0 = Release|Any CPU
		{C20A3959-4895-41F8-86E2-7DED294FD904}.Release|x86.ActiveCfg = Release|Any CPU
		{8DF17038-537D-45BE-B229-C99EECBB4EDC}.Debug|Any CPU.ActiveCfg = Debug|Any CPU
		{8DF17038-537D-45BE-B229-C99EECBB4EDC}.Debug|Any CPU.Build.0 = Debug|Any CPU
		{8DF17038-537D-45BE-B229-C99EECBB4EDC}.Debug|Mixed Platforms.ActiveCfg = Debug|Any CPU
		{8DF17038-537D-45BE-B229-C99EECBB4EDC}.Debug|Mixed Platforms.Build.0 = Debug|Any CPU
		{8DF17038-537D-45BE-B229-C99EECBB4EDC}.Debug|x86.ActiveCfg = Debug|Any CPU
		{8DF17038-537D-45BE-B229-C99EECBB4EDC}.Release|Any CPU.ActiveCfg = Release|Any CPU
		{8DF17038-537D-45BE-B229-C99EECBB4EDC}.Release|Any CPU.Build.0 = Release|Any CPU
		{8DF17038-537D-45BE-B229-C99EECBB4EDC}.Release|Mixed Platforms.ActiveCfg = Release|Any CPU
		{8DF17038-537D-45BE-B229-C99EECBB4EDC}.Release|Mixed Platforms.Build.0 = Release|Any CPU
		{8DF17038-537D-45BE-B229-C99EECBB4EDC}.Release|x86.ActiveCfg = Release|Any CPU
		{898FFD08-B7FC-45FE-A6DD-5AE9C2280D28}.Debug|Any CPU.ActiveCfg = Debug|Any CPU
		{898FFD08-B7FC-45FE-A6DD-5AE9C2280D28}.Debug|Any CPU.Build.0 = Debug|Any CPU
		{898FFD08-B7FC-45FE-A6DD-5AE9C2280D28}.Debug|Mixed Platforms.ActiveCfg = Debug|Any CPU
		{898FFD08-B7FC-45FE-A6DD-5AE9C2280D28}.Debug|Mixed Platforms.Build.0 = Debug|Any CPU
		{898FFD08-B7FC-45FE-A6DD-5AE9C2280D28}.Debug|x86.ActiveCfg = Debug|Any CPU
		{898FFD08-B7FC-45FE-A6DD-5AE9C2280D28}.Release|Any CPU.ActiveCfg = Release|Any CPU
		{898FFD08-B7FC-45FE-A6DD-5AE9C2280D28}.Release|Any CPU.Build.0 = Release|Any CPU
		{898FFD08-B7FC-45FE-A6DD-5AE9C2280D28}.Release|Mixed Platforms.ActiveCfg = Release|Any CPU
		{898FFD08-B7FC-45FE-A6DD-5AE9C2280D28}.Release|Mixed Platforms.Build.0 = Release|Any CPU
		{898FFD08-B7FC-45FE-A6DD-5AE9C2280D28}.Release|x86.ActiveCfg = Release|Any CPU
		{858775EA-ECF6-458E-AD96-CF67CF730395}.Debug|Any CPU.ActiveCfg = Debug|Any CPU
		{858775EA-ECF6-458E-AD96-CF67CF730395}.Debug|Any CPU.Build.0 = Debug|Any CPU
		{858775EA-ECF6-458E-AD96-CF67CF730395}.Debug|Mixed Platforms.ActiveCfg = Debug|Any CPU
		{858775EA-ECF6-458E-AD96-CF67CF730395}.Debug|Mixed Platforms.Build.0 = Debug|Any CPU
		{858775EA-ECF6-458E-AD96-CF67CF730395}.Debug|x86.ActiveCfg = Debug|Any CPU
		{858775EA-ECF6-458E-AD96-CF67CF730395}.Release|Any CPU.ActiveCfg = Release|Any CPU
		{858775EA-ECF6-458E-AD96-CF67CF730395}.Release|Any CPU.Build.0 = Release|Any CPU
		{858775EA-ECF6-458E-AD96-CF67CF730395}.Release|Mixed Platforms.ActiveCfg = Release|Any CPU
		{858775EA-ECF6-458E-AD96-CF67CF730395}.Release|Mixed Platforms.Build.0 = Release|Any CPU
		{858775EA-ECF6-458E-AD96-CF67CF730395}.Release|x86.ActiveCfg = Release|Any CPU
		{072F8BE4-81C1-4276-A9A5-1AEC87A84265}.Debug|Any CPU.ActiveCfg = Debug|Any CPU
		{072F8BE4-81C1-4276-A9A5-1AEC87A84265}.Debug|Any CPU.Build.0 = Debug|Any CPU
		{072F8BE4-81C1-4276-A9A5-1AEC87A84265}.Debug|Mixed Platforms.ActiveCfg = Debug|Any CPU
		{072F8BE4-81C1-4276-A9A5-1AEC87A84265}.Debug|Mixed Platforms.Build.0 = Debug|Any CPU
		{072F8BE4-81C1-4276-A9A5-1AEC87A84265}.Debug|x86.ActiveCfg = Debug|Any CPU
		{072F8BE4-81C1-4276-A9A5-1AEC87A84265}.Release|Any CPU.ActiveCfg = Release|Any CPU
		{072F8BE4-81C1-4276-A9A5-1AEC87A84265}.Release|Any CPU.Build.0 = Release|Any CPU
		{072F8BE4-81C1-4276-A9A5-1AEC87A84265}.Release|Mixed Platforms.ActiveCfg = Release|Any CPU
		{072F8BE4-81C1-4276-A9A5-1AEC87A84265}.Release|Mixed Platforms.Build.0 = Release|Any CPU
		{072F8BE4-81C1-4276-A9A5-1AEC87A84265}.Release|x86.ActiveCfg = Release|Any CPU
		{37CB8D2A-2EB8-4E91-99CA-1BA1B93E178B}.Debug|Any CPU.ActiveCfg = Debug|Any CPU
		{37CB8D2A-2EB8-4E91-99CA-1BA1B93E178B}.Debug|Any CPU.Build.0 = Debug|Any CPU
		{37CB8D2A-2EB8-4E91-99CA-1BA1B93E178B}.Debug|Mixed Platforms.ActiveCfg = Debug|Any CPU
		{37CB8D2A-2EB8-4E91-99CA-1BA1B93E178B}.Debug|Mixed Platforms.Build.0 = Debug|Any CPU
		{37CB8D2A-2EB8-4E91-99CA-1BA1B93E178B}.Debug|x86.ActiveCfg = Debug|Any CPU
		{37CB8D2A-2EB8-4E91-99CA-1BA1B93E178B}.Release|Any CPU.ActiveCfg = Release|Any CPU
		{37CB8D2A-2EB8-4E91-99CA-1BA1B93E178B}.Release|Any CPU.Build.0 = Release|Any CPU
		{37CB8D2A-2EB8-4E91-99CA-1BA1B93E178B}.Release|Mixed Platforms.ActiveCfg = Release|Any CPU
		{37CB8D2A-2EB8-4E91-99CA-1BA1B93E178B}.Release|Mixed Platforms.Build.0 = Release|Any CPU
		{37CB8D2A-2EB8-4E91-99CA-1BA1B93E178B}.Release|x86.ActiveCfg = Release|Any CPU
	EndGlobalSection
	GlobalSection(SolutionProperties) = preSolution
		HideSolutionNode = FALSE
	EndGlobalSection
	GlobalSection(NestedProjects) = preSolution
		{2A909E4D-6493-4D36-9FDE-786B89F9A387} = {78D04AF9-B9B4-4025-93C6-B3DB01EDAAE9}
		{8DF17038-537D-45BE-B229-C99EECBB4EDC} = {78D04AF9-B9B4-4025-93C6-B3DB01EDAAE9}
		{898FFD08-B7FC-45FE-A6DD-5AE9C2280D28} = {78D04AF9-B9B4-4025-93C6-B3DB01EDAAE9}
		{858775EA-ECF6-458E-AD96-CF67CF730395} = {78D04AF9-B9B4-4025-93C6-B3DB01EDAAE9}
		{072F8BE4-81C1-4276-A9A5-1AEC87A84265} = {78D04AF9-B9B4-4025-93C6-B3DB01EDAAE9}
	EndGlobalSection
EndGlobal
