
Microsoft Visual Studio Solution File, Format Version 12.00
# Visual Studio 2012
Project("{FAE04EC0-301F-11D3-BF4B-00C04F79EFBC}") = "Simple.OData.Client.Tests.iOS", "Simple.OData.Client.Tests.iOS.csproj", "{E20D9290-DDCF-4779-9121-509C54F0E7BB}"
EndProject
Global
	GlobalSection(SolutionConfigurationPlatforms) = preSolution
		Ad-Hoc|Any CPU = Ad-Hoc|Any CPU
		Ad-Hoc|ARM = Ad-Hoc|ARM
		Ad-Hoc|iPhone = Ad-Hoc|iPhone
		Ad-Hoc|iPhoneSimulator = Ad-Hoc|iPhoneSimulator
		Ad-Hoc|Mixed Platforms = Ad-Hoc|Mixed Platforms
		Ad-Hoc|x64 = Ad-Hoc|x64
		Ad-Hoc|x86 = Ad-Hoc|x86
		AppStore|Any CPU = AppStore|Any CPU
		AppStore|ARM = AppStore|ARM
		AppStore|iPhone = AppStore|iPhone
		AppStore|iPhoneSimulator = AppStore|iPhoneSimulator
		AppStore|Mixed Platforms = AppStore|Mixed Platforms
		AppStore|x64 = AppStore|x64
		AppStore|x86 = AppStore|x86
		Debug|Any CPU = Debug|Any CPU
		Debug|ARM = Debug|ARM
		Debug|iPhone = Debug|iPhone
		Debug|iPhoneSimulator = Debug|iPhoneSimulator
		Debug|Mixed Platforms = Debug|Mixed Platforms
		Debug|x64 = Debug|x64
		Debug|x86 = Debug|x86
		Release|Any CPU = Release|Any CPU
		Release|ARM = Release|ARM
		Release|iPhone = Release|iPhone
		Release|iPhoneSimulator = Release|iPhoneSimulator
		Release|Mixed Platforms = Release|Mixed Platforms
		Release|x64 = Release|x64
		Release|x86 = Release|x86
	EndGlobalSection
	GlobalSection(ProjectConfigurationPlatforms) = postSolution
		{E20D9290-DDCF-4779-9121-509C54F0E7BB}.Ad-Hoc|Any CPU.ActiveCfg = Debug|iPhoneSimulator
		{E20D9290-DDCF-4779-9121-509C54F0E7BB}.Ad-Hoc|Any CPU.Build.0 = Debug|iPhoneSimulator
		{E20D9290-DDCF-4779-9121-509C54F0E7BB}.Ad-Hoc|ARM.ActiveCfg = Debug|iPhoneSimulator
		{E20D9290-DDCF-4779-9121-509C54F0E7BB}.Ad-Hoc|ARM.Build.0 = Debug|iPhoneSimulator
		{E20D9290-DDCF-4779-9121-509C54F0E7BB}.Ad-Hoc|iPhone.ActiveCfg = Ad-Hoc|iPhone
		{E20D9290-DDCF-4779-9121-509C54F0E7BB}.Ad-Hoc|iPhone.Build.0 = Ad-Hoc|iPhone
		{E20D9290-DDCF-4779-9121-509C54F0E7BB}.Ad-Hoc|iPhoneSimulator.ActiveCfg = Debug|iPhoneSimulator
		{E20D9290-DDCF-4779-9121-509C54F0E7BB}.Ad-Hoc|iPhoneSimulator.Build.0 = Debug|iPhoneSimulator
		{E20D9290-DDCF-4779-9121-509C54F0E7BB}.Ad-Hoc|Mixed Platforms.ActiveCfg = Debug|iPhoneSimulator
		{E20D9290-DDCF-4779-9121-509C54F0E7BB}.Ad-Hoc|Mixed Platforms.Build.0 = Debug|iPhoneSimulator
		{E20D9290-DDCF-4779-9121-509C54F0E7BB}.Ad-Hoc|x64.ActiveCfg = Debug|iPhoneSimulator
		{E20D9290-DDCF-4779-9121-509C54F0E7BB}.Ad-Hoc|x64.Build.0 = Debug|iPhoneSimulator
		{E20D9290-DDCF-4779-9121-509C54F0E7BB}.Ad-Hoc|x86.ActiveCfg = Debug|iPhoneSimulator
		{E20D9290-DDCF-4779-9121-509C54F0E7BB}.Ad-Hoc|x86.Build.0 = Debug|iPhoneSimulator
		{E20D9290-DDCF-4779-9121-509C54F0E7BB}.AppStore|Any CPU.ActiveCfg = Debug|iPhoneSimulator
		{E20D9290-DDCF-4779-9121-509C54F0E7BB}.AppStore|Any CPU.Build.0 = Debug|iPhoneSimulator
		{E20D9290-DDCF-4779-9121-509C54F0E7BB}.AppStore|ARM.ActiveCfg = Debug|iPhoneSimulator
		{E20D9290-DDCF-4779-9121-509C54F0E7BB}.AppStore|ARM.Build.0 = Debug|iPhoneSimulator
		{E20D9290-DDCF-4779-9121-509C54F0E7BB}.AppStore|iPhone.ActiveCfg = AppStore|iPhone
		{E20D9290-DDCF-4779-9121-509C54F0E7BB}.AppStore|iPhone.Build.0 = AppStore|iPhone
		{E20D9290-DDCF-4779-9121-509C54F0E7BB}.AppStore|iPhoneSimulator.ActiveCfg = Debug|iPhoneSimulator
		{E20D9290-DDCF-4779-9121-509C54F0E7BB}.AppStore|iPhoneSimulator.Build.0 = Debug|iPhoneSimulator
		{E20D9290-DDCF-4779-9121-509C54F0E7BB}.AppStore|Mixed Platforms.ActiveCfg = Debug|iPhoneSimulator
		{E20D9290-DDCF-4779-9121-509C54F0E7BB}.AppStore|Mixed Platforms.Build.0 = Debug|iPhoneSimulator
		{E20D9290-DDCF-4779-9121-509C54F0E7BB}.AppStore|x64.ActiveCfg = Debug|iPhoneSimulator
		{E20D9290-DDCF-4779-9121-509C54F0E7BB}.AppStore|x64.Build.0 = Debug|iPhoneSimulator
		{E20D9290-DDCF-4779-9121-509C54F0E7BB}.AppStore|x86.ActiveCfg = Debug|iPhoneSimulator
		{E20D9290-DDCF-4779-9121-509C54F0E7BB}.AppStore|x86.Build.0 = Debug|iPhoneSimulator
		{E20D9290-DDCF-4779-9121-509C54F0E7BB}.Debug|Any CPU.ActiveCfg = Debug|iPhoneSimulator
		{E20D9290-DDCF-4779-9121-509C54F0E7BB}.Debug|Any CPU.Build.0 = Debug|iPhoneSimulator
		{E20D9290-DDCF-4779-9121-509C54F0E7BB}.Debug|ARM.ActiveCfg = Debug|iPhoneSimulator
		{E20D9290-DDCF-4779-9121-509C54F0E7BB}.Debug|ARM.Build.0 = Debug|iPhoneSimulator
		{E20D9290-DDCF-4779-9121-509C54F0E7BB}.Debug|iPhone.ActiveCfg = Debug|iPhone
		{E20D9290-DDCF-4779-9121-509C54F0E7BB}.Debug|iPhone.Build.0 = Debug|iPhone
		{E20D9290-DDCF-4779-9121-509C54F0E7BB}.Debug|iPhoneSimulator.ActiveCfg = Debug|iPhoneSimulator
		{E20D9290-DDCF-4779-9121-509C54F0E7BB}.Debug|iPhoneSimulator.Build.0 = Debug|iPhoneSimulator
		{E20D9290-DDCF-4779-9121-509C54F0E7BB}.Debug|Mixed Platforms.ActiveCfg = Debug|iPhoneSimulator
		{E20D9290-DDCF-4779-9121-509C54F0E7BB}.Debug|Mixed Platforms.Build.0 = Debug|iPhoneSimulator
		{E20D9290-DDCF-4779-9121-509C54F0E7BB}.Debug|x64.ActiveCfg = Debug|iPhoneSimulator
		{E20D9290-DDCF-4779-9121-509C54F0E7BB}.Debug|x64.Build.0 = Debug|iPhoneSimulator
		{E20D9290-DDCF-4779-9121-509C54F0E7BB}.Debug|x86.ActiveCfg = Debug|iPhoneSimulator
		{E20D9290-DDCF-4779-9121-509C54F0E7BB}.Debug|x86.Build.0 = Debug|iPhoneSimulator
		{E20D9290-DDCF-4779-9121-509C54F0E7BB}.Release|Any CPU.ActiveCfg = Debug|iPhoneSimulator
		{E20D9290-DDCF-4779-9121-509C54F0E7BB}.Release|Any CPU.Build.0 = Debug|iPhoneSimulator
		{E20D9290-DDCF-4779-9121-509C54F0E7BB}.Release|ARM.ActiveCfg = Debug|iPhoneSimulator
		{E20D9290-DDCF-4779-9121-509C54F0E7BB}.Release|ARM.Build.0 = Debug|iPhoneSimulator
		{E20D9290-DDCF-4779-9121-509C54F0E7BB}.Release|iPhone.ActiveCfg = Release|iPhone
		{E20D9290-DDCF-4779-9121-509C54F0E7BB}.Release|iPhone.Build.0 = Release|iPhone
		{E20D9290-DDCF-4779-9121-509C54F0E7BB}.Release|iPhoneSimulator.ActiveCfg = Release|iPhoneSimulator
		{E20D9290-DDCF-4779-9121-509C54F0E7BB}.Release|iPhoneSimulator.Build.0 = Release|iPhoneSimulator
		{E20D9290-DDCF-4779-9121-509C54F0E7BB}.Release|Mixed Platforms.ActiveCfg = Debug|iPhoneSimulator
		{E20D9290-DDCF-4779-9121-509C54F0E7BB}.Release|Mixed Platforms.Build.0 = Debug|iPhoneSimulator
		{E20D9290-DDCF-4779-9121-509C54F0E7BB}.Release|x64.ActiveCfg = Debug|iPhoneSimulator
		{E20D9290-DDCF-4779-9121-509C54F0E7BB}.Release|x64.Build.0 = Debug|iPhoneSimulator
		{E20D9290-DDCF-4779-9121-509C54F0E7BB}.Release|x86.ActiveCfg = Debug|iPhoneSimulator
		{E20D9290-DDCF-4779-9121-509C54F0E7BB}.Release|x86.Build.0 = Debug|iPhoneSimulator
	EndGlobalSection
	GlobalSection(MonoDevelopProperties) = preSolution
		StartupItem = Simple.OData.Client.Tests.iOS.csproj
	EndGlobalSection
	GlobalSection(SolutionProperties) = preSolution
		HideSolutionNode = FALSE
	EndGlobalSection
EndGlobal
