
Microsoft Visual Studio Solution File, Format Version 12.00
# Visual Studio 2012
Project("{2150E333-8FDC-42A3-9474-1A3956D46DE8}") = "Solution Items", "Solution Items", "{D1D23CCD-C556-480A-8817-6FD58817A0C8}"
	ProjectSection(SolutionItems) = preProject
		CommonAssemblyInfo.cs = CommonAssemblyInfo.cs
		CommonAssemblyVersion.cs = CommonAssemblyVersion.cs
		NugetPack.cmd = NugetPack.cmd
		NugetPackOData.cmd = NugetPackOData.cmd
		NugetPush.cmd = NugetPush.cmd
		NugetPushOData.cmd = NugetPushOData.cmd
	EndProjectSection
EndProject
Project("{2150E333-8FDC-42A3-9474-1A3956D46DE8}") = "Tests", "Tests", "{78D04AF9-B9B4-4025-93C6-B3DB01EDAAE9}"
EndProject
Project("{FAE04EC0-301F-11D3-BF4B-00C04F79EFBC}") = "Simple.OData.Client.Core", "..\Simple.OData.Client.Core\Simple.OData.Client.Core.csproj", "{361868B8-A63E-4C74-AA87-B70E1AB22313}"
EndProject
Project("{FAE04EC0-301F-11D3-BF4B-00C04F79EFBC}") = "Simple.OData.NorthwindModel", "..\Simple.OData.NorthwindModel\Simple.OData.NorthwindModel.csproj", "{2A909E4D-6493-4D36-9FDE-786B89F9A387}"
EndProject
Project("{FAE04EC0-301F-11D3-BF4B-00C04F79EFBC}") = "Simple.NExtLib.Tests.Net45", "..\Simple.NExtLib.Tests.Net45\Simple.NExtLib.Tests.Net45.csproj", "{1843DA63-85C9-4103-ADF4-5B6205603807}"
EndProject
Project("{FAE04EC0-301F-11D3-BF4B-00C04F79EFBC}") = "Simple.NExtLib.TestUtils.Net40", "..\Simple.NExtLib.TestUtils.Net40\Simple.NExtLib.TestUtils.Net40.csproj", "{072F8BE4-81C1-4276-A9A5-1AEC87A84265}"
EndProject
Project("{FAE04EC0-301F-11D3-BF4B-00C04F79EFBC}") = "Simple.OData.Client.Tests.Net45", "..\Simple.OData.Client.Tests.Net45\Simple.OData.Client.Tests.Net45.csproj", "{95B3E5A3-BE4F-4EBD-AF3D-599AE5FD1B43}"
EndProject
Project("{FAE04EC0-301F-11D3-BF4B-00C04F79EFBC}") = "Simple.OData.TestUtils.Net40", "..\Simple.OData.TestUtils.Net40\Simple.OData.TestUtils.Net40.csproj", "{858775EA-ECF6-458E-AD96-CF67CF730395}"
EndProject
Project("{FAE04EC0-301F-11D3-BF4B-00C04F79EFBC}") = "Simple.NExtLib.Core", "..\Simple.NExtLib.Core\Simple.NExtLib.Core.csproj", "{37CB8D2A-2EB8-4E91-99CA-1BA1B93E178B}"
EndProject
Global
	GlobalSection(SolutionConfigurationPlatforms) = preSolution
		Debug|Any CPU = Debug|Any CPU
		Debug|ARM = Debug|ARM
		Debug|Mixed Platforms = Debug|Mixed Platforms
		Debug|x64 = Debug|x64
		Debug|x86 = Debug|x86
		Release|Any CPU = Release|Any CPU
		Release|ARM = Release|ARM
		Release|Mixed Platforms = Release|Mixed Platforms
		Release|x64 = Release|x64
		Release|x86 = Release|x86
	EndGlobalSection
	GlobalSection(ProjectConfigurationPlatforms) = postSolution
		{361868B8-A63E-4C74-AA87-B70E1AB22313}.Debug|Any CPU.ActiveCfg = Debug|Any CPU
		{361868B8-A63E-4C74-AA87-B70E1AB22313}.Debug|Any CPU.Build.0 = Debug|Any CPU
		{361868B8-A63E-4C74-AA87-B70E1AB22313}.Debug|ARM.ActiveCfg = Debug|Any CPU
		{361868B8-A63E-4C74-AA87-B70E1AB22313}.Debug|Mixed Platforms.ActiveCfg = Debug|Any CPU
		{361868B8-A63E-4C74-AA87-B70E1AB22313}.Debug|Mixed Platforms.Build.0 = Debug|Any CPU
		{361868B8-A63E-4C74-AA87-B70E1AB22313}.Debug|x64.ActiveCfg = Debug|Any CPU
		{361868B8-A63E-4C74-AA87-B70E1AB22313}.Debug|x86.ActiveCfg = Debug|Any CPU
		{361868B8-A63E-4C74-AA87-B70E1AB22313}.Release|Any CPU.ActiveCfg = Release|Any CPU
		{361868B8-A63E-4C74-AA87-B70E1AB22313}.Release|Any CPU.Build.0 = Release|Any CPU
		{361868B8-A63E-4C74-AA87-B70E1AB22313}.Release|ARM.ActiveCfg = Release|Any CPU
		{361868B8-A63E-4C74-AA87-B70E1AB22313}.Release|Mixed Platforms.ActiveCfg = Release|Any CPU
		{361868B8-A63E-4C74-AA87-B70E1AB22313}.Release|Mixed Platforms.Build.0 = Release|Any CPU
		{361868B8-A63E-4C74-AA87-B70E1AB22313}.Release|x64.ActiveCfg = Release|Any CPU
		{361868B8-A63E-4C74-AA87-B70E1AB22313}.Release|x86.ActiveCfg = Release|Any CPU
		{2A909E4D-6493-4D36-9FDE-786B89F9A387}.Debug|Any CPU.ActiveCfg = Debug|Any CPU
		{2A909E4D-6493-4D36-9FDE-786B89F9A387}.Debug|Any CPU.Build.0 = Debug|Any CPU
		{2A909E4D-6493-4D36-9FDE-786B89F9A387}.Debug|ARM.ActiveCfg = Debug|Any CPU
		{2A909E4D-6493-4D36-9FDE-786B89F9A387}.Debug|Mixed Platforms.ActiveCfg = Debug|Any CPU
		{2A909E4D-6493-4D36-9FDE-786B89F9A387}.Debug|Mixed Platforms.Build.0 = Debug|Any CPU
		{2A909E4D-6493-4D36-9FDE-786B89F9A387}.Debug|x64.ActiveCfg = Debug|Any CPU
		{2A909E4D-6493-4D36-9FDE-786B89F9A387}.Debug|x86.ActiveCfg = Debug|Any CPU
		{2A909E4D-6493-4D36-9FDE-786B89F9A387}.Release|Any CPU.ActiveCfg = Release|Any CPU
		{2A909E4D-6493-4D36-9FDE-786B89F9A387}.Release|Any CPU.Build.0 = Release|Any CPU
		{2A909E4D-6493-4D36-9FDE-786B89F9A387}.Release|ARM.ActiveCfg = Release|Any CPU
		{2A909E4D-6493-4D36-9FDE-786B89F9A387}.Release|Mixed Platforms.ActiveCfg = Release|Any CPU
		{2A909E4D-6493-4D36-9FDE-786B89F9A387}.Release|Mixed Platforms.Build.0 = Release|Any CPU
		{2A909E4D-6493-4D36-9FDE-786B89F9A387}.Release|x64.ActiveCfg = Release|Any CPU
		{2A909E4D-6493-4D36-9FDE-786B89F9A387}.Release|x86.ActiveCfg = Release|Any CPU
		{1843DA63-85C9-4103-ADF4-5B6205603807}.Debug|Any CPU.ActiveCfg = Debug|Any CPU
		{1843DA63-85C9-4103-ADF4-5B6205603807}.Debug|Any CPU.Build.0 = Debug|Any CPU
		{1843DA63-85C9-4103-ADF4-5B6205603807}.Debug|ARM.ActiveCfg = Debug|Any CPU
		{1843DA63-85C9-4103-ADF4-5B6205603807}.Debug|Mixed Platforms.ActiveCfg = Debug|Any CPU
		{1843DA63-85C9-4103-ADF4-5B6205603807}.Debug|Mixed Platforms.Build.0 = Debug|Any CPU
		{1843DA63-85C9-4103-ADF4-5B6205603807}.Debug|x64.ActiveCfg = Debug|Any CPU
		{1843DA63-85C9-4103-ADF4-5B6205603807}.Debug|x86.ActiveCfg = Debug|Any CPU
		{1843DA63-85C9-4103-ADF4-5B6205603807}.Release|Any CPU.ActiveCfg = Release|Any CPU
		{1843DA63-85C9-4103-ADF4-5B6205603807}.Release|Any CPU.Build.0 = Release|Any CPU
		{1843DA63-85C9-4103-ADF4-5B6205603807}.Release|ARM.ActiveCfg = Release|Any CPU
		{1843DA63-85C9-4103-ADF4-5B6205603807}.Release|Mixed Platforms.ActiveCfg = Release|Any CPU
		{1843DA63-85C9-4103-ADF4-5B6205603807}.Release|Mixed Platforms.Build.0 = Release|Any CPU
		{1843DA63-85C9-4103-ADF4-5B6205603807}.Release|x64.ActiveCfg = Release|Any CPU
		{1843DA63-85C9-4103-ADF4-5B6205603807}.Release|x86.ActiveCfg = Release|Any CPU
		{072F8BE4-81C1-4276-A9A5-1AEC87A84265}.Debug|Any CPU.ActiveCfg = Debug|Any CPU
		{072F8BE4-81C1-4276-A9A5-1AEC87A84265}.Debug|Any CPU.Build.0 = Debug|Any CPU
		{072F8BE4-81C1-4276-A9A5-1AEC87A84265}.Debug|ARM.ActiveCfg = Debug|Any CPU
		{072F8BE4-81C1-4276-A9A5-1AEC87A84265}.Debug|Mixed Platforms.ActiveCfg = Debug|Any CPU
		{072F8BE4-81C1-4276-A9A5-1AEC87A84265}.Debug|Mixed Platforms.Build.0 = Debug|Any CPU
		{072F8BE4-81C1-4276-A9A5-1AEC87A84265}.Debug|x64.ActiveCfg = Debug|Any CPU
		{072F8BE4-81C1-4276-A9A5-1AEC87A84265}.Debug|x86.ActiveCfg = Debug|Any CPU
		{072F8BE4-81C1-4276-A9A5-1AEC87A84265}.Release|Any CPU.ActiveCfg = Release|Any CPU
		{072F8BE4-81C1-4276-A9A5-1AEC87A84265}.Release|Any CPU.Build.0 = Release|Any CPU
		{072F8BE4-81C1-4276-A9A5-1AEC87A84265}.Release|ARM.ActiveCfg = Release|Any CPU
		{072F8BE4-81C1-4276-A9A5-1AEC87A84265}.Release|Mixed Platforms.ActiveCfg = Release|Any CPU
		{072F8BE4-81C1-4276-A9A5-1AEC87A84265}.Release|Mixed Platforms.Build.0 = Release|Any CPU
		{072F8BE4-81C1-4276-A9A5-1AEC87A84265}.Release|x64.ActiveCfg = Release|Any CPU
		{072F8BE4-81C1-4276-A9A5-1AEC87A84265}.Release|x86.ActiveCfg = Release|Any CPU
		{95B3E5A3-BE4F-4EBD-AF3D-599AE5FD1B43}.Debug|Any CPU.ActiveCfg = Debug|Any CPU
		{95B3E5A3-BE4F-4EBD-AF3D-599AE5FD1B43}.Debug|Any CPU.Build.0 = Debug|Any CPU
		{95B3E5A3-BE4F-4EBD-AF3D-599AE5FD1B43}.Debug|ARM.ActiveCfg = Debug|Any CPU
		{95B3E5A3-BE4F-4EBD-AF3D-599AE5FD1B43}.Debug|Mixed Platforms.ActiveCfg = Debug|Any CPU
		{95B3E5A3-BE4F-4EBD-AF3D-599AE5FD1B43}.Debug|Mixed Platforms.Build.0 = Debug|Any CPU
		{95B3E5A3-BE4F-4EBD-AF3D-599AE5FD1B43}.Debug|x64.ActiveCfg = Debug|Any CPU
		{95B3E5A3-BE4F-4EBD-AF3D-599AE5FD1B43}.Debug|x86.ActiveCfg = Debug|Any CPU
		{95B3E5A3-BE4F-4EBD-AF3D-599AE5FD1B43}.Release|Any CPU.ActiveCfg = Release|Any CPU
		{95B3E5A3-BE4F-4EBD-AF3D-599AE5FD1B43}.Release|Any CPU.Build.0 = Release|Any CPU
		{95B3E5A3-BE4F-4EBD-AF3D-599AE5FD1B43}.Release|ARM.ActiveCfg = Release|Any CPU
		{95B3E5A3-BE4F-4EBD-AF3D-599AE5FD1B43}.Release|Mixed Platforms.ActiveCfg = Release|Any CPU
		{95B3E5A3-BE4F-4EBD-AF3D-599AE5FD1B43}.Release|Mixed Platforms.Build.0 = Release|Any CPU
		{95B3E5A3-BE4F-4EBD-AF3D-599AE5FD1B43}.Release|x64.ActiveCfg = Release|Any CPU
		{95B3E5A3-BE4F-4EBD-AF3D-599AE5FD1B43}.Release|x86.ActiveCfg = Release|Any CPU
		{858775EA-ECF6-458E-AD96-CF67CF730395}.Debug|Any CPU.ActiveCfg = Debug|Any CPU
		{858775EA-ECF6-458E-AD96-CF67CF730395}.Debug|Any CPU.Build.0 = Debug|Any CPU
		{858775EA-ECF6-458E-AD96-CF67CF730395}.Debug|ARM.ActiveCfg = Debug|Any CPU
		{858775EA-ECF6-458E-AD96-CF67CF730395}.Debug|Mixed Platforms.ActiveCfg = Debug|Any CPU
		{858775EA-ECF6-458E-AD96-CF67CF730395}.Debug|Mixed Platforms.Build.0 = Debug|Any CPU
		{858775EA-ECF6-458E-AD96-CF67CF730395}.Debug|x64.ActiveCfg = Debug|Any CPU
		{858775EA-ECF6-458E-AD96-CF67CF730395}.Debug|x86.ActiveCfg = Debug|Any CPU
		{858775EA-ECF6-458E-AD96-CF67CF730395}.Release|Any CPU.ActiveCfg = Release|Any CPU
		{858775EA-ECF6-458E-AD96-CF67CF730395}.Release|Any CPU.Build.0 = Release|Any CPU
		{858775EA-ECF6-458E-AD96-CF67CF730395}.Release|ARM.ActiveCfg = Release|Any CPU
		{858775EA-ECF6-458E-AD96-CF67CF730395}.Release|Mixed Platforms.ActiveCfg = Release|Any CPU
		{858775EA-ECF6-458E-AD96-CF67CF730395}.Release|Mixed Platforms.Build.0 = Release|Any CPU
		{858775EA-ECF6-458E-AD96-CF67CF730395}.Release|x64.ActiveCfg = Release|Any CPU
		{858775EA-ECF6-458E-AD96-CF67CF730395}.Release|x86.ActiveCfg = Release|Any CPU
		{37CB8D2A-2EB8-4E91-99CA-1BA1B93E178B}.Debug|Any CPU.ActiveCfg = Debug|Any CPU
		{37CB8D2A-2EB8-4E91-99CA-1BA1B93E178B}.Debug|Any CPU.Build.0 = Debug|Any CPU
		{37CB8D2A-2EB8-4E91-99CA-1BA1B93E178B}.Debug|ARM.ActiveCfg = Debug|Any CPU
		{37CB8D2A-2EB8-4E91-99CA-1BA1B93E178B}.Debug|Mixed Platforms.ActiveCfg = Debug|Any CPU
		{37CB8D2A-2EB8-4E91-99CA-1BA1B93E178B}.Debug|Mixed Platforms.Build.0 = Debug|Any CPU
		{37CB8D2A-2EB8-4E91-99CA-1BA1B93E178B}.Debug|x64.ActiveCfg = Debug|Any CPU
		{37CB8D2A-2EB8-4E91-99CA-1BA1B93E178B}.Debug|x86.ActiveCfg = Debug|Any CPU
		{37CB8D2A-2EB8-4E91-99CA-1BA1B93E178B}.Release|Any CPU.ActiveCfg = Release|Any CPU
		{37CB8D2A-2EB8-4E91-99CA-1BA1B93E178B}.Release|Any CPU.Build.0 = Release|Any CPU
		{37CB8D2A-2EB8-4E91-99CA-1BA1B93E178B}.Release|ARM.ActiveCfg = Release|Any CPU
		{37CB8D2A-2EB8-4E91-99CA-1BA1B93E178B}.Release|Mixed Platforms.ActiveCfg = Release|Any CPU
		{37CB8D2A-2EB8-4E91-99CA-1BA1B93E178B}.Release|Mixed Platforms.Build.0 = Release|Any CPU
		{37CB8D2A-2EB8-4E91-99CA-1BA1B93E178B}.Release|x64.ActiveCfg = Release|Any CPU
		{37CB8D2A-2EB8-4E91-99CA-1BA1B93E178B}.Release|x86.ActiveCfg = Release|Any CPU
	EndGlobalSection
	GlobalSection(SolutionProperties) = preSolution
		HideSolutionNode = FALSE
	EndGlobalSection
	GlobalSection(NestedProjects) = preSolution
		{2A909E4D-6493-4D36-9FDE-786B89F9A387} = {78D04AF9-B9B4-4025-93C6-B3DB01EDAAE9}
		{1843DA63-85C9-4103-ADF4-5B6205603807} = {78D04AF9-B9B4-4025-93C6-B3DB01EDAAE9}
		{072F8BE4-81C1-4276-A9A5-1AEC87A84265} = {78D04AF9-B9B4-4025-93C6-B3DB01EDAAE9}
		{95B3E5A3-BE4F-4EBD-AF3D-599AE5FD1B43} = {78D04AF9-B9B4-4025-93C6-B3DB01EDAAE9}
		{858775EA-ECF6-458E-AD96-CF67CF730395} = {78D04AF9-B9B4-4025-93C6-B3DB01EDAAE9}
	EndGlobalSection
EndGlobal
