
Microsoft Visual Studio Solution File, Format Version 12.00
# Visual Studio 2012
Project("{2150E333-8FDC-42A3-9474-1A3956D46DE8}") = "Tests", "Tests", "{5642E512-6F5F-40C0-89D4-DF8351B2030A}"
EndProject
Project("{2150E333-8FDC-42A3-9474-1A3956D46DE8}") = "Solution Items", "Solution Items", "{39ABEA07-50FF-48E2-8CF7-B50D01F94167}"
	ProjectSection(SolutionItems) = preProject
		CommonAssemblyInfo.cs = CommonAssemblyInfo.cs
	EndProjectSection
EndProject
Project("{FAE04EC0-301F-11D3-BF4B-00C04F79EFBC}") = "Simple.NExtLib.Core", "..\Simple.NExtLib.Core\Simple.NExtLib.Core.csproj", "{37CB8D2A-2EB8-4E91-99CA-1BA1B93E178B}"
EndProject
Project("{FAE04EC0-301F-11D3-BF4B-00C04F79EFBC}") = "Simple.OData.Client.Core", "..\Simple.OData.Client.Core\Simple.OData.Client.Core.csproj", "{361868B8-A63E-4C74-AA87-B70E1AB22313}"
EndProject
Project("{FAE04EC0-301F-11D3-BF4B-00C04F79EFBC}") = "Simple.OData.NorthwindModel", "..\Simple.OData.NorthwindModel\Simple.OData.NorthwindModel.csproj", "{2A909E4D-6493-4D36-9FDE-786B89F9A387}"
EndProject
Project("{FAE04EC0-301F-11D3-BF4B-00C04F79EFBC}") = "Simple.OData.NorthwindService", "..\Simple.OData.NorthwindService\Simple.OData.NorthwindService.csproj", "{14436AD5-8995-406A-8468-F0B4DE53DFDB}"
EndProject
Project("{FAE04EC0-301F-11D3-BF4B-00C04F79EFBC}") = "Simple.NExtLib.Tests.WinRT", "..\Simple.NExtLib.Tests.WinRT\Simple.NExtLib.Tests.WinRT.csproj", "{9089B808-407F-46E3-B431-9BD20F9CB26D}"
EndProject
Project("{FAE04EC0-301F-11D3-BF4B-00C04F79EFBC}") = "Simple.NExtLib.TestUtils.WinRT", "..\Simple.NExtLib.TestUtils.WinRT\Simple.NExtLib.TestUtils.WinRT.csproj", "{84B7B800-0576-4FBD-B1D3-FB0332F9CA39}"
EndProject
Project("{FAE04EC0-301F-11D3-BF4B-00C04F79EFBC}") = "Simple.OData.Client.Tests.WinRT", "..\Simple.OData.Client.Tests.WinRT\Simple.OData.Client.Tests.WinRT.csproj", "{43156253-97E2-4D71-999C-37C3C172DE4B}"
EndProject
Project("{FAE04EC0-301F-11D3-BF4B-00C04F79EFBC}") = "Simple.NExtLib.WinRT", "..\Simple.NExtLib.WinRT\Simple.NExtLib.WinRT.csproj", "{BC986348-5913-4D56-A808-73F96A8AE289}"
EndProject
Global
	GlobalSection(SolutionConfigurationPlatforms) = preSolution
		Debug|Any CPU = Debug|Any CPU
		Debug|ARM = Debug|ARM
		Debug|x64 = Debug|x64
		Debug|x86 = Debug|x86
		Release|Any CPU = Release|Any CPU
		Release|ARM = Release|ARM
		Release|x64 = Release|x64
		Release|x86 = Release|x86
	EndGlobalSection
	GlobalSection(ProjectConfigurationPlatforms) = postSolution
		{37CB8D2A-2EB8-4E91-99CA-1BA1B93E178B}.Debug|Any CPU.ActiveCfg = Debug|Any CPU
		{37CB8D2A-2EB8-4E91-99CA-1BA1B93E178B}.Debug|Any CPU.Build.0 = Debug|Any CPU
		{37CB8D2A-2EB8-4E91-99CA-1BA1B93E178B}.Debug|ARM.ActiveCfg = Debug|Any CPU
		{37CB8D2A-2EB8-4E91-99CA-1BA1B93E178B}.Debug|x64.ActiveCfg = Debug|Any CPU
		{37CB8D2A-2EB8-4E91-99CA-1BA1B93E178B}.Debug|x86.ActiveCfg = Debug|Any CPU
		{37CB8D2A-2EB8-4E91-99CA-1BA1B93E178B}.Release|Any CPU.ActiveCfg = Release|Any CPU
		{37CB8D2A-2EB8-4E91-99CA-1BA1B93E178B}.Release|Any CPU.Build.0 = Release|Any CPU
		{37CB8D2A-2EB8-4E91-99CA-1BA1B93E178B}.Release|ARM.ActiveCfg = Release|Any CPU
		{37CB8D2A-2EB8-4E91-99CA-1BA1B93E178B}.Release|x64.ActiveCfg = Release|Any CPU
		{37CB8D2A-2EB8-4E91-99CA-1BA1B93E178B}.Release|x86.ActiveCfg = Release|Any CPU
		{361868B8-A63E-4C74-AA87-B70E1AB22313}.Debug|Any CPU.ActiveCfg = Debug|Any CPU
		{361868B8-A63E-4C74-AA87-B70E1AB22313}.Debug|Any CPU.Build.0 = Debug|Any CPU
		{361868B8-A63E-4C74-AA87-B70E1AB22313}.Debug|ARM.ActiveCfg = Debug|Any CPU
		{361868B8-A63E-4C74-AA87-B70E1AB22313}.Debug|x64.ActiveCfg = Debug|Any CPU
		{361868B8-A63E-4C74-AA87-B70E1AB22313}.Debug|x86.ActiveCfg = Debug|Any CPU
		{361868B8-A63E-4C74-AA87-B70E1AB22313}.Release|Any CPU.ActiveCfg = Release|Any CPU
		{361868B8-A63E-4C74-AA87-B70E1AB22313}.Release|Any CPU.Build.0 = Release|Any CPU
		{361868B8-A63E-4C74-AA87-B70E1AB22313}.Release|ARM.ActiveCfg = Release|Any CPU
		{361868B8-A63E-4C74-AA87-B70E1AB22313}.Release|x64.ActiveCfg = Release|Any CPU
		{361868B8-A63E-4C74-AA87-B70E1AB22313}.Release|x86.ActiveCfg = Release|Any CPU
		{2A909E4D-6493-4D36-9FDE-786B89F9A387}.Debug|Any CPU.ActiveCfg = Debug|Any CPU
		{2A909E4D-6493-4D36-9FDE-786B89F9A387}.Debug|Any CPU.Build.0 = Debug|Any CPU
		{2A909E4D-6493-4D36-9FDE-786B89F9A387}.Debug|ARM.ActiveCfg = Debug|Any CPU
		{2A909E4D-6493-4D36-9FDE-786B89F9A387}.Debug|x64.ActiveCfg = Debug|Any CPU
		{2A909E4D-6493-4D36-9FDE-786B89F9A387}.Debug|x86.ActiveCfg = Debug|Any CPU
		{2A909E4D-6493-4D36-9FDE-786B89F9A387}.Release|Any CPU.ActiveCfg = Release|Any CPU
		{2A909E4D-6493-4D36-9FDE-786B89F9A387}.Release|Any CPU.Build.0 = Release|Any CPU
		{2A909E4D-6493-4D36-9FDE-786B89F9A387}.Release|ARM.ActiveCfg = Release|Any CPU
		{2A909E4D-6493-4D36-9FDE-786B89F9A387}.Release|x64.ActiveCfg = Release|Any CPU
		{2A909E4D-6493-4D36-9FDE-786B89F9A387}.Release|x86.ActiveCfg = Release|Any CPU
		{14436AD5-8995-406A-8468-F0B4DE53DFDB}.Debug|Any CPU.ActiveCfg = Debug|Any CPU
		{14436AD5-8995-406A-8468-F0B4DE53DFDB}.Debug|Any CPU.Build.0 = Debug|Any CPU
		{14436AD5-8995-406A-8468-F0B4DE53DFDB}.Debug|ARM.ActiveCfg = Debug|Any CPU
		{14436AD5-8995-406A-8468-F0B4DE53DFDB}.Debug|x64.ActiveCfg = Debug|Any CPU
		{14436AD5-8995-406A-8468-F0B4DE53DFDB}.Debug|x86.ActiveCfg = Debug|Any CPU
		{14436AD5-8995-406A-8468-F0B4DE53DFDB}.Release|Any CPU.ActiveCfg = Release|Any CPU
		{14436AD5-8995-406A-8468-F0B4DE53DFDB}.Release|Any CPU.Build.0 = Release|Any CPU
		{14436AD5-8995-406A-8468-F0B4DE53DFDB}.Release|ARM.ActiveCfg = Release|Any CPU
		{14436AD5-8995-406A-8468-F0B4DE53DFDB}.Release|x64.ActiveCfg = Release|Any CPU
		{14436AD5-8995-406A-8468-F0B4DE53DFDB}.Release|x86.ActiveCfg = Release|Any CPU
		{9089B808-407F-46E3-B431-9BD20F9CB26D}.Debug|Any CPU.ActiveCfg = Debug|Any CPU
		{9089B808-407F-46E3-B431-9BD20F9CB26D}.Debug|Any CPU.Build.0 = Debug|Any CPU
		{9089B808-407F-46E3-B431-9BD20F9CB26D}.Debug|Any CPU.Deploy.0 = Debug|Any CPU
		{9089B808-407F-46E3-B431-9BD20F9CB26D}.Debug|ARM.ActiveCfg = Debug|ARM
		{9089B808-407F-46E3-B431-9BD20F9CB26D}.Debug|ARM.Build.0 = Debug|ARM
		{9089B808-407F-46E3-B431-9BD20F9CB26D}.Debug|ARM.Deploy.0 = Debug|ARM
		{9089B808-407F-46E3-B431-9BD20F9CB26D}.Debug|x64.ActiveCfg = Debug|x64
		{9089B808-407F-46E3-B431-9BD20F9CB26D}.Debug|x64.Build.0 = Debug|x64
		{9089B808-407F-46E3-B431-9BD20F9CB26D}.Debug|x64.Deploy.0 = Debug|x64
		{9089B808-407F-46E3-B431-9BD20F9CB26D}.Debug|x86.ActiveCfg = Debug|x86
		{9089B808-407F-46E3-B431-9BD20F9CB26D}.Debug|x86.Build.0 = Debug|x86
		{9089B808-407F-46E3-B431-9BD20F9CB26D}.Debug|x86.Deploy.0 = Debug|x86
		{9089B808-407F-46E3-B431-9BD20F9CB26D}.Release|Any CPU.ActiveCfg = Release|Any CPU
		{9089B808-407F-46E3-B431-9BD20F9CB26D}.Release|Any CPU.Build.0 = Release|Any CPU
		{9089B808-407F-46E3-B431-9BD20F9CB26D}.Release|Any CPU.Deploy.0 = Release|Any CPU
		{9089B808-407F-46E3-B431-9BD20F9CB26D}.Release|ARM.ActiveCfg = Release|ARM
		{9089B808-407F-46E3-B431-9BD20F9CB26D}.Release|ARM.Build.0 = Release|ARM
		{9089B808-407F-46E3-B431-9BD20F9CB26D}.Release|ARM.Deploy.0 = Release|ARM
		{9089B808-407F-46E3-B431-9BD20F9CB26D}.Release|x64.ActiveCfg = Release|x64
		{9089B808-407F-46E3-B431-9BD20F9CB26D}.Release|x64.Build.0 = Release|x64
		{9089B808-407F-46E3-B431-9BD20F9CB26D}.Release|x64.Deploy.0 = Release|x64
		{9089B808-407F-46E3-B431-9BD20F9CB26D}.Release|x86.ActiveCfg = Release|x86
		{9089B808-407F-46E3-B431-9BD20F9CB26D}.Release|x86.Build.0 = Release|x86
		{9089B808-407F-46E3-B431-9BD20F9CB26D}.Release|x86.Deploy.0 = Release|x86
		{84B7B800-0576-4FBD-B1D3-FB0332F9CA39}.Debug|Any CPU.ActiveCfg = Debug|Any CPU
		{84B7B800-0576-4FBD-B1D3-FB0332F9CA39}.Debug|Any CPU.Build.0 = Debug|Any CPU
		{84B7B800-0576-4FBD-B1D3-FB0332F9CA39}.Debug|Any CPU.Deploy.0 = Debug|Any CPU
		{84B7B800-0576-4FBD-B1D3-FB0332F9CA39}.Debug|ARM.ActiveCfg = Debug|ARM
		{84B7B800-0576-4FBD-B1D3-FB0332F9CA39}.Debug|ARM.Build.0 = Debug|ARM
		{84B7B800-0576-4FBD-B1D3-FB0332F9CA39}.Debug|ARM.Deploy.0 = Debug|ARM
		{84B7B800-0576-4FBD-B1D3-FB0332F9CA39}.Debug|x64.ActiveCfg = Debug|x64
		{84B7B800-0576-4FBD-B1D3-FB0332F9CA39}.Debug|x64.Build.0 = Debug|x64
		{84B7B800-0576-4FBD-B1D3-FB0332F9CA39}.Debug|x64.Deploy.0 = Debug|x64
		{84B7B800-0576-4FBD-B1D3-FB0332F9CA39}.Debug|x86.ActiveCfg = Debug|x86
		{84B7B800-0576-4FBD-B1D3-FB0332F9CA39}.Debug|x86.Build.0 = Debug|x86
		{84B7B800-0576-4FBD-B1D3-FB0332F9CA39}.Debug|x86.Deploy.0 = Debug|x86
		{84B7B800-0576-4FBD-B1D3-FB0332F9CA39}.Release|Any CPU.ActiveCfg = Release|Any CPU
		{84B7B800-0576-4FBD-B1D3-FB0332F9CA39}.Release|Any CPU.Build.0 = Release|Any CPU
		{84B7B800-0576-4FBD-B1D3-FB0332F9CA39}.Release|Any CPU.Deploy.0 = Release|Any CPU
		{84B7B800-0576-4FBD-B1D3-FB0332F9CA39}.Release|ARM.ActiveCfg = Release|ARM
		{84B7B800-0576-4FBD-B1D3-FB0332F9CA39}.Release|ARM.Build.0 = Release|ARM
		{84B7B800-0576-4FBD-B1D3-FB0332F9CA39}.Release|ARM.Deploy.0 = Release|ARM
		{84B7B800-0576-4FBD-B1D3-FB0332F9CA39}.Release|x64.ActiveCfg = Release|x64
		{84B7B800-0576-4FBD-B1D3-FB0332F9CA39}.Release|x64.Build.0 = Release|x64
		{84B7B800-0576-4FBD-B1D3-FB0332F9CA39}.Release|x64.Deploy.0 = Release|x64
		{84B7B800-0576-4FBD-B1D3-FB0332F9CA39}.Release|x86.ActiveCfg = Release|x86
		{84B7B800-0576-4FBD-B1D3-FB0332F9CA39}.Release|x86.Build.0 = Release|x86
		{84B7B800-0576-4FBD-B1D3-FB0332F9CA39}.Release|x86.Deploy.0 = Release|x86
		{43156253-97E2-4D71-999C-37C3C172DE4B}.Debug|Any CPU.ActiveCfg = Debug|Any CPU
		{43156253-97E2-4D71-999C-37C3C172DE4B}.Debug|Any CPU.Build.0 = Debug|Any CPU
		{43156253-97E2-4D71-999C-37C3C172DE4B}.Debug|Any CPU.Deploy.0 = Debug|Any CPU
		{43156253-97E2-4D71-999C-37C3C172DE4B}.Debug|ARM.ActiveCfg = Debug|ARM
		{43156253-97E2-4D71-999C-37C3C172DE4B}.Debug|ARM.Build.0 = Debug|ARM
		{43156253-97E2-4D71-999C-37C3C172DE4B}.Debug|ARM.Deploy.0 = Debug|ARM
		{43156253-97E2-4D71-999C-37C3C172DE4B}.Debug|x64.ActiveCfg = Debug|x64
		{43156253-97E2-4D71-999C-37C3C172DE4B}.Debug|x64.Build.0 = Debug|x64
		{43156253-97E2-4D71-999C-37C3C172DE4B}.Debug|x64.Deploy.0 = Debug|x64
		{43156253-97E2-4D71-999C-37C3C172DE4B}.Debug|x86.ActiveCfg = Debug|x86
		{43156253-97E2-4D71-999C-37C3C172DE4B}.Debug|x86.Build.0 = Debug|x86
		{43156253-97E2-4D71-999C-37C3C172DE4B}.Debug|x86.Deploy.0 = Debug|x86
		{43156253-97E2-4D71-999C-37C3C172DE4B}.Release|Any CPU.ActiveCfg = Release|Any CPU
		{43156253-97E2-4D71-999C-37C3C172DE4B}.Release|Any CPU.Build.0 = Release|Any CPU
		{43156253-97E2-4D71-999C-37C3C172DE4B}.Release|Any CPU.Deploy.0 = Release|Any CPU
		{43156253-97E2-4D71-999C-37C3C172DE4B}.Release|ARM.ActiveCfg = Release|ARM
		{43156253-97E2-4D71-999C-37C3C172DE4B}.Release|ARM.Build.0 = Release|ARM
		{43156253-97E2-4D71-999C-37C3C172DE4B}.Release|ARM.Deploy.0 = Release|ARM
		{43156253-97E2-4D71-999C-37C3C172DE4B}.Release|x64.ActiveCfg = Release|x64
		{43156253-97E2-4D71-999C-37C3C172DE4B}.Release|x64.Build.0 = Release|x64
		{43156253-97E2-4D71-999C-37C3C172DE4B}.Release|x64.Deploy.0 = Release|x64
		{43156253-97E2-4D71-999C-37C3C172DE4B}.Release|x86.ActiveCfg = Release|x86
		{43156253-97E2-4D71-999C-37C3C172DE4B}.Release|x86.Build.0 = Release|x86
		{43156253-97E2-4D71-999C-37C3C172DE4B}.Release|x86.Deploy.0 = Release|x86
		{BC986348-5913-4D56-A808-73F96A8AE289}.Debug|Any CPU.ActiveCfg = Debug|Any CPU
		{BC986348-5913-4D56-A808-73F96A8AE289}.Debug|Any CPU.Build.0 = Debug|Any CPU
		{BC986348-5913-4D56-A808-73F96A8AE289}.Debug|ARM.ActiveCfg = Debug|ARM
		{BC986348-5913-4D56-A808-73F96A8AE289}.Debug|ARM.Build.0 = Debug|ARM
		{BC986348-5913-4D56-A808-73F96A8AE289}.Debug|x64.ActiveCfg = Debug|x64
		{BC986348-5913-4D56-A808-73F96A8AE289}.Debug|x64.Build.0 = Debug|x64
		{BC986348-5913-4D56-A808-73F96A8AE289}.Debug|x86.ActiveCfg = Debug|x86
		{BC986348-5913-4D56-A808-73F96A8AE289}.Debug|x86.Build.0 = Debug|x86
		{BC986348-5913-4D56-A808-73F96A8AE289}.Release|Any CPU.ActiveCfg = Release|Any CPU
		{BC986348-5913-4D56-A808-73F96A8AE289}.Release|Any CPU.Build.0 = Release|Any CPU
		{BC986348-5913-4D56-A808-73F96A8AE289}.Release|ARM.ActiveCfg = Release|ARM
		{BC986348-5913-4D56-A808-73F96A8AE289}.Release|ARM.Build.0 = Release|ARM
		{BC986348-5913-4D56-A808-73F96A8AE289}.Release|x64.ActiveCfg = Release|x64
		{BC986348-5913-4D56-A808-73F96A8AE289}.Release|x64.Build.0 = Release|x64
		{BC986348-5913-4D56-A808-73F96A8AE289}.Release|x86.ActiveCfg = Release|x86
		{BC986348-5913-4D56-A808-73F96A8AE289}.Release|x86.Build.0 = Release|x86
	EndGlobalSection
	GlobalSection(SolutionProperties) = preSolution
		HideSolutionNode = FALSE
	EndGlobalSection
	GlobalSection(NestedProjects) = preSolution
		{2A909E4D-6493-4D36-9FDE-786B89F9A387} = {5642E512-6F5F-40C0-89D4-DF8351B2030A}
		{14436AD5-8995-406A-8468-F0B4DE53DFDB} = {5642E512-6F5F-40C0-89D4-DF8351B2030A}
		{9089B808-407F-46E3-B431-9BD20F9CB26D} = {5642E512-6F5F-40C0-89D4-DF8351B2030A}
		{84B7B800-0576-4FBD-B1D3-FB0332F9CA39} = {5642E512-6F5F-40C0-89D4-DF8351B2030A}
		{43156253-97E2-4D71-999C-37C3C172DE4B} = {5642E512-6F5F-40C0-89D4-DF8351B2030A}
		{BC986348-5913-4D56-A808-73F96A8AE289} = {5642E512-6F5F-40C0-89D4-DF8351B2030A}
	EndGlobalSection
EndGlobal
