
Microsoft Visual Studio Solution File, Format Version 12.00
# Visual Studio 14
VisualStudioVersion = 14.0.25420.1
MinimumVisualStudioVersion = 10.0.40219.1
Project("{2150E333-8FDC-42A3-9474-1A3956D46DE8}") = "Solution Items", "Solution Items", "{D1D23CCD-C556-480A-8817-6FD58817A0C8}"
	ProjectSection(SolutionItems) = preProject
		..\CommonAssemblyInfo.cs = ..\CommonAssemblyInfo.cs
		..\CommonAssemblyVersion.cs = ..\CommonAssemblyVersion.cs
		..\NugetPack.cmd = ..\NugetPack.cmd
		..\NugetPush.cmd = ..\NugetPush.cmd
		..\Simple.OData.Client.nuspec = ..\Simple.OData.Client.nuspec
		..\Simple.OData.V3.Client.nuspec = ..\Simple.OData.V3.Client.nuspec
		..\Simple.OData.V4.Client.nuspec = ..\Simple.OData.V4.Client.nuspec
	EndProjectSection
EndProject
Project("{2150E333-8FDC-42A3-9474-1A3956D46DE8}") = "Tests", "Tests", "{78D04AF9-B9B4-4025-93C6-B3DB01EDAAE9}"
EndProject
Project("{FAE04EC0-301F-11D3-BF4B-00C04F79EFBC}") = "Simple.OData.Client.Net40", "..\Simple.OData.Client.Net40\Simple.OData.Client.Net40.csproj", "{C20A3959-4895-41F8-86E2-7DED294FD904}"
EndProject
Project("{FAE04EC0-301F-11D3-BF4B-00C04F79EFBC}") = "Simple.OData.NorthwindModel", "..\Simple.OData.NorthwindModel\Simple.OData.NorthwindModel.csproj", "{2A909E4D-6493-4D36-9FDE-786B89F9A387}"
EndProject
Project("{FAE04EC0-301F-11D3-BF4B-00C04F79EFBC}") = "Simple.OData.Client.TestUtils.Net40", "..\Simple.OData.Client.TestUtils.Net40\Simple.OData.Client.TestUtils.Net40.csproj", "{072F8BE4-81C1-4276-A9A5-1AEC87A84265}"
EndProject
Project("{FAE04EC0-301F-11D3-BF4B-00C04F79EFBC}") = "Simple.OData.Client.Tests.Net40", "..\Simple.OData.Client.Tests.Net40\Simple.OData.Client.Tests.Net40.csproj", "{898FFD08-B7FC-45FE-A6DD-5AE9C2280D28}"
EndProject
Project("{FAE04EC0-301F-11D3-BF4B-00C04F79EFBC}") = "Simple.OData.Client.Core", "..\Simple.OData.Client.Core\Simple.OData.Client.Core.csproj", "{361868B8-A63E-4C74-AA87-B70E1AB22313}"
EndProject
Project("{FAE04EC0-301F-11D3-BF4B-00C04F79EFBC}") = "Simple.OData.Client.Tests.Net45", "..\Simple.OData.Client.Tests.Net45\Simple.OData.Client.Tests.Net45.csproj", "{95B3E5A3-BE4F-4EBD-AF3D-599AE5FD1B43}"
EndProject
Project("{FAE04EC0-301F-11D3-BF4B-00C04F79EFBC}") = "Simple.OData.NorthwindService", "..\Simple.OData.NorthwindService\Simple.OData.NorthwindService.csproj", "{14436AD5-8995-406A-8468-F0B4DE53DFDB}"
EndProject
Project("{FAE04EC0-301F-11D3-BF4B-00C04F79EFBC}") = "Simple.OData.Client.Tests.Droid", "..\Simple.OData.Client.Tests.Droid\Simple.OData.Client.Tests.Droid.csproj", "{DED3C27A-2FB0-4E25-A201-A32CDF96E4BF}"
EndProject
Project("{FAE04EC0-301F-11D3-BF4B-00C04F79EFBC}") = "Simple.OData.Client.Tests.Touch", "..\Simple.OData.Client.Tests.Touch\Simple.OData.Client.Tests.Touch.csproj", "{E20D9290-DDCF-4779-9121-509C54F0E7BB}"
EndProject
Project("{FAE04EC0-301F-11D3-BF4B-00C04F79EFBC}") = "Simple.OData.Client.Tests.WP8", "..\Simple.OData.Client.Tests.WP8\Simple.OData.Client.Tests.WP8.csproj", "{12B0D705-AB89-4D7F-AB9D-75F5743F3956}"
EndProject
Project("{FAE04EC0-301F-11D3-BF4B-00C04F79EFBC}") = "Simple.OData.Client.Dynamic", "..\Simple.OData.Client.Dynamic\Simple.OData.Client.Dynamic.csproj", "{C025FB0F-452B-4795-B9A4-64C9E6ABBEEE}"
EndProject
Project("{FAE04EC0-301F-11D3-BF4B-00C04F79EFBC}") = "Simple.OData.Client.TestPcl", "..\Simple.OData.Client.TestPcl\Simple.OData.Client.TestPcl.csproj", "{27429D8F-FA57-43CA-A13A-B3DE6987EB76}"
EndProject
Project("{FAE04EC0-301F-11D3-BF4B-00C04F79EFBC}") = "Simple.OData.Client.V3.Adapter", "..\Simple.OData.Client.V3.Adapter\Simple.OData.Client.V3.Adapter.csproj", "{A08B2D3D-91A6-4ECD-B7AF-5977E840E383}"
EndProject
Project("{FAE04EC0-301F-11D3-BF4B-00C04F79EFBC}") = "Simple.OData.Client.V4.Adapter", "..\Simple.OData.Client.V4.Adapter\Simple.OData.Client.V4.Adapter.csproj", "{31D1CC1D-316E-4516-A2BD-F07423B394F6}"
EndProject
Project("{FAE04EC0-301F-11D3-BF4B-00C04F79EFBC}") = "Simple.OData.Client.IntegrationTests", "..\Simple.OData.Client.IntegrationTests\Simple.OData.Client.IntegrationTests.csproj", "{812D678E-B428-41A1-BC05-8160695AD186}"
EndProject
Global
	GlobalSection(SolutionConfigurationPlatforms) = preSolution
		Ad-Hoc|Any CPU = Ad-Hoc|Any CPU
		Ad-Hoc|ARM = Ad-Hoc|ARM
		Ad-Hoc|iPhone = Ad-Hoc|iPhone
		Ad-Hoc|iPhoneSimulator = Ad-Hoc|iPhoneSimulator
		Ad-Hoc|Mixed Platforms = Ad-Hoc|Mixed Platforms
		Ad-Hoc|x64 = Ad-Hoc|x64
		Ad-Hoc|x86 = Ad-Hoc|x86
		AppStore|Any CPU = AppStore|Any CPU
		AppStore|ARM = AppStore|ARM
		AppStore|iPhone = AppStore|iPhone
		AppStore|iPhoneSimulator = AppStore|iPhoneSimulator
		AppStore|Mixed Platforms = AppStore|Mixed Platforms
		AppStore|x64 = AppStore|x64
		AppStore|x86 = AppStore|x86
		Debug|Any CPU = Debug|Any CPU
		Debug|ARM = Debug|ARM
		Debug|iPhone = Debug|iPhone
		Debug|iPhoneSimulator = Debug|iPhoneSimulator
		Debug|Mixed Platforms = Debug|Mixed Platforms
		Debug|x64 = Debug|x64
		Debug|x86 = Debug|x86
		Release|Any CPU = Release|Any CPU
		Release|ARM = Release|ARM
		Release|iPhone = Release|iPhone
		Release|iPhoneSimulator = Release|iPhoneSimulator
		Release|Mixed Platforms = Release|Mixed Platforms
		Release|x64 = Release|x64
		Release|x86 = Release|x86
	EndGlobalSection
	GlobalSection(ProjectConfigurationPlatforms) = postSolution
		{C20A3959-4895-41F8-86E2-7DED294FD904}.Ad-Hoc|Any CPU.ActiveCfg = Release|Any CPU
		{C20A3959-4895-41F8-86E2-7DED294FD904}.Ad-Hoc|Any CPU.Build.0 = Release|Any CPU
		{C20A3959-4895-41F8-86E2-7DED294FD904}.Ad-Hoc|ARM.ActiveCfg = Release|Any CPU
		{C20A3959-4895-41F8-86E2-7DED294FD904}.Ad-Hoc|iPhone.ActiveCfg = Release|Any CPU
		{C20A3959-4895-41F8-86E2-7DED294FD904}.Ad-Hoc|iPhoneSimulator.ActiveCfg = Release|Any CPU
		{C20A3959-4895-41F8-86E2-7DED294FD904}.Ad-Hoc|Mixed Platforms.ActiveCfg = Release|Any CPU
		{C20A3959-4895-41F8-86E2-7DED294FD904}.Ad-Hoc|Mixed Platforms.Build.0 = Release|Any CPU
		{C20A3959-4895-41F8-86E2-7DED294FD904}.Ad-Hoc|x64.ActiveCfg = Release|Any CPU
		{C20A3959-4895-41F8-86E2-7DED294FD904}.Ad-Hoc|x86.ActiveCfg = Release|Any CPU
		{C20A3959-4895-41F8-86E2-7DED294FD904}.AppStore|Any CPU.ActiveCfg = Release|Any CPU
		{C20A3959-4895-41F8-86E2-7DED294FD904}.AppStore|Any CPU.Build.0 = Release|Any CPU
		{C20A3959-4895-41F8-86E2-7DED294FD904}.AppStore|ARM.ActiveCfg = Release|Any CPU
		{C20A3959-4895-41F8-86E2-7DED294FD904}.AppStore|iPhone.ActiveCfg = Release|Any CPU
		{C20A3959-4895-41F8-86E2-7DED294FD904}.AppStore|iPhoneSimulator.ActiveCfg = Release|Any CPU
		{C20A3959-4895-41F8-86E2-7DED294FD904}.AppStore|Mixed Platforms.ActiveCfg = Release|Any CPU
		{C20A3959-4895-41F8-86E2-7DED294FD904}.AppStore|Mixed Platforms.Build.0 = Release|Any CPU
		{C20A3959-4895-41F8-86E2-7DED294FD904}.AppStore|x64.ActiveCfg = Release|Any CPU
		{C20A3959-4895-41F8-86E2-7DED294FD904}.AppStore|x86.ActiveCfg = Release|Any CPU
		{C20A3959-4895-41F8-86E2-7DED294FD904}.Debug|Any CPU.ActiveCfg = Debug|Any CPU
		{C20A3959-4895-41F8-86E2-7DED294FD904}.Debug|Any CPU.Build.0 = Debug|Any CPU
		{C20A3959-4895-41F8-86E2-7DED294FD904}.Debug|ARM.ActiveCfg = Debug|Any CPU
		{C20A3959-4895-41F8-86E2-7DED294FD904}.Debug|iPhone.ActiveCfg = Debug|Any CPU
		{C20A3959-4895-41F8-86E2-7DED294FD904}.Debug|iPhoneSimulator.ActiveCfg = Debug|Any CPU
		{C20A3959-4895-41F8-86E2-7DED294FD904}.Debug|iPhoneSimulator.Build.0 = Debug|Any CPU
		{C20A3959-4895-41F8-86E2-7DED294FD904}.Debug|Mixed Platforms.ActiveCfg = Debug|Any CPU
		{C20A3959-4895-41F8-86E2-7DED294FD904}.Debug|Mixed Platforms.Build.0 = Debug|Any CPU
		{C20A3959-4895-41F8-86E2-7DED294FD904}.Debug|x64.ActiveCfg = Debug|Any CPU
		{C20A3959-4895-41F8-86E2-7DED294FD904}.Debug|x86.ActiveCfg = Debug|Any CPU
		{C20A3959-4895-41F8-86E2-7DED294FD904}.Release|Any CPU.ActiveCfg = Release|Any CPU
		{C20A3959-4895-41F8-86E2-7DED294FD904}.Release|Any CPU.Build.0 = Release|Any CPU
		{C20A3959-4895-41F8-86E2-7DED294FD904}.Release|ARM.ActiveCfg = Release|Any CPU
		{C20A3959-4895-41F8-86E2-7DED294FD904}.Release|iPhone.ActiveCfg = Release|Any CPU
		{C20A3959-4895-41F8-86E2-7DED294FD904}.Release|iPhoneSimulator.ActiveCfg = Release|Any CPU
		{C20A3959-4895-41F8-86E2-7DED294FD904}.Release|Mixed Platforms.ActiveCfg = Release|Any CPU
		{C20A3959-4895-41F8-86E2-7DED294FD904}.Release|Mixed Platforms.Build.0 = Release|Any CPU
		{C20A3959-4895-41F8-86E2-7DED294FD904}.Release|x64.ActiveCfg = Release|Any CPU
		{C20A3959-4895-41F8-86E2-7DED294FD904}.Release|x86.ActiveCfg = Release|Any CPU
		{2A909E4D-6493-4D36-9FDE-786B89F9A387}.Ad-Hoc|Any CPU.ActiveCfg = Release|Any CPU
		{2A909E4D-6493-4D36-9FDE-786B89F9A387}.Ad-Hoc|Any CPU.Build.0 = Release|Any CPU
		{2A909E4D-6493-4D36-9FDE-786B89F9A387}.Ad-Hoc|ARM.ActiveCfg = Release|Any CPU
		{2A909E4D-6493-4D36-9FDE-786B89F9A387}.Ad-Hoc|iPhone.ActiveCfg = Release|Any CPU
		{2A909E4D-6493-4D36-9FDE-786B89F9A387}.Ad-Hoc|iPhoneSimulator.ActiveCfg = Release|Any CPU
		{2A909E4D-6493-4D36-9FDE-786B89F9A387}.Ad-Hoc|Mixed Platforms.ActiveCfg = Release|Any CPU
		{2A909E4D-6493-4D36-9FDE-786B89F9A387}.Ad-Hoc|Mixed Platforms.Build.0 = Release|Any CPU
		{2A909E4D-6493-4D36-9FDE-786B89F9A387}.Ad-Hoc|x64.ActiveCfg = Release|Any CPU
		{2A909E4D-6493-4D36-9FDE-786B89F9A387}.Ad-Hoc|x86.ActiveCfg = Release|Any CPU
		{2A909E4D-6493-4D36-9FDE-786B89F9A387}.AppStore|Any CPU.ActiveCfg = Release|Any CPU
		{2A909E4D-6493-4D36-9FDE-786B89F9A387}.AppStore|Any CPU.Build.0 = Release|Any CPU
		{2A909E4D-6493-4D36-9FDE-786B89F9A387}.AppStore|ARM.ActiveCfg = Release|Any CPU
		{2A909E4D-6493-4D36-9FDE-786B89F9A387}.AppStore|iPhone.ActiveCfg = Release|Any CPU
		{2A909E4D-6493-4D36-9FDE-786B89F9A387}.AppStore|iPhoneSimulator.ActiveCfg = Release|Any CPU
		{2A909E4D-6493-4D36-9FDE-786B89F9A387}.AppStore|Mixed Platforms.ActiveCfg = Release|Any CPU
		{2A909E4D-6493-4D36-9FDE-786B89F9A387}.AppStore|Mixed Platforms.Build.0 = Release|Any CPU
		{2A909E4D-6493-4D36-9FDE-786B89F9A387}.AppStore|x64.ActiveCfg = Release|Any CPU
		{2A909E4D-6493-4D36-9FDE-786B89F9A387}.AppStore|x86.ActiveCfg = Release|Any CPU
		{2A909E4D-6493-4D36-9FDE-786B89F9A387}.Debug|Any CPU.ActiveCfg = Debug|Any CPU
		{2A909E4D-6493-4D36-9FDE-786B89F9A387}.Debug|Any CPU.Build.0 = Debug|Any CPU
		{2A909E4D-6493-4D36-9FDE-786B89F9A387}.Debug|ARM.ActiveCfg = Debug|Any CPU
		{2A909E4D-6493-4D36-9FDE-786B89F9A387}.Debug|iPhone.ActiveCfg = Debug|Any CPU
		{2A909E4D-6493-4D36-9FDE-786B89F9A387}.Debug|iPhoneSimulator.ActiveCfg = Debug|Any CPU
		{2A909E4D-6493-4D36-9FDE-786B89F9A387}.Debug|iPhoneSimulator.Build.0 = Debug|Any CPU
		{2A909E4D-6493-4D36-9FDE-786B89F9A387}.Debug|Mixed Platforms.ActiveCfg = Debug|Any CPU
		{2A909E4D-6493-4D36-9FDE-786B89F9A387}.Debug|Mixed Platforms.Build.0 = Debug|Any CPU
		{2A909E4D-6493-4D36-9FDE-786B89F9A387}.Debug|x64.ActiveCfg = Debug|Any CPU
		{2A909E4D-6493-4D36-9FDE-786B89F9A387}.Debug|x86.ActiveCfg = Debug|Any CPU
		{2A909E4D-6493-4D36-9FDE-786B89F9A387}.Release|Any CPU.ActiveCfg = Release|Any CPU
		{2A909E4D-6493-4D36-9FDE-786B89F9A387}.Release|Any CPU.Build.0 = Release|Any CPU
		{2A909E4D-6493-4D36-9FDE-786B89F9A387}.Release|ARM.ActiveCfg = Release|Any CPU
		{2A909E4D-6493-4D36-9FDE-786B89F9A387}.Release|iPhone.ActiveCfg = Release|Any CPU
		{2A909E4D-6493-4D36-9FDE-786B89F9A387}.Release|iPhoneSimulator.ActiveCfg = Release|Any CPU
		{2A909E4D-6493-4D36-9FDE-786B89F9A387}.Release|Mixed Platforms.ActiveCfg = Release|Any CPU
		{2A909E4D-6493-4D36-9FDE-786B89F9A387}.Release|Mixed Platforms.Build.0 = Release|Any CPU
		{2A909E4D-6493-4D36-9FDE-786B89F9A387}.Release|x64.ActiveCfg = Release|Any CPU
		{2A909E4D-6493-4D36-9FDE-786B89F9A387}.Release|x86.ActiveCfg = Release|Any CPU
		{072F8BE4-81C1-4276-A9A5-1AEC87A84265}.Ad-Hoc|Any CPU.ActiveCfg = Release|Any CPU
		{072F8BE4-81C1-4276-A9A5-1AEC87A84265}.Ad-Hoc|Any CPU.Build.0 = Release|Any CPU
		{072F8BE4-81C1-4276-A9A5-1AEC87A84265}.Ad-Hoc|ARM.ActiveCfg = Release|Any CPU
		{072F8BE4-81C1-4276-A9A5-1AEC87A84265}.Ad-Hoc|iPhone.ActiveCfg = Release|Any CPU
		{072F8BE4-81C1-4276-A9A5-1AEC87A84265}.Ad-Hoc|iPhoneSimulator.ActiveCfg = Release|Any CPU
		{072F8BE4-81C1-4276-A9A5-1AEC87A84265}.Ad-Hoc|Mixed Platforms.ActiveCfg = Release|Any CPU
		{072F8BE4-81C1-4276-A9A5-1AEC87A84265}.Ad-Hoc|Mixed Platforms.Build.0 = Release|Any CPU
		{072F8BE4-81C1-4276-A9A5-1AEC87A84265}.Ad-Hoc|x64.ActiveCfg = Release|Any CPU
		{072F8BE4-81C1-4276-A9A5-1AEC87A84265}.Ad-Hoc|x86.ActiveCfg = Release|Any CPU
		{072F8BE4-81C1-4276-A9A5-1AEC87A84265}.AppStore|Any CPU.ActiveCfg = Release|Any CPU
		{072F8BE4-81C1-4276-A9A5-1AEC87A84265}.AppStore|Any CPU.Build.0 = Release|Any CPU
		{072F8BE4-81C1-4276-A9A5-1AEC87A84265}.AppStore|ARM.ActiveCfg = Release|Any CPU
		{072F8BE4-81C1-4276-A9A5-1AEC87A84265}.AppStore|iPhone.ActiveCfg = Release|Any CPU
		{072F8BE4-81C1-4276-A9A5-1AEC87A84265}.AppStore|iPhoneSimulator.ActiveCfg = Release|Any CPU
		{072F8BE4-81C1-4276-A9A5-1AEC87A84265}.AppStore|Mixed Platforms.ActiveCfg = Release|Any CPU
		{072F8BE4-81C1-4276-A9A5-1AEC87A84265}.AppStore|Mixed Platforms.Build.0 = Release|Any CPU
		{072F8BE4-81C1-4276-A9A5-1AEC87A84265}.AppStore|x64.ActiveCfg = Release|Any CPU
		{072F8BE4-81C1-4276-A9A5-1AEC87A84265}.AppStore|x86.ActiveCfg = Release|Any CPU
		{072F8BE4-81C1-4276-A9A5-1AEC87A84265}.Debug|Any CPU.ActiveCfg = Debug|Any CPU
		{072F8BE4-81C1-4276-A9A5-1AEC87A84265}.Debug|Any CPU.Build.0 = Debug|Any CPU
		{072F8BE4-81C1-4276-A9A5-1AEC87A84265}.Debug|ARM.ActiveCfg = Debug|Any CPU
		{072F8BE4-81C1-4276-A9A5-1AEC87A84265}.Debug|iPhone.ActiveCfg = Debug|Any CPU
		{072F8BE4-81C1-4276-A9A5-1AEC87A84265}.Debug|iPhoneSimulator.ActiveCfg = Debug|Any CPU
		{072F8BE4-81C1-4276-A9A5-1AEC87A84265}.Debug|iPhoneSimulator.Build.0 = Debug|Any CPU
		{072F8BE4-81C1-4276-A9A5-1AEC87A84265}.Debug|Mixed Platforms.ActiveCfg = Debug|Any CPU
		{072F8BE4-81C1-4276-A9A5-1AEC87A84265}.Debug|Mixed Platforms.Build.0 = Debug|Any CPU
		{072F8BE4-81C1-4276-A9A5-1AEC87A84265}.Debug|x64.ActiveCfg = Debug|Any CPU
		{072F8BE4-81C1-4276-A9A5-1AEC87A84265}.Debug|x86.ActiveCfg = Debug|Any CPU
		{072F8BE4-81C1-4276-A9A5-1AEC87A84265}.Release|Any CPU.ActiveCfg = Release|Any CPU
		{072F8BE4-81C1-4276-A9A5-1AEC87A84265}.Release|Any CPU.Build.0 = Release|Any CPU
		{072F8BE4-81C1-4276-A9A5-1AEC87A84265}.Release|ARM.ActiveCfg = Release|Any CPU
		{072F8BE4-81C1-4276-A9A5-1AEC87A84265}.Release|iPhone.ActiveCfg = Release|Any CPU
		{072F8BE4-81C1-4276-A9A5-1AEC87A84265}.Release|iPhoneSimulator.ActiveCfg = Release|Any CPU
		{072F8BE4-81C1-4276-A9A5-1AEC87A84265}.Release|Mixed Platforms.ActiveCfg = Release|Any CPU
		{072F8BE4-81C1-4276-A9A5-1AEC87A84265}.Release|Mixed Platforms.Build.0 = Release|Any CPU
		{072F8BE4-81C1-4276-A9A5-1AEC87A84265}.Release|x64.ActiveCfg = Release|Any CPU
		{072F8BE4-81C1-4276-A9A5-1AEC87A84265}.Release|x86.ActiveCfg = Release|Any CPU
		{898FFD08-B7FC-45FE-A6DD-5AE9C2280D28}.Ad-Hoc|Any CPU.ActiveCfg = Release|Any CPU
		{898FFD08-B7FC-45FE-A6DD-5AE9C2280D28}.Ad-Hoc|Any CPU.Build.0 = Release|Any CPU
		{898FFD08-B7FC-45FE-A6DD-5AE9C2280D28}.Ad-Hoc|ARM.ActiveCfg = Release|Any CPU
		{898FFD08-B7FC-45FE-A6DD-5AE9C2280D28}.Ad-Hoc|iPhone.ActiveCfg = Release|Any CPU
		{898FFD08-B7FC-45FE-A6DD-5AE9C2280D28}.Ad-Hoc|iPhoneSimulator.ActiveCfg = Release|Any CPU
		{898FFD08-B7FC-45FE-A6DD-5AE9C2280D28}.Ad-Hoc|Mixed Platforms.ActiveCfg = Release|Any CPU
		{898FFD08-B7FC-45FE-A6DD-5AE9C2280D28}.Ad-Hoc|Mixed Platforms.Build.0 = Release|Any CPU
		{898FFD08-B7FC-45FE-A6DD-5AE9C2280D28}.Ad-Hoc|x64.ActiveCfg = Release|Any CPU
		{898FFD08-B7FC-45FE-A6DD-5AE9C2280D28}.Ad-Hoc|x86.ActiveCfg = Release|Any CPU
		{898FFD08-B7FC-45FE-A6DD-5AE9C2280D28}.AppStore|Any CPU.ActiveCfg = Release|Any CPU
		{898FFD08-B7FC-45FE-A6DD-5AE9C2280D28}.AppStore|Any CPU.Build.0 = Release|Any CPU
		{898FFD08-B7FC-45FE-A6DD-5AE9C2280D28}.AppStore|ARM.ActiveCfg = Release|Any CPU
		{898FFD08-B7FC-45FE-A6DD-5AE9C2280D28}.AppStore|iPhone.ActiveCfg = Release|Any CPU
		{898FFD08-B7FC-45FE-A6DD-5AE9C2280D28}.AppStore|iPhoneSimulator.ActiveCfg = Release|Any CPU
		{898FFD08-B7FC-45FE-A6DD-5AE9C2280D28}.AppStore|Mixed Platforms.ActiveCfg = Release|Any CPU
		{898FFD08-B7FC-45FE-A6DD-5AE9C2280D28}.AppStore|Mixed Platforms.Build.0 = Release|Any CPU
		{898FFD08-B7FC-45FE-A6DD-5AE9C2280D28}.AppStore|x64.ActiveCfg = Release|Any CPU
		{898FFD08-B7FC-45FE-A6DD-5AE9C2280D28}.AppStore|x86.ActiveCfg = Release|Any CPU
		{898FFD08-B7FC-45FE-A6DD-5AE9C2280D28}.Debug|Any CPU.ActiveCfg = Debug|Any CPU
		{898FFD08-B7FC-45FE-A6DD-5AE9C2280D28}.Debug|Any CPU.Build.0 = Debug|Any CPU
		{898FFD08-B7FC-45FE-A6DD-5AE9C2280D28}.Debug|ARM.ActiveCfg = Debug|Any CPU
		{898FFD08-B7FC-45FE-A6DD-5AE9C2280D28}.Debug|iPhone.ActiveCfg = Debug|Any CPU
		{898FFD08-B7FC-45FE-A6DD-5AE9C2280D28}.Debug|iPhoneSimulator.ActiveCfg = Debug|Any CPU
		{898FFD08-B7FC-45FE-A6DD-5AE9C2280D28}.Debug|iPhoneSimulator.Build.0 = Debug|Any CPU
		{898FFD08-B7FC-45FE-A6DD-5AE9C2280D28}.Debug|Mixed Platforms.ActiveCfg = Debug|Any CPU
		{898FFD08-B7FC-45FE-A6DD-5AE9C2280D28}.Debug|Mixed Platforms.Build.0 = Debug|Any CPU
		{898FFD08-B7FC-45FE-A6DD-5AE9C2280D28}.Debug|x64.ActiveCfg = Debug|Any CPU
		{898FFD08-B7FC-45FE-A6DD-5AE9C2280D28}.Debug|x86.ActiveCfg = Debug|Any CPU
		{898FFD08-B7FC-45FE-A6DD-5AE9C2280D28}.Release|Any CPU.ActiveCfg = Release|Any CPU
		{898FFD08-B7FC-45FE-A6DD-5AE9C2280D28}.Release|Any CPU.Build.0 = Release|Any CPU
		{898FFD08-B7FC-45FE-A6DD-5AE9C2280D28}.Release|ARM.ActiveCfg = Release|Any CPU
		{898FFD08-B7FC-45FE-A6DD-5AE9C2280D28}.Release|iPhone.ActiveCfg = Release|Any CPU
		{898FFD08-B7FC-45FE-A6DD-5AE9C2280D28}.Release|iPhoneSimulator.ActiveCfg = Release|Any CPU
		{898FFD08-B7FC-45FE-A6DD-5AE9C2280D28}.Release|Mixed Platforms.ActiveCfg = Release|Any CPU
		{898FFD08-B7FC-45FE-A6DD-5AE9C2280D28}.Release|Mixed Platforms.Build.0 = Release|Any CPU
		{898FFD08-B7FC-45FE-A6DD-5AE9C2280D28}.Release|x64.ActiveCfg = Release|Any CPU
		{898FFD08-B7FC-45FE-A6DD-5AE9C2280D28}.Release|x86.ActiveCfg = Release|Any CPU
		{361868B8-A63E-4C74-AA87-B70E1AB22313}.Ad-Hoc|Any CPU.ActiveCfg = Release|Any CPU
		{361868B8-A63E-4C74-AA87-B70E1AB22313}.Ad-Hoc|Any CPU.Build.0 = Release|Any CPU
		{361868B8-A63E-4C74-AA87-B70E1AB22313}.Ad-Hoc|ARM.ActiveCfg = Release|Any CPU
		{361868B8-A63E-4C74-AA87-B70E1AB22313}.Ad-Hoc|iPhone.ActiveCfg = Release|Any CPU
		{361868B8-A63E-4C74-AA87-B70E1AB22313}.Ad-Hoc|iPhoneSimulator.ActiveCfg = Release|Any CPU
		{361868B8-A63E-4C74-AA87-B70E1AB22313}.Ad-Hoc|Mixed Platforms.ActiveCfg = Release|Any CPU
		{361868B8-A63E-4C74-AA87-B70E1AB22313}.Ad-Hoc|Mixed Platforms.Build.0 = Release|Any CPU
		{361868B8-A63E-4C74-AA87-B70E1AB22313}.Ad-Hoc|x64.ActiveCfg = Release|Any CPU
		{361868B8-A63E-4C74-AA87-B70E1AB22313}.Ad-Hoc|x86.ActiveCfg = Release|Any CPU
		{361868B8-A63E-4C74-AA87-B70E1AB22313}.AppStore|Any CPU.ActiveCfg = Release|Any CPU
		{361868B8-A63E-4C74-AA87-B70E1AB22313}.AppStore|Any CPU.Build.0 = Release|Any CPU
		{361868B8-A63E-4C74-AA87-B70E1AB22313}.AppStore|ARM.ActiveCfg = Release|Any CPU
		{361868B8-A63E-4C74-AA87-B70E1AB22313}.AppStore|iPhone.ActiveCfg = Release|Any CPU
		{361868B8-A63E-4C74-AA87-B70E1AB22313}.AppStore|iPhoneSimulator.ActiveCfg = Release|Any CPU
		{361868B8-A63E-4C74-AA87-B70E1AB22313}.AppStore|Mixed Platforms.ActiveCfg = Release|Any CPU
		{361868B8-A63E-4C74-AA87-B70E1AB22313}.AppStore|Mixed Platforms.Build.0 = Release|Any CPU
		{361868B8-A63E-4C74-AA87-B70E1AB22313}.AppStore|x64.ActiveCfg = Release|Any CPU
		{361868B8-A63E-4C74-AA87-B70E1AB22313}.AppStore|x86.ActiveCfg = Release|Any CPU
		{361868B8-A63E-4C74-AA87-B70E1AB22313}.Debug|Any CPU.ActiveCfg = Debug|Any CPU
		{361868B8-A63E-4C74-AA87-B70E1AB22313}.Debug|Any CPU.Build.0 = Debug|Any CPU
		{361868B8-A63E-4C74-AA87-B70E1AB22313}.Debug|ARM.ActiveCfg = Debug|Any CPU
		{361868B8-A63E-4C74-AA87-B70E1AB22313}.Debug|iPhone.ActiveCfg = Debug|Any CPU
		{361868B8-A63E-4C74-AA87-B70E1AB22313}.Debug|iPhoneSimulator.ActiveCfg = Debug|Any CPU
		{361868B8-A63E-4C74-AA87-B70E1AB22313}.Debug|iPhoneSimulator.Build.0 = Debug|Any CPU
		{361868B8-A63E-4C74-AA87-B70E1AB22313}.Debug|Mixed Platforms.ActiveCfg = Debug|Any CPU
		{361868B8-A63E-4C74-AA87-B70E1AB22313}.Debug|Mixed Platforms.Build.0 = Debug|Any CPU
		{361868B8-A63E-4C74-AA87-B70E1AB22313}.Debug|x64.ActiveCfg = Debug|Any CPU
		{361868B8-A63E-4C74-AA87-B70E1AB22313}.Debug|x86.ActiveCfg = Debug|Any CPU
		{361868B8-A63E-4C74-AA87-B70E1AB22313}.Release|Any CPU.ActiveCfg = Release|Any CPU
		{361868B8-A63E-4C74-AA87-B70E1AB22313}.Release|Any CPU.Build.0 = Release|Any CPU
		{361868B8-A63E-4C74-AA87-B70E1AB22313}.Release|ARM.ActiveCfg = Release|Any CPU
		{361868B8-A63E-4C74-AA87-B70E1AB22313}.Release|iPhone.ActiveCfg = Release|Any CPU
		{361868B8-A63E-4C74-AA87-B70E1AB22313}.Release|iPhoneSimulator.ActiveCfg = Release|Any CPU
		{361868B8-A63E-4C74-AA87-B70E1AB22313}.Release|Mixed Platforms.ActiveCfg = Release|Any CPU
		{361868B8-A63E-4C74-AA87-B70E1AB22313}.Release|Mixed Platforms.Build.0 = Release|Any CPU
		{361868B8-A63E-4C74-AA87-B70E1AB22313}.Release|x64.ActiveCfg = Release|Any CPU
		{361868B8-A63E-4C74-AA87-B70E1AB22313}.Release|x86.ActiveCfg = Release|Any CPU
		{95B3E5A3-BE4F-4EBD-AF3D-599AE5FD1B43}.Ad-Hoc|Any CPU.ActiveCfg = Release|Any CPU
		{95B3E5A3-BE4F-4EBD-AF3D-599AE5FD1B43}.Ad-Hoc|Any CPU.Build.0 = Release|Any CPU
		{95B3E5A3-BE4F-4EBD-AF3D-599AE5FD1B43}.Ad-Hoc|ARM.ActiveCfg = Release|Any CPU
		{95B3E5A3-BE4F-4EBD-AF3D-599AE5FD1B43}.Ad-Hoc|iPhone.ActiveCfg = Release|Any CPU
		{95B3E5A3-BE4F-4EBD-AF3D-599AE5FD1B43}.Ad-Hoc|iPhoneSimulator.ActiveCfg = Release|Any CPU
		{95B3E5A3-BE4F-4EBD-AF3D-599AE5FD1B43}.Ad-Hoc|Mixed Platforms.ActiveCfg = Release|Any CPU
		{95B3E5A3-BE4F-4EBD-AF3D-599AE5FD1B43}.Ad-Hoc|Mixed Platforms.Build.0 = Release|Any CPU
		{95B3E5A3-BE4F-4EBD-AF3D-599AE5FD1B43}.Ad-Hoc|x64.ActiveCfg = Release|Any CPU
		{95B3E5A3-BE4F-4EBD-AF3D-599AE5FD1B43}.Ad-Hoc|x86.ActiveCfg = Release|Any CPU
		{95B3E5A3-BE4F-4EBD-AF3D-599AE5FD1B43}.AppStore|Any CPU.ActiveCfg = Release|Any CPU
		{95B3E5A3-BE4F-4EBD-AF3D-599AE5FD1B43}.AppStore|Any CPU.Build.0 = Release|Any CPU
		{95B3E5A3-BE4F-4EBD-AF3D-599AE5FD1B43}.AppStore|ARM.ActiveCfg = Release|Any CPU
		{95B3E5A3-BE4F-4EBD-AF3D-599AE5FD1B43}.AppStore|iPhone.ActiveCfg = Release|Any CPU
		{95B3E5A3-BE4F-4EBD-AF3D-599AE5FD1B43}.AppStore|iPhoneSimulator.ActiveCfg = Release|Any CPU
		{95B3E5A3-BE4F-4EBD-AF3D-599AE5FD1B43}.AppStore|Mixed Platforms.ActiveCfg = Release|Any CPU
		{95B3E5A3-BE4F-4EBD-AF3D-599AE5FD1B43}.AppStore|Mixed Platforms.Build.0 = Release|Any CPU
		{95B3E5A3-BE4F-4EBD-AF3D-599AE5FD1B43}.AppStore|x64.ActiveCfg = Release|Any CPU
		{95B3E5A3-BE4F-4EBD-AF3D-599AE5FD1B43}.AppStore|x86.ActiveCfg = Release|Any CPU
		{95B3E5A3-BE4F-4EBD-AF3D-599AE5FD1B43}.Debug|Any CPU.ActiveCfg = Debug|Any CPU
		{95B3E5A3-BE4F-4EBD-AF3D-599AE5FD1B43}.Debug|Any CPU.Build.0 = Debug|Any CPU
		{95B3E5A3-BE4F-4EBD-AF3D-599AE5FD1B43}.Debug|ARM.ActiveCfg = Debug|Any CPU
		{95B3E5A3-BE4F-4EBD-AF3D-599AE5FD1B43}.Debug|iPhone.ActiveCfg = Debug|Any CPU
		{95B3E5A3-BE4F-4EBD-AF3D-599AE5FD1B43}.Debug|iPhoneSimulator.ActiveCfg = Debug|Any CPU
		{95B3E5A3-BE4F-4EBD-AF3D-599AE5FD1B43}.Debug|iPhoneSimulator.Build.0 = Debug|Any CPU
		{95B3E5A3-BE4F-4EBD-AF3D-599AE5FD1B43}.Debug|Mixed Platforms.ActiveCfg = Debug|Any CPU
		{95B3E5A3-BE4F-4EBD-AF3D-599AE5FD1B43}.Debug|Mixed Platforms.Build.0 = Debug|Any CPU
		{95B3E5A3-BE4F-4EBD-AF3D-599AE5FD1B43}.Debug|x64.ActiveCfg = Debug|Any CPU
		{95B3E5A3-BE4F-4EBD-AF3D-599AE5FD1B43}.Debug|x86.ActiveCfg = Debug|Any CPU
		{95B3E5A3-BE4F-4EBD-AF3D-599AE5FD1B43}.Release|Any CPU.ActiveCfg = Release|Any CPU
		{95B3E5A3-BE4F-4EBD-AF3D-599AE5FD1B43}.Release|Any CPU.Build.0 = Release|Any CPU
		{95B3E5A3-BE4F-4EBD-AF3D-599AE5FD1B43}.Release|ARM.ActiveCfg = Release|Any CPU
		{95B3E5A3-BE4F-4EBD-AF3D-599AE5FD1B43}.Release|iPhone.ActiveCfg = Release|Any CPU
		{95B3E5A3-BE4F-4EBD-AF3D-599AE5FD1B43}.Release|iPhoneSimulator.ActiveCfg = Release|Any CPU
		{95B3E5A3-BE4F-4EBD-AF3D-599AE5FD1B43}.Release|Mixed Platforms.ActiveCfg = Release|Any CPU
		{95B3E5A3-BE4F-4EBD-AF3D-599AE5FD1B43}.Release|Mixed Platforms.Build.0 = Release|Any CPU
		{95B3E5A3-BE4F-4EBD-AF3D-599AE5FD1B43}.Release|x64.ActiveCfg = Release|Any CPU
		{95B3E5A3-BE4F-4EBD-AF3D-599AE5FD1B43}.Release|x86.ActiveCfg = Release|Any CPU
		{14436AD5-8995-406A-8468-F0B4DE53DFDB}.Ad-Hoc|Any CPU.ActiveCfg = Release|Any CPU
		{14436AD5-8995-406A-8468-F0B4DE53DFDB}.Ad-Hoc|Any CPU.Build.0 = Release|Any CPU
		{14436AD5-8995-406A-8468-F0B4DE53DFDB}.Ad-Hoc|ARM.ActiveCfg = Release|Any CPU
		{14436AD5-8995-406A-8468-F0B4DE53DFDB}.Ad-Hoc|iPhone.ActiveCfg = Release|Any CPU
		{14436AD5-8995-406A-8468-F0B4DE53DFDB}.Ad-Hoc|iPhoneSimulator.ActiveCfg = Release|Any CPU
		{14436AD5-8995-406A-8468-F0B4DE53DFDB}.Ad-Hoc|Mixed Platforms.ActiveCfg = Release|Any CPU
		{14436AD5-8995-406A-8468-F0B4DE53DFDB}.Ad-Hoc|Mixed Platforms.Build.0 = Release|Any CPU
		{14436AD5-8995-406A-8468-F0B4DE53DFDB}.Ad-Hoc|x64.ActiveCfg = Release|Any CPU
		{14436AD5-8995-406A-8468-F0B4DE53DFDB}.Ad-Hoc|x86.ActiveCfg = Release|Any CPU
		{14436AD5-8995-406A-8468-F0B4DE53DFDB}.AppStore|Any CPU.ActiveCfg = Release|Any CPU
		{14436AD5-8995-406A-8468-F0B4DE53DFDB}.AppStore|Any CPU.Build.0 = Release|Any CPU
		{14436AD5-8995-406A-8468-F0B4DE53DFDB}.AppStore|ARM.ActiveCfg = Release|Any CPU
		{14436AD5-8995-406A-8468-F0B4DE53DFDB}.AppStore|iPhone.ActiveCfg = Release|Any CPU
		{14436AD5-8995-406A-8468-F0B4DE53DFDB}.AppStore|iPhoneSimulator.ActiveCfg = Release|Any CPU
		{14436AD5-8995-406A-8468-F0B4DE53DFDB}.AppStore|Mixed Platforms.ActiveCfg = Release|Any CPU
		{14436AD5-8995-406A-8468-F0B4DE53DFDB}.AppStore|Mixed Platforms.Build.0 = Release|Any CPU
		{14436AD5-8995-406A-8468-F0B4DE53DFDB}.AppStore|x64.ActiveCfg = Release|Any CPU
		{14436AD5-8995-406A-8468-F0B4DE53DFDB}.AppStore|x86.ActiveCfg = Release|Any CPU
		{14436AD5-8995-406A-8468-F0B4DE53DFDB}.Debug|Any CPU.ActiveCfg = Debug|Any CPU
		{14436AD5-8995-406A-8468-F0B4DE53DFDB}.Debug|Any CPU.Build.0 = Debug|Any CPU
		{14436AD5-8995-406A-8468-F0B4DE53DFDB}.Debug|ARM.ActiveCfg = Debug|Any CPU
		{14436AD5-8995-406A-8468-F0B4DE53DFDB}.Debug|iPhone.ActiveCfg = Debug|Any CPU
		{14436AD5-8995-406A-8468-F0B4DE53DFDB}.Debug|iPhoneSimulator.ActiveCfg = Debug|Any CPU
		{14436AD5-8995-406A-8468-F0B4DE53DFDB}.Debug|iPhoneSimulator.Build.0 = Debug|Any CPU
		{14436AD5-8995-406A-8468-F0B4DE53DFDB}.Debug|Mixed Platforms.ActiveCfg = Debug|Any CPU
		{14436AD5-8995-406A-8468-F0B4DE53DFDB}.Debug|Mixed Platforms.Build.0 = Debug|Any CPU
		{14436AD5-8995-406A-8468-F0B4DE53DFDB}.Debug|x64.ActiveCfg = Debug|Any CPU
		{14436AD5-8995-406A-8468-F0B4DE53DFDB}.Debug|x86.ActiveCfg = Debug|Any CPU
		{14436AD5-8995-406A-8468-F0B4DE53DFDB}.Release|Any CPU.ActiveCfg = Release|Any CPU
		{14436AD5-8995-406A-8468-F0B4DE53DFDB}.Release|Any CPU.Build.0 = Release|Any CPU
		{14436AD5-8995-406A-8468-F0B4DE53DFDB}.Release|ARM.ActiveCfg = Release|Any CPU
		{14436AD5-8995-406A-8468-F0B4DE53DFDB}.Release|iPhone.ActiveCfg = Release|Any CPU
		{14436AD5-8995-406A-8468-F0B4DE53DFDB}.Release|iPhoneSimulator.ActiveCfg = Release|Any CPU
		{14436AD5-8995-406A-8468-F0B4DE53DFDB}.Release|Mixed Platforms.ActiveCfg = Release|Any CPU
		{14436AD5-8995-406A-8468-F0B4DE53DFDB}.Release|Mixed Platforms.Build.0 = Release|Any CPU
		{14436AD5-8995-406A-8468-F0B4DE53DFDB}.Release|x64.ActiveCfg = Release|Any CPU
		{14436AD5-8995-406A-8468-F0B4DE53DFDB}.Release|x86.ActiveCfg = Release|Any CPU
		{DED3C27A-2FB0-4E25-A201-A32CDF96E4BF}.Ad-Hoc|Any CPU.ActiveCfg = Release|Any CPU
		{DED3C27A-2FB0-4E25-A201-A32CDF96E4BF}.Ad-Hoc|Any CPU.Build.0 = Release|Any CPU
		{DED3C27A-2FB0-4E25-A201-A32CDF96E4BF}.Ad-Hoc|Any CPU.Deploy.0 = Release|Any CPU
		{DED3C27A-2FB0-4E25-A201-A32CDF96E4BF}.Ad-Hoc|ARM.ActiveCfg = Release|Any CPU
		{DED3C27A-2FB0-4E25-A201-A32CDF96E4BF}.Ad-Hoc|iPhone.ActiveCfg = Release|Any CPU
		{DED3C27A-2FB0-4E25-A201-A32CDF96E4BF}.Ad-Hoc|iPhoneSimulator.ActiveCfg = Release|Any CPU
		{DED3C27A-2FB0-4E25-A201-A32CDF96E4BF}.Ad-Hoc|Mixed Platforms.ActiveCfg = Release|Any CPU
		{DED3C27A-2FB0-4E25-A201-A32CDF96E4BF}.Ad-Hoc|Mixed Platforms.Build.0 = Release|Any CPU
		{DED3C27A-2FB0-4E25-A201-A32CDF96E4BF}.Ad-Hoc|Mixed Platforms.Deploy.0 = Release|Any CPU
		{DED3C27A-2FB0-4E25-A201-A32CDF96E4BF}.Ad-Hoc|x64.ActiveCfg = Release|Any CPU
		{DED3C27A-2FB0-4E25-A201-A32CDF96E4BF}.Ad-Hoc|x86.ActiveCfg = Release|Any CPU
		{DED3C27A-2FB0-4E25-A201-A32CDF96E4BF}.AppStore|Any CPU.ActiveCfg = Release|Any CPU
		{DED3C27A-2FB0-4E25-A201-A32CDF96E4BF}.AppStore|Any CPU.Build.0 = Release|Any CPU
		{DED3C27A-2FB0-4E25-A201-A32CDF96E4BF}.AppStore|Any CPU.Deploy.0 = Release|Any CPU
		{DED3C27A-2FB0-4E25-A201-A32CDF96E4BF}.AppStore|ARM.ActiveCfg = Release|Any CPU
		{DED3C27A-2FB0-4E25-A201-A32CDF96E4BF}.AppStore|iPhone.ActiveCfg = Release|Any CPU
		{DED3C27A-2FB0-4E25-A201-A32CDF96E4BF}.AppStore|iPhoneSimulator.ActiveCfg = Release|Any CPU
		{DED3C27A-2FB0-4E25-A201-A32CDF96E4BF}.AppStore|Mixed Platforms.ActiveCfg = Release|Any CPU
		{DED3C27A-2FB0-4E25-A201-A32CDF96E4BF}.AppStore|Mixed Platforms.Build.0 = Release|Any CPU
		{DED3C27A-2FB0-4E25-A201-A32CDF96E4BF}.AppStore|Mixed Platforms.Deploy.0 = Release|Any CPU
		{DED3C27A-2FB0-4E25-A201-A32CDF96E4BF}.AppStore|x64.ActiveCfg = Release|Any CPU
		{DED3C27A-2FB0-4E25-A201-A32CDF96E4BF}.AppStore|x86.ActiveCfg = Release|Any CPU
		{DED3C27A-2FB0-4E25-A201-A32CDF96E4BF}.Debug|Any CPU.ActiveCfg = Debug|Any CPU
		{DED3C27A-2FB0-4E25-A201-A32CDF96E4BF}.Debug|Any CPU.Build.0 = Debug|Any CPU
		{DED3C27A-2FB0-4E25-A201-A32CDF96E4BF}.Debug|Any CPU.Deploy.0 = Debug|Any CPU
		{DED3C27A-2FB0-4E25-A201-A32CDF96E4BF}.Debug|ARM.ActiveCfg = Debug|Any CPU
		{DED3C27A-2FB0-4E25-A201-A32CDF96E4BF}.Debug|iPhone.ActiveCfg = Debug|Any CPU
		{DED3C27A-2FB0-4E25-A201-A32CDF96E4BF}.Debug|iPhoneSimulator.ActiveCfg = Debug|Any CPU
		{DED3C27A-2FB0-4E25-A201-A32CDF96E4BF}.Debug|iPhoneSimulator.Build.0 = Debug|Any CPU
		{DED3C27A-2FB0-4E25-A201-A32CDF96E4BF}.Debug|Mixed Platforms.ActiveCfg = Debug|Any CPU
		{DED3C27A-2FB0-4E25-A201-A32CDF96E4BF}.Debug|Mixed Platforms.Build.0 = Debug|Any CPU
		{DED3C27A-2FB0-4E25-A201-A32CDF96E4BF}.Debug|Mixed Platforms.Deploy.0 = Debug|Any CPU
		{DED3C27A-2FB0-4E25-A201-A32CDF96E4BF}.Debug|x64.ActiveCfg = Debug|Any CPU
		{DED3C27A-2FB0-4E25-A201-A32CDF96E4BF}.Debug|x86.ActiveCfg = Debug|Any CPU
		{DED3C27A-2FB0-4E25-A201-A32CDF96E4BF}.Release|Any CPU.ActiveCfg = Release|Any CPU
		{DED3C27A-2FB0-4E25-A201-A32CDF96E4BF}.Release|Any CPU.Build.0 = Release|Any CPU
		{DED3C27A-2FB0-4E25-A201-A32CDF96E4BF}.Release|Any CPU.Deploy.0 = Release|Any CPU
		{DED3C27A-2FB0-4E25-A201-A32CDF96E4BF}.Release|ARM.ActiveCfg = Release|Any CPU
		{DED3C27A-2FB0-4E25-A201-A32CDF96E4BF}.Release|iPhone.ActiveCfg = Release|Any CPU
		{DED3C27A-2FB0-4E25-A201-A32CDF96E4BF}.Release|iPhoneSimulator.ActiveCfg = Release|Any CPU
		{DED3C27A-2FB0-4E25-A201-A32CDF96E4BF}.Release|Mixed Platforms.ActiveCfg = Release|Any CPU
		{DED3C27A-2FB0-4E25-A201-A32CDF96E4BF}.Release|Mixed Platforms.Build.0 = Release|Any CPU
		{DED3C27A-2FB0-4E25-A201-A32CDF96E4BF}.Release|Mixed Platforms.Deploy.0 = Release|Any CPU
		{DED3C27A-2FB0-4E25-A201-A32CDF96E4BF}.Release|x64.ActiveCfg = Release|Any CPU
		{DED3C27A-2FB0-4E25-A201-A32CDF96E4BF}.Release|x86.ActiveCfg = Release|Any CPU
		{E20D9290-DDCF-4779-9121-509C54F0E7BB}.Ad-Hoc|Any CPU.ActiveCfg = Ad-Hoc|iPhone
		{E20D9290-DDCF-4779-9121-509C54F0E7BB}.Ad-Hoc|ARM.ActiveCfg = Ad-Hoc|iPhone
		{E20D9290-DDCF-4779-9121-509C54F0E7BB}.Ad-Hoc|iPhone.ActiveCfg = Ad-Hoc|iPhone
		{E20D9290-DDCF-4779-9121-509C54F0E7BB}.Ad-Hoc|iPhone.Build.0 = Ad-Hoc|iPhone
		{E20D9290-DDCF-4779-9121-509C54F0E7BB}.Ad-Hoc|iPhoneSimulator.ActiveCfg = Ad-Hoc|iPhoneSimulator
		{E20D9290-DDCF-4779-9121-509C54F0E7BB}.Ad-Hoc|iPhoneSimulator.Build.0 = Ad-Hoc|iPhoneSimulator
		{E20D9290-DDCF-4779-9121-509C54F0E7BB}.Ad-Hoc|Mixed Platforms.ActiveCfg = Ad-Hoc|iPhone
		{E20D9290-DDCF-4779-9121-509C54F0E7BB}.Ad-Hoc|Mixed Platforms.Build.0 = Ad-Hoc|iPhone
		{E20D9290-DDCF-4779-9121-509C54F0E7BB}.Ad-Hoc|x64.ActiveCfg = Ad-Hoc|iPhone
		{E20D9290-DDCF-4779-9121-509C54F0E7BB}.Ad-Hoc|x86.ActiveCfg = Ad-Hoc|iPhone
		{E20D9290-DDCF-4779-9121-509C54F0E7BB}.AppStore|Any CPU.ActiveCfg = AppStore|iPhone
		{E20D9290-DDCF-4779-9121-509C54F0E7BB}.AppStore|ARM.ActiveCfg = AppStore|iPhone
		{E20D9290-DDCF-4779-9121-509C54F0E7BB}.AppStore|iPhone.ActiveCfg = AppStore|iPhone
		{E20D9290-DDCF-4779-9121-509C54F0E7BB}.AppStore|iPhone.Build.0 = AppStore|iPhone
		{E20D9290-DDCF-4779-9121-509C54F0E7BB}.AppStore|iPhoneSimulator.ActiveCfg = AppStore|iPhoneSimulator
		{E20D9290-DDCF-4779-9121-509C54F0E7BB}.AppStore|iPhoneSimulator.Build.0 = AppStore|iPhoneSimulator
		{E20D9290-DDCF-4779-9121-509C54F0E7BB}.AppStore|Mixed Platforms.ActiveCfg = AppStore|iPhone
		{E20D9290-DDCF-4779-9121-509C54F0E7BB}.AppStore|Mixed Platforms.Build.0 = AppStore|iPhone
		{E20D9290-DDCF-4779-9121-509C54F0E7BB}.AppStore|x64.ActiveCfg = AppStore|iPhone
		{E20D9290-DDCF-4779-9121-509C54F0E7BB}.AppStore|x86.ActiveCfg = AppStore|iPhone
		{E20D9290-DDCF-4779-9121-509C54F0E7BB}.Debug|Any CPU.ActiveCfg = Debug|iPhone
		{E20D9290-DDCF-4779-9121-509C54F0E7BB}.Debug|ARM.ActiveCfg = Debug|iPhone
		{E20D9290-DDCF-4779-9121-509C54F0E7BB}.Debug|iPhone.ActiveCfg = Debug|iPhone
		{E20D9290-DDCF-4779-9121-509C54F0E7BB}.Debug|iPhone.Build.0 = Debug|iPhone
		{E20D9290-DDCF-4779-9121-509C54F0E7BB}.Debug|iPhoneSimulator.ActiveCfg = Debug|iPhoneSimulator
		{E20D9290-DDCF-4779-9121-509C54F0E7BB}.Debug|iPhoneSimulator.Build.0 = Debug|iPhoneSimulator
		{E20D9290-DDCF-4779-9121-509C54F0E7BB}.Debug|iPhoneSimulator.Deploy.0 = Debug|iPhoneSimulator
		{E20D9290-DDCF-4779-9121-509C54F0E7BB}.Debug|Mixed Platforms.ActiveCfg = Debug|iPhone
		{E20D9290-DDCF-4779-9121-509C54F0E7BB}.Debug|Mixed Platforms.Build.0 = Debug|iPhone
		{E20D9290-DDCF-4779-9121-509C54F0E7BB}.Debug|x64.ActiveCfg = Debug|iPhone
		{E20D9290-DDCF-4779-9121-509C54F0E7BB}.Debug|x86.ActiveCfg = Debug|iPhone
		{E20D9290-DDCF-4779-9121-509C54F0E7BB}.Release|Any CPU.ActiveCfg = Release|iPhone
		{E20D9290-DDCF-4779-9121-509C54F0E7BB}.Release|ARM.ActiveCfg = Release|iPhone
		{E20D9290-DDCF-4779-9121-509C54F0E7BB}.Release|iPhone.ActiveCfg = Release|iPhone
		{E20D9290-DDCF-4779-9121-509C54F0E7BB}.Release|iPhone.Build.0 = Release|iPhone
		{E20D9290-DDCF-4779-9121-509C54F0E7BB}.Release|iPhoneSimulator.ActiveCfg = Release|iPhoneSimulator
		{E20D9290-DDCF-4779-9121-509C54F0E7BB}.Release|iPhoneSimulator.Build.0 = Release|iPhoneSimulator
		{E20D9290-DDCF-4779-9121-509C54F0E7BB}.Release|Mixed Platforms.ActiveCfg = Release|iPhone
		{E20D9290-DDCF-4779-9121-509C54F0E7BB}.Release|Mixed Platforms.Build.0 = Release|iPhone
		{E20D9290-DDCF-4779-9121-509C54F0E7BB}.Release|x64.ActiveCfg = Release|iPhone
		{E20D9290-DDCF-4779-9121-509C54F0E7BB}.Release|x86.ActiveCfg = Release|iPhone
		{12B0D705-AB89-4D7F-AB9D-75F5743F3956}.Ad-Hoc|Any CPU.ActiveCfg = Release|x86
		{12B0D705-AB89-4D7F-AB9D-75F5743F3956}.Ad-Hoc|ARM.ActiveCfg = Release|ARM
		{12B0D705-AB89-4D7F-AB9D-75F5743F3956}.Ad-Hoc|ARM.Build.0 = Release|ARM
		{12B0D705-AB89-4D7F-AB9D-75F5743F3956}.Ad-Hoc|ARM.Deploy.0 = Release|ARM
		{12B0D705-AB89-4D7F-AB9D-75F5743F3956}.Ad-Hoc|iPhone.ActiveCfg = Release|x86
		{12B0D705-AB89-4D7F-AB9D-75F5743F3956}.Ad-Hoc|iPhoneSimulator.ActiveCfg = Release|x86
		{12B0D705-AB89-4D7F-AB9D-75F5743F3956}.Ad-Hoc|Mixed Platforms.ActiveCfg = Release|x86
		{12B0D705-AB89-4D7F-AB9D-75F5743F3956}.Ad-Hoc|Mixed Platforms.Build.0 = Release|x86
		{12B0D705-AB89-4D7F-AB9D-75F5743F3956}.Ad-Hoc|Mixed Platforms.Deploy.0 = Release|x86
		{12B0D705-AB89-4D7F-AB9D-75F5743F3956}.Ad-Hoc|x64.ActiveCfg = Release|x86
		{12B0D705-AB89-4D7F-AB9D-75F5743F3956}.Ad-Hoc|x86.ActiveCfg = Release|x86
		{12B0D705-AB89-4D7F-AB9D-75F5743F3956}.Ad-Hoc|x86.Build.0 = Release|x86
		{12B0D705-AB89-4D7F-AB9D-75F5743F3956}.Ad-Hoc|x86.Deploy.0 = Release|x86
		{12B0D705-AB89-4D7F-AB9D-75F5743F3956}.AppStore|Any CPU.ActiveCfg = Release|x86
		{12B0D705-AB89-4D7F-AB9D-75F5743F3956}.AppStore|ARM.ActiveCfg = Release|ARM
		{12B0D705-AB89-4D7F-AB9D-75F5743F3956}.AppStore|ARM.Build.0 = Release|ARM
		{12B0D705-AB89-4D7F-AB9D-75F5743F3956}.AppStore|ARM.Deploy.0 = Release|ARM
		{12B0D705-AB89-4D7F-AB9D-75F5743F3956}.AppStore|iPhone.ActiveCfg = Release|x86
		{12B0D705-AB89-4D7F-AB9D-75F5743F3956}.AppStore|iPhoneSimulator.ActiveCfg = Release|x86
		{12B0D705-AB89-4D7F-AB9D-75F5743F3956}.AppStore|Mixed Platforms.ActiveCfg = Release|x86
		{12B0D705-AB89-4D7F-AB9D-75F5743F3956}.AppStore|Mixed Platforms.Build.0 = Release|x86
		{12B0D705-AB89-4D7F-AB9D-75F5743F3956}.AppStore|Mixed Platforms.Deploy.0 = Release|x86
		{12B0D705-AB89-4D7F-AB9D-75F5743F3956}.AppStore|x64.ActiveCfg = Release|x86
		{12B0D705-AB89-4D7F-AB9D-75F5743F3956}.AppStore|x86.ActiveCfg = Release|x86
		{12B0D705-AB89-4D7F-AB9D-75F5743F3956}.AppStore|x86.Build.0 = Release|x86
		{12B0D705-AB89-4D7F-AB9D-75F5743F3956}.AppStore|x86.Deploy.0 = Release|x86
		{12B0D705-AB89-4D7F-AB9D-75F5743F3956}.Debug|Any CPU.ActiveCfg = Debug|x86
		{12B0D705-AB89-4D7F-AB9D-75F5743F3956}.Debug|ARM.ActiveCfg = Debug|ARM
		{12B0D705-AB89-4D7F-AB9D-75F5743F3956}.Debug|ARM.Build.0 = Debug|ARM
		{12B0D705-AB89-4D7F-AB9D-75F5743F3956}.Debug|ARM.Deploy.0 = Debug|ARM
		{12B0D705-AB89-4D7F-AB9D-75F5743F3956}.Debug|iPhone.ActiveCfg = Debug|x86
		{12B0D705-AB89-4D7F-AB9D-75F5743F3956}.Debug|iPhoneSimulator.ActiveCfg = Debug|x86
		{12B0D705-AB89-4D7F-AB9D-75F5743F3956}.Debug|iPhoneSimulator.Build.0 = Debug|x86
		{12B0D705-AB89-4D7F-AB9D-75F5743F3956}.Debug|Mixed Platforms.ActiveCfg = Debug|x86
		{12B0D705-AB89-4D7F-AB9D-75F5743F3956}.Debug|Mixed Platforms.Build.0 = Debug|x86
		{12B0D705-AB89-4D7F-AB9D-75F5743F3956}.Debug|Mixed Platforms.Deploy.0 = Debug|x86
		{12B0D705-AB89-4D7F-AB9D-75F5743F3956}.Debug|x64.ActiveCfg = Debug|x86
		{12B0D705-AB89-4D7F-AB9D-75F5743F3956}.Debug|x86.ActiveCfg = Debug|x86
		{12B0D705-AB89-4D7F-AB9D-75F5743F3956}.Debug|x86.Build.0 = Debug|x86
		{12B0D705-AB89-4D7F-AB9D-75F5743F3956}.Debug|x86.Deploy.0 = Debug|x86
		{12B0D705-AB89-4D7F-AB9D-75F5743F3956}.Release|Any CPU.ActiveCfg = Release|x86
		{12B0D705-AB89-4D7F-AB9D-75F5743F3956}.Release|ARM.ActiveCfg = Release|ARM
		{12B0D705-AB89-4D7F-AB9D-75F5743F3956}.Release|ARM.Build.0 = Release|ARM
		{12B0D705-AB89-4D7F-AB9D-75F5743F3956}.Release|ARM.Deploy.0 = Release|ARM
		{12B0D705-AB89-4D7F-AB9D-75F5743F3956}.Release|iPhone.ActiveCfg = Release|x86
		{12B0D705-AB89-4D7F-AB9D-75F5743F3956}.Release|iPhoneSimulator.ActiveCfg = Release|x86
		{12B0D705-AB89-4D7F-AB9D-75F5743F3956}.Release|Mixed Platforms.ActiveCfg = Release|x86
		{12B0D705-AB89-4D7F-AB9D-75F5743F3956}.Release|Mixed Platforms.Build.0 = Release|x86
		{12B0D705-AB89-4D7F-AB9D-75F5743F3956}.Release|Mixed Platforms.Deploy.0 = Release|x86
		{12B0D705-AB89-4D7F-AB9D-75F5743F3956}.Release|x64.ActiveCfg = Release|x86
		{12B0D705-AB89-4D7F-AB9D-75F5743F3956}.Release|x86.ActiveCfg = Release|x86
		{12B0D705-AB89-4D7F-AB9D-75F5743F3956}.Release|x86.Build.0 = Release|x86
		{12B0D705-AB89-4D7F-AB9D-75F5743F3956}.Release|x86.Deploy.0 = Release|x86
		{C025FB0F-452B-4795-B9A4-64C9E6ABBEEE}.Ad-Hoc|Any CPU.ActiveCfg = Release|Any CPU
		{C025FB0F-452B-4795-B9A4-64C9E6ABBEEE}.Ad-Hoc|Any CPU.Build.0 = Release|Any CPU
		{C025FB0F-452B-4795-B9A4-64C9E6ABBEEE}.Ad-Hoc|ARM.ActiveCfg = Release|Any CPU
		{C025FB0F-452B-4795-B9A4-64C9E6ABBEEE}.Ad-Hoc|iPhone.ActiveCfg = Release|Any CPU
		{C025FB0F-452B-4795-B9A4-64C9E6ABBEEE}.Ad-Hoc|iPhoneSimulator.ActiveCfg = Release|Any CPU
		{C025FB0F-452B-4795-B9A4-64C9E6ABBEEE}.Ad-Hoc|Mixed Platforms.ActiveCfg = Release|Any CPU
		{C025FB0F-452B-4795-B9A4-64C9E6ABBEEE}.Ad-Hoc|Mixed Platforms.Build.0 = Release|Any CPU
		{C025FB0F-452B-4795-B9A4-64C9E6ABBEEE}.Ad-Hoc|x64.ActiveCfg = Release|Any CPU
		{C025FB0F-452B-4795-B9A4-64C9E6ABBEEE}.Ad-Hoc|x86.ActiveCfg = Release|Any CPU
		{C025FB0F-452B-4795-B9A4-64C9E6ABBEEE}.AppStore|Any CPU.ActiveCfg = Release|Any CPU
		{C025FB0F-452B-4795-B9A4-64C9E6ABBEEE}.AppStore|Any CPU.Build.0 = Release|Any CPU
		{C025FB0F-452B-4795-B9A4-64C9E6ABBEEE}.AppStore|ARM.ActiveCfg = Release|Any CPU
		{C025FB0F-452B-4795-B9A4-64C9E6ABBEEE}.AppStore|iPhone.ActiveCfg = Release|Any CPU
		{C025FB0F-452B-4795-B9A4-64C9E6ABBEEE}.AppStore|iPhoneSimulator.ActiveCfg = Release|Any CPU
		{C025FB0F-452B-4795-B9A4-64C9E6ABBEEE}.AppStore|Mixed Platforms.ActiveCfg = Release|Any CPU
		{C025FB0F-452B-4795-B9A4-64C9E6ABBEEE}.AppStore|Mixed Platforms.Build.0 = Release|Any CPU
		{C025FB0F-452B-4795-B9A4-64C9E6ABBEEE}.AppStore|x64.ActiveCfg = Release|Any CPU
		{C025FB0F-452B-4795-B9A4-64C9E6ABBEEE}.AppStore|x86.ActiveCfg = Release|Any CPU
		{C025FB0F-452B-4795-B9A4-64C9E6ABBEEE}.Debug|Any CPU.ActiveCfg = Debug|Any CPU
		{C025FB0F-452B-4795-B9A4-64C9E6ABBEEE}.Debug|Any CPU.Build.0 = Debug|Any CPU
		{C025FB0F-452B-4795-B9A4-64C9E6ABBEEE}.Debug|ARM.ActiveCfg = Debug|Any CPU
		{C025FB0F-452B-4795-B9A4-64C9E6ABBEEE}.Debug|iPhone.ActiveCfg = Debug|Any CPU
		{C025FB0F-452B-4795-B9A4-64C9E6ABBEEE}.Debug|iPhoneSimulator.ActiveCfg = Debug|Any CPU
		{C025FB0F-452B-4795-B9A4-64C9E6ABBEEE}.Debug|iPhoneSimulator.Build.0 = Debug|Any CPU
		{C025FB0F-452B-4795-B9A4-64C9E6ABBEEE}.Debug|Mixed Platforms.ActiveCfg = Debug|Any CPU
		{C025FB0F-452B-4795-B9A4-64C9E6ABBEEE}.Debug|Mixed Platforms.Build.0 = Debug|Any CPU
		{C025FB0F-452B-4795-B9A4-64C9E6ABBEEE}.Debug|x64.ActiveCfg = Debug|Any CPU
		{C025FB0F-452B-4795-B9A4-64C9E6ABBEEE}.Debug|x86.ActiveCfg = Debug|Any CPU
		{C025FB0F-452B-4795-B9A4-64C9E6ABBEEE}.Release|Any CPU.ActiveCfg = Release|Any CPU
		{C025FB0F-452B-4795-B9A4-64C9E6ABBEEE}.Release|Any CPU.Build.0 = Release|Any CPU
		{C025FB0F-452B-4795-B9A4-64C9E6ABBEEE}.Release|ARM.ActiveCfg = Release|Any CPU
		{C025FB0F-452B-4795-B9A4-64C9E6ABBEEE}.Release|iPhone.ActiveCfg = Release|Any CPU
		{C025FB0F-452B-4795-B9A4-64C9E6ABBEEE}.Release|iPhoneSimulator.ActiveCfg = Release|Any CPU
		{C025FB0F-452B-4795-B9A4-64C9E6ABBEEE}.Release|Mixed Platforms.ActiveCfg = Release|Any CPU
		{C025FB0F-452B-4795-B9A4-64C9E6ABBEEE}.Release|Mixed Platforms.Build.0 = Release|Any CPU
		{C025FB0F-452B-4795-B9A4-64C9E6ABBEEE}.Release|x64.ActiveCfg = Release|Any CPU
		{C025FB0F-452B-4795-B9A4-64C9E6ABBEEE}.Release|x86.ActiveCfg = Release|Any CPU
		{27429D8F-FA57-43CA-A13A-B3DE6987EB76}.Ad-Hoc|Any CPU.ActiveCfg = Release|Any CPU
		{27429D8F-FA57-43CA-A13A-B3DE6987EB76}.Ad-Hoc|Any CPU.Build.0 = Release|Any CPU
		{27429D8F-FA57-43CA-A13A-B3DE6987EB76}.Ad-Hoc|ARM.ActiveCfg = Release|Any CPU
		{27429D8F-FA57-43CA-A13A-B3DE6987EB76}.Ad-Hoc|iPhone.ActiveCfg = Release|Any CPU
		{27429D8F-FA57-43CA-A13A-B3DE6987EB76}.Ad-Hoc|iPhoneSimulator.ActiveCfg = Release|Any CPU
		{27429D8F-FA57-43CA-A13A-B3DE6987EB76}.Ad-Hoc|Mixed Platforms.ActiveCfg = Release|Any CPU
		{27429D8F-FA57-43CA-A13A-B3DE6987EB76}.Ad-Hoc|Mixed Platforms.Build.0 = Release|Any CPU
		{27429D8F-FA57-43CA-A13A-B3DE6987EB76}.Ad-Hoc|x64.ActiveCfg = Release|Any CPU
		{27429D8F-FA57-43CA-A13A-B3DE6987EB76}.Ad-Hoc|x86.ActiveCfg = Release|Any CPU
		{27429D8F-FA57-43CA-A13A-B3DE6987EB76}.AppStore|Any CPU.ActiveCfg = Release|Any CPU
		{27429D8F-FA57-43CA-A13A-B3DE6987EB76}.AppStore|Any CPU.Build.0 = Release|Any CPU
		{27429D8F-FA57-43CA-A13A-B3DE6987EB76}.AppStore|ARM.ActiveCfg = Release|Any CPU
		{27429D8F-FA57-43CA-A13A-B3DE6987EB76}.AppStore|iPhone.ActiveCfg = Release|Any CPU
		{27429D8F-FA57-43CA-A13A-B3DE6987EB76}.AppStore|iPhoneSimulator.ActiveCfg = Release|Any CPU
		{27429D8F-FA57-43CA-A13A-B3DE6987EB76}.AppStore|Mixed Platforms.ActiveCfg = Release|Any CPU
		{27429D8F-FA57-43CA-A13A-B3DE6987EB76}.AppStore|Mixed Platforms.Build.0 = Release|Any CPU
		{27429D8F-FA57-43CA-A13A-B3DE6987EB76}.AppStore|x64.ActiveCfg = Release|Any CPU
		{27429D8F-FA57-43CA-A13A-B3DE6987EB76}.AppStore|x86.ActiveCfg = Release|Any CPU
		{27429D8F-FA57-43CA-A13A-B3DE6987EB76}.Debug|Any CPU.ActiveCfg = Debug|Any CPU
		{27429D8F-FA57-43CA-A13A-B3DE6987EB76}.Debug|Any CPU.Build.0 = Debug|Any CPU
		{27429D8F-FA57-43CA-A13A-B3DE6987EB76}.Debug|ARM.ActiveCfg = Debug|Any CPU
		{27429D8F-FA57-43CA-A13A-B3DE6987EB76}.Debug|iPhone.ActiveCfg = Debug|Any CPU
		{27429D8F-FA57-43CA-A13A-B3DE6987EB76}.Debug|iPhoneSimulator.ActiveCfg = Debug|Any CPU
		{27429D8F-FA57-43CA-A13A-B3DE6987EB76}.Debug|iPhoneSimulator.Build.0 = Debug|Any CPU
		{27429D8F-FA57-43CA-A13A-B3DE6987EB76}.Debug|Mixed Platforms.ActiveCfg = Debug|Any CPU
		{27429D8F-FA57-43CA-A13A-B3DE6987EB76}.Debug|Mixed Platforms.Build.0 = Debug|Any CPU
		{27429D8F-FA57-43CA-A13A-B3DE6987EB76}.Debug|x64.ActiveCfg = Debug|Any CPU
		{27429D8F-FA57-43CA-A13A-B3DE6987EB76}.Debug|x86.ActiveCfg = Debug|Any CPU
		{27429D8F-FA57-43CA-A13A-B3DE6987EB76}.Release|Any CPU.ActiveCfg = Release|Any CPU
		{27429D8F-FA57-43CA-A13A-B3DE6987EB76}.Release|Any CPU.Build.0 = Release|Any CPU
		{27429D8F-FA57-43CA-A13A-B3DE6987EB76}.Release|ARM.ActiveCfg = Release|Any CPU
		{27429D8F-FA57-43CA-A13A-B3DE6987EB76}.Release|iPhone.ActiveCfg = Release|Any CPU
		{27429D8F-FA57-43CA-A13A-B3DE6987EB76}.Release|iPhoneSimulator.ActiveCfg = Release|Any CPU
		{27429D8F-FA57-43CA-A13A-B3DE6987EB76}.Release|Mixed Platforms.ActiveCfg = Release|Any CPU
		{27429D8F-FA57-43CA-A13A-B3DE6987EB76}.Release|Mixed Platforms.Build.0 = Release|Any CPU
		{27429D8F-FA57-43CA-A13A-B3DE6987EB76}.Release|x64.ActiveCfg = Release|Any CPU
		{27429D8F-FA57-43CA-A13A-B3DE6987EB76}.Release|x86.ActiveCfg = Release|Any CPU
		{A08B2D3D-91A6-4ECD-B7AF-5977E840E383}.Ad-Hoc|Any CPU.ActiveCfg = Release|Any CPU
		{A08B2D3D-91A6-4ECD-B7AF-5977E840E383}.Ad-Hoc|Any CPU.Build.0 = Release|Any CPU
		{A08B2D3D-91A6-4ECD-B7AF-5977E840E383}.Ad-Hoc|ARM.ActiveCfg = Release|Any CPU
		{A08B2D3D-91A6-4ECD-B7AF-5977E840E383}.Ad-Hoc|iPhone.ActiveCfg = Release|Any CPU
		{A08B2D3D-91A6-4ECD-B7AF-5977E840E383}.Ad-Hoc|iPhoneSimulator.ActiveCfg = Release|Any CPU
		{A08B2D3D-91A6-4ECD-B7AF-5977E840E383}.Ad-Hoc|Mixed Platforms.ActiveCfg = Release|Any CPU
		{A08B2D3D-91A6-4ECD-B7AF-5977E840E383}.Ad-Hoc|Mixed Platforms.Build.0 = Release|Any CPU
		{A08B2D3D-91A6-4ECD-B7AF-5977E840E383}.Ad-Hoc|x64.ActiveCfg = Release|Any CPU
		{A08B2D3D-91A6-4ECD-B7AF-5977E840E383}.Ad-Hoc|x86.ActiveCfg = Release|Any CPU
		{A08B2D3D-91A6-4ECD-B7AF-5977E840E383}.AppStore|Any CPU.ActiveCfg = Release|Any CPU
		{A08B2D3D-91A6-4ECD-B7AF-5977E840E383}.AppStore|Any CPU.Build.0 = Release|Any CPU
		{A08B2D3D-91A6-4ECD-B7AF-5977E840E383}.AppStore|ARM.ActiveCfg = Release|Any CPU
		{A08B2D3D-91A6-4ECD-B7AF-5977E840E383}.AppStore|iPhone.ActiveCfg = Release|Any CPU
		{A08B2D3D-91A6-4ECD-B7AF-5977E840E383}.AppStore|iPhoneSimulator.ActiveCfg = Release|Any CPU
		{A08B2D3D-91A6-4ECD-B7AF-5977E840E383}.AppStore|Mixed Platforms.ActiveCfg = Release|Any CPU
		{A08B2D3D-91A6-4ECD-B7AF-5977E840E383}.AppStore|Mixed Platforms.Build.0 = Release|Any CPU
		{A08B2D3D-91A6-4ECD-B7AF-5977E840E383}.AppStore|x64.ActiveCfg = Release|Any CPU
		{A08B2D3D-91A6-4ECD-B7AF-5977E840E383}.AppStore|x86.ActiveCfg = Release|Any CPU
		{A08B2D3D-91A6-4ECD-B7AF-5977E840E383}.Debug|Any CPU.ActiveCfg = Debug|Any CPU
		{A08B2D3D-91A6-4ECD-B7AF-5977E840E383}.Debug|Any CPU.Build.0 = Debug|Any CPU
		{A08B2D3D-91A6-4ECD-B7AF-5977E840E383}.Debug|ARM.ActiveCfg = Debug|Any CPU
		{A08B2D3D-91A6-4ECD-B7AF-5977E840E383}.Debug|iPhone.ActiveCfg = Debug|Any CPU
		{A08B2D3D-91A6-4ECD-B7AF-5977E840E383}.Debug|iPhoneSimulator.ActiveCfg = Debug|Any CPU
		{A08B2D3D-91A6-4ECD-B7AF-5977E840E383}.Debug|Mixed Platforms.ActiveCfg = Debug|Any CPU
		{A08B2D3D-91A6-4ECD-B7AF-5977E840E383}.Debug|Mixed Platforms.Build.0 = Debug|Any CPU
		{A08B2D3D-91A6-4ECD-B7AF-5977E840E383}.Debug|x64.ActiveCfg = Debug|Any CPU
		{A08B2D3D-91A6-4ECD-B7AF-5977E840E383}.Debug|x86.ActiveCfg = Debug|Any CPU
		{A08B2D3D-91A6-4ECD-B7AF-5977E840E383}.Release|Any CPU.ActiveCfg = Release|Any CPU
		{A08B2D3D-91A6-4ECD-B7AF-5977E840E383}.Release|Any CPU.Build.0 = Release|Any CPU
		{A08B2D3D-91A6-4ECD-B7AF-5977E840E383}.Release|ARM.ActiveCfg = Release|Any CPU
		{A08B2D3D-91A6-4ECD-B7AF-5977E840E383}.Release|iPhone.ActiveCfg = Release|Any CPU
		{A08B2D3D-91A6-4ECD-B7AF-5977E840E383}.Release|iPhoneSimulator.ActiveCfg = Release|Any CPU
		{A08B2D3D-91A6-4ECD-B7AF-5977E840E383}.Release|Mixed Platforms.ActiveCfg = Release|Any CPU
		{A08B2D3D-91A6-4ECD-B7AF-5977E840E383}.Release|Mixed Platforms.Build.0 = Release|Any CPU
		{A08B2D3D-91A6-4ECD-B7AF-5977E840E383}.Release|x64.ActiveCfg = Release|Any CPU
		{A08B2D3D-91A6-4ECD-B7AF-5977E840E383}.Release|x86.ActiveCfg = Release|Any CPU
		{31D1CC1D-316E-4516-A2BD-F07423B394F6}.Ad-Hoc|Any CPU.ActiveCfg = Release|Any CPU
		{31D1CC1D-316E-4516-A2BD-F07423B394F6}.Ad-Hoc|Any CPU.Build.0 = Release|Any CPU
		{31D1CC1D-316E-4516-A2BD-F07423B394F6}.Ad-Hoc|ARM.ActiveCfg = Release|Any CPU
		{31D1CC1D-316E-4516-A2BD-F07423B394F6}.Ad-Hoc|iPhone.ActiveCfg = Release|Any CPU
		{31D1CC1D-316E-4516-A2BD-F07423B394F6}.Ad-Hoc|iPhoneSimulator.ActiveCfg = Release|Any CPU
		{31D1CC1D-316E-4516-A2BD-F07423B394F6}.Ad-Hoc|Mixed Platforms.ActiveCfg = Release|Any CPU
		{31D1CC1D-316E-4516-A2BD-F07423B394F6}.Ad-Hoc|Mixed Platforms.Build.0 = Release|Any CPU
		{31D1CC1D-316E-4516-A2BD-F07423B394F6}.Ad-Hoc|x64.ActiveCfg = Release|Any CPU
		{31D1CC1D-316E-4516-A2BD-F07423B394F6}.Ad-Hoc|x86.ActiveCfg = Release|Any CPU
		{31D1CC1D-316E-4516-A2BD-F07423B394F6}.AppStore|Any CPU.ActiveCfg = Release|Any CPU
		{31D1CC1D-316E-4516-A2BD-F07423B394F6}.AppStore|Any CPU.Build.0 = Release|Any CPU
		{31D1CC1D-316E-4516-A2BD-F07423B394F6}.AppStore|ARM.ActiveCfg = Release|Any CPU
		{31D1CC1D-316E-4516-A2BD-F07423B394F6}.AppStore|iPhone.ActiveCfg = Release|Any CPU
		{31D1CC1D-316E-4516-A2BD-F07423B394F6}.AppStore|iPhoneSimulator.ActiveCfg = Release|Any CPU
		{31D1CC1D-316E-4516-A2BD-F07423B394F6}.AppStore|Mixed Platforms.ActiveCfg = Release|Any CPU
		{31D1CC1D-316E-4516-A2BD-F07423B394F6}.AppStore|Mixed Platforms.Build.0 = Release|Any CPU
		{31D1CC1D-316E-4516-A2BD-F07423B394F6}.AppStore|x64.ActiveCfg = Release|Any CPU
		{31D1CC1D-316E-4516-A2BD-F07423B394F6}.AppStore|x86.ActiveCfg = Release|Any CPU
		{31D1CC1D-316E-4516-A2BD-F07423B394F6}.Debug|Any CPU.ActiveCfg = Debug|Any CPU
		{31D1CC1D-316E-4516-A2BD-F07423B394F6}.Debug|Any CPU.Build.0 = Debug|Any CPU
		{31D1CC1D-316E-4516-A2BD-F07423B394F6}.Debug|ARM.ActiveCfg = Debug|Any CPU
		{31D1CC1D-316E-4516-A2BD-F07423B394F6}.Debug|iPhone.ActiveCfg = Debug|Any CPU
		{31D1CC1D-316E-4516-A2BD-F07423B394F6}.Debug|iPhoneSimulator.ActiveCfg = Debug|Any CPU
		{31D1CC1D-316E-4516-A2BD-F07423B394F6}.Debug|Mixed Platforms.ActiveCfg = Debug|Any CPU
		{31D1CC1D-316E-4516-A2BD-F07423B394F6}.Debug|Mixed Platforms.Build.0 = Debug|Any CPU
		{31D1CC1D-316E-4516-A2BD-F07423B394F6}.Debug|x64.ActiveCfg = Debug|Any CPU
		{31D1CC1D-316E-4516-A2BD-F07423B394F6}.Debug|x86.ActiveCfg = Debug|Any CPU
		{31D1CC1D-316E-4516-A2BD-F07423B394F6}.Release|Any CPU.ActiveCfg = Release|Any CPU
		{31D1CC1D-316E-4516-A2BD-F07423B394F6}.Release|Any CPU.Build.0 = Release|Any CPU
		{31D1CC1D-316E-4516-A2BD-F07423B394F6}.Release|ARM.ActiveCfg = Release|Any CPU
		{31D1CC1D-316E-4516-A2BD-F07423B394F6}.Release|iPhone.ActiveCfg = Release|Any CPU
		{31D1CC1D-316E-4516-A2BD-F07423B394F6}.Release|iPhoneSimulator.ActiveCfg = Release|Any CPU
		{31D1CC1D-316E-4516-A2BD-F07423B394F6}.Release|Mixed Platforms.ActiveCfg = Release|Any CPU
		{31D1CC1D-316E-4516-A2BD-F07423B394F6}.Release|Mixed Platforms.Build.0 = Release|Any CPU
		{31D1CC1D-316E-4516-A2BD-F07423B394F6}.Release|x64.ActiveCfg = Release|Any CPU
		{31D1CC1D-316E-4516-A2BD-F07423B394F6}.Release|x86.ActiveCfg = Release|Any CPU
		{812D678E-B428-41A1-BC05-8160695AD186}.Ad-Hoc|Any CPU.ActiveCfg = Release|Any CPU
		{812D678E-B428-41A1-BC05-8160695AD186}.Ad-Hoc|Any CPU.Build.0 = Release|Any CPU
		{812D678E-B428-41A1-BC05-8160695AD186}.Ad-Hoc|ARM.ActiveCfg = Release|Any CPU
		{812D678E-B428-41A1-BC05-8160695AD186}.Ad-Hoc|iPhone.ActiveCfg = Release|Any CPU
		{812D678E-B428-41A1-BC05-8160695AD186}.Ad-Hoc|iPhoneSimulator.ActiveCfg = Release|Any CPU
		{812D678E-B428-41A1-BC05-8160695AD186}.Ad-Hoc|Mixed Platforms.ActiveCfg = Release|Any CPU
		{812D678E-B428-41A1-BC05-8160695AD186}.Ad-Hoc|Mixed Platforms.Build.0 = Release|Any CPU
		{812D678E-B428-41A1-BC05-8160695AD186}.Ad-Hoc|x64.ActiveCfg = Release|Any CPU
		{812D678E-B428-41A1-BC05-8160695AD186}.Ad-Hoc|x86.ActiveCfg = Release|Any CPU
		{812D678E-B428-41A1-BC05-8160695AD186}.AppStore|Any CPU.ActiveCfg = Release|Any CPU
		{812D678E-B428-41A1-BC05-8160695AD186}.AppStore|Any CPU.Build.0 = Release|Any CPU
		{812D678E-B428-41A1-BC05-8160695AD186}.AppStore|ARM.ActiveCfg = Release|Any CPU
		{812D678E-B428-41A1-BC05-8160695AD186}.AppStore|iPhone.ActiveCfg = Release|Any CPU
		{812D678E-B428-41A1-BC05-8160695AD186}.AppStore|iPhoneSimulator.ActiveCfg = Release|Any CPU
		{812D678E-B428-41A1-BC05-8160695AD186}.AppStore|Mixed Platforms.ActiveCfg = Release|Any CPU
		{812D678E-B428-41A1-BC05-8160695AD186}.AppStore|Mixed Platforms.Build.0 = Release|Any CPU
		{812D678E-B428-41A1-BC05-8160695AD186}.AppStore|x64.ActiveCfg = Release|Any CPU
		{812D678E-B428-41A1-BC05-8160695AD186}.AppStore|x86.ActiveCfg = Release|Any CPU
		{812D678E-B428-41A1-BC05-8160695AD186}.Debug|Any CPU.ActiveCfg = Debug|Any CPU
		{812D678E-B428-41A1-BC05-8160695AD186}.Debug|Any CPU.Build.0 = Debug|Any CPU
		{812D678E-B428-41A1-BC05-8160695AD186}.Debug|ARM.ActiveCfg = Debug|Any CPU
		{812D678E-B428-41A1-BC05-8160695AD186}.Debug|iPhone.ActiveCfg = Debug|Any CPU
		{812D678E-B428-41A1-BC05-8160695AD186}.Debug|iPhoneSimulator.ActiveCfg = Debug|Any CPU
		{812D678E-B428-41A1-BC05-8160695AD186}.Debug|Mixed Platforms.ActiveCfg = Debug|Any CPU
		{812D678E-B428-41A1-BC05-8160695AD186}.Debug|Mixed Platforms.Build.0 = Debug|Any CPU
		{812D678E-B428-41A1-BC05-8160695AD186}.Debug|x64.ActiveCfg = Debug|Any CPU
		{812D678E-B428-41A1-BC05-8160695AD186}.Debug|x86.ActiveCfg = Debug|Any CPU
		{812D678E-B428-41A1-BC05-8160695AD186}.Release|Any CPU.ActiveCfg = Release|Any CPU
		{812D678E-B428-41A1-BC05-8160695AD186}.Release|Any CPU.Build.0 = Release|Any CPU
		{812D678E-B428-41A1-BC05-8160695AD186}.Release|ARM.ActiveCfg = Release|Any CPU
		{812D678E-B428-41A1-BC05-8160695AD186}.Release|iPhone.ActiveCfg = Release|Any CPU
		{812D678E-B428-41A1-BC05-8160695AD186}.Release|iPhoneSimulator.ActiveCfg = Release|Any CPU
		{812D678E-B428-41A1-BC05-8160695AD186}.Release|Mixed Platforms.ActiveCfg = Release|Any CPU
		{812D678E-B428-41A1-BC05-8160695AD186}.Release|Mixed Platforms.Build.0 = Release|Any CPU
		{812D678E-B428-41A1-BC05-8160695AD186}.Release|x64.ActiveCfg = Release|Any CPU
		{812D678E-B428-41A1-BC05-8160695AD186}.Release|x86.ActiveCfg = Release|Any CPU
	EndGlobalSection
	GlobalSection(SolutionProperties) = preSolution
		HideSolutionNode = FALSE
	EndGlobalSection
	GlobalSection(NestedProjects) = preSolution
		{2A909E4D-6493-4D36-9FDE-786B89F9A387} = {78D04AF9-B9B4-4025-93C6-B3DB01EDAAE9}
		{072F8BE4-81C1-4276-A9A5-1AEC87A84265} = {78D04AF9-B9B4-4025-93C6-B3DB01EDAAE9}
		{898FFD08-B7FC-45FE-A6DD-5AE9C2280D28} = {78D04AF9-B9B4-4025-93C6-B3DB01EDAAE9}
		{95B3E5A3-BE4F-4EBD-AF3D-599AE5FD1B43} = {78D04AF9-B9B4-4025-93C6-B3DB01EDAAE9}
		{14436AD5-8995-406A-8468-F0B4DE53DFDB} = {78D04AF9-B9B4-4025-93C6-B3DB01EDAAE9}
		{DED3C27A-2FB0-4E25-A201-A32CDF96E4BF} = {78D04AF9-B9B4-4025-93C6-B3DB01EDAAE9}
		{E20D9290-DDCF-4779-9121-509C54F0E7BB} = {78D04AF9-B9B4-4025-93C6-B3DB01EDAAE9}
		{12B0D705-AB89-4D7F-AB9D-75F5743F3956} = {78D04AF9-B9B4-4025-93C6-B3DB01EDAAE9}
		{27429D8F-FA57-43CA-A13A-B3DE6987EB76} = {78D04AF9-B9B4-4025-93C6-B3DB01EDAAE9}
		{812D678E-B428-41A1-BC05-8160695AD186} = {78D04AF9-B9B4-4025-93C6-B3DB01EDAAE9}
	EndGlobalSection
EndGlobal
