
Microsoft Visual Studio Solution File, Format Version 12.00
# Visual Studio 2012
Project("{2150E333-8FDC-42A3-9474-1A3956D46DE8}") = "Solution Items", "Solution Items", "{D1D23CCD-C556-480A-8817-6FD58817A0C8}"
	ProjectSection(SolutionItems) = preProject
		..\CommonAssemblyInfo.cs = ..\CommonAssemblyInfo.cs
		..\CommonAssemblyVersion.cs = ..\CommonAssemblyVersion.cs
		..\NugetPack.cmd = ..\NugetPack.cmd
		..\NugetPush.cmd = ..\NugetPush.cmd
		..\Simple.OData.Client.nuspec = ..\Simple.OData.Client.nuspec
	EndProjectSection
EndProject
Project("{2150E333-8FDC-42A3-9474-1A3956D46DE8}") = "Tests", "Tests", "{78D04AF9-B9B4-4025-93C6-B3DB01EDAAE9}"
EndProject
Project("{FAE04EC0-301F-11D3-BF4B-00C04F79EFBC}") = "Simple.OData.Client.Tests.Droid", "..\Simple.OData.Client.Tests.Droid\Simple.OData.Client.Tests.Droid.csproj", "{DED3C27A-2FB0-4E25-A201-A32CDF96E4BF}"
EndProject
Project("{FAE04EC0-301F-11D3-BF4B-00C04F79EFBC}") = "Simple.OData.Client.Tests.Touch", "..\Simple.OData.Client.Tests.Touch\Simple.OData.Client.Tests.Touch.csproj", "{E20D9290-DDCF-4779-9121-509C54F0E7BB}"
EndProject
Project("{FAE04EC0-301F-11D3-BF4B-00C04F79EFBC}") = "Simple.OData.Client.Core", "..\Simple.OData.Client.Core\Simple.OData.Client.Core.csproj", "{361868B8-A63E-4C74-AA87-B70E1AB22313}"
EndProject
Project("{FAE04EC0-301F-11D3-BF4B-00C04F79EFBC}") = "Simple.OData.Client.Dynamic", "..\Simple.OData.Client.Dynamic\Simple.OData.Client.Dynamic.csproj", "{C025FB0F-452B-4795-B9A4-64C9E6ABBEEE}"
EndProject
Project("{FAE04EC0-301F-11D3-BF4B-00C04F79EFBC}") = "Simple.OData.Client.V3.Adapter", "..\Simple.OData.Client.V3.Adapter\Simple.OData.Client.V3.Adapter.csproj", "{A08B2D3D-91A6-4ECD-B7AF-5977E840E383}"
EndProject
Project("{FAE04EC0-301F-11D3-BF4B-00C04F79EFBC}") = "Simple.OData.Client.V4.Adapter", "..\Simple.OData.Client.V4.Adapter\Simple.OData.Client.V4.Adapter.csproj", "{31D1CC1D-316E-4516-A2BD-F07423B394F6}"
EndProject
Global
	GlobalSection(SolutionConfigurationPlatforms) = preSolution
		Ad-Hoc|Any CPU = Ad-Hoc|Any CPU
		Ad-Hoc|ARM = Ad-Hoc|ARM
		Ad-Hoc|iPhone = Ad-Hoc|iPhone
		Ad-Hoc|iPhoneSimulator = Ad-Hoc|iPhoneSimulator
		Ad-Hoc|Mixed Platforms = Ad-Hoc|Mixed Platforms
		Ad-Hoc|x64 = Ad-Hoc|x64
		Ad-Hoc|x86 = Ad-Hoc|x86
		AppStore|Any CPU = AppStore|Any CPU
		AppStore|ARM = AppStore|ARM
		AppStore|iPhone = AppStore|iPhone
		AppStore|iPhoneSimulator = AppStore|iPhoneSimulator
		AppStore|Mixed Platforms = AppStore|Mixed Platforms
		AppStore|x64 = AppStore|x64
		AppStore|x86 = AppStore|x86
		Debug|Any CPU = Debug|Any CPU
		Debug|ARM = Debug|ARM
		Debug|iPhone = Debug|iPhone
		Debug|iPhoneSimulator = Debug|iPhoneSimulator
		Debug|Mixed Platforms = Debug|Mixed Platforms
		Debug|x64 = Debug|x64
		Debug|x86 = Debug|x86
		Release|Any CPU = Release|Any CPU
		Release|ARM = Release|ARM
		Release|iPhone = Release|iPhone
		Release|iPhoneSimulator = Release|iPhoneSimulator
		Release|Mixed Platforms = Release|Mixed Platforms
		Release|x64 = Release|x64
		Release|x86 = Release|x86
	EndGlobalSection
	GlobalSection(ProjectConfigurationPlatforms) = postSolution
		{31D1CC1D-316E-4516-A2BD-F07423B394F6}.Ad-Hoc|Any CPU.ActiveCfg = Release|Any CPU
		{31D1CC1D-316E-4516-A2BD-F07423B394F6}.Ad-Hoc|Any CPU.Build.0 = Release|Any CPU
		{31D1CC1D-316E-4516-A2BD-F07423B394F6}.Ad-Hoc|ARM.ActiveCfg = Release|Any CPU
		{31D1CC1D-316E-4516-A2BD-F07423B394F6}.Ad-Hoc|ARM.Build.0 = Release|Any CPU
		{31D1CC1D-316E-4516-A2BD-F07423B394F6}.Ad-Hoc|iPhone.ActiveCfg = Release|Any CPU
		{31D1CC1D-316E-4516-A2BD-F07423B394F6}.Ad-Hoc|iPhone.Build.0 = Release|Any CPU
		{31D1CC1D-316E-4516-A2BD-F07423B394F6}.Ad-Hoc|iPhoneSimulator.ActiveCfg = Release|Any CPU
		{31D1CC1D-316E-4516-A2BD-F07423B394F6}.Ad-Hoc|iPhoneSimulator.Build.0 = Release|Any CPU
		{31D1CC1D-316E-4516-A2BD-F07423B394F6}.Ad-Hoc|Mixed Platforms.ActiveCfg = Release|Any CPU
		{31D1CC1D-316E-4516-A2BD-F07423B394F6}.Ad-Hoc|Mixed Platforms.Build.0 = Release|Any CPU
		{31D1CC1D-316E-4516-A2BD-F07423B394F6}.Ad-Hoc|x64.ActiveCfg = Release|Any CPU
		{31D1CC1D-316E-4516-A2BD-F07423B394F6}.Ad-Hoc|x64.Build.0 = Release|Any CPU
		{31D1CC1D-316E-4516-A2BD-F07423B394F6}.Ad-Hoc|x86.ActiveCfg = Release|Any CPU
		{31D1CC1D-316E-4516-A2BD-F07423B394F6}.Ad-Hoc|x86.Build.0 = Release|Any CPU
		{31D1CC1D-316E-4516-A2BD-F07423B394F6}.AppStore|Any CPU.ActiveCfg = Release|Any CPU
		{31D1CC1D-316E-4516-A2BD-F07423B394F6}.AppStore|Any CPU.Build.0 = Release|Any CPU
		{31D1CC1D-316E-4516-A2BD-F07423B394F6}.AppStore|ARM.ActiveCfg = Release|Any CPU
		{31D1CC1D-316E-4516-A2BD-F07423B394F6}.AppStore|ARM.Build.0 = Release|Any CPU
		{31D1CC1D-316E-4516-A2BD-F07423B394F6}.AppStore|iPhone.ActiveCfg = Release|Any CPU
		{31D1CC1D-316E-4516-A2BD-F07423B394F6}.AppStore|iPhone.Build.0 = Release|Any CPU
		{31D1CC1D-316E-4516-A2BD-F07423B394F6}.AppStore|iPhoneSimulator.ActiveCfg = Release|Any CPU
		{31D1CC1D-316E-4516-A2BD-F07423B394F6}.AppStore|iPhoneSimulator.Build.0 = Release|Any CPU
		{31D1CC1D-316E-4516-A2BD-F07423B394F6}.AppStore|Mixed Platforms.ActiveCfg = Release|Any CPU
		{31D1CC1D-316E-4516-A2BD-F07423B394F6}.AppStore|Mixed Platforms.Build.0 = Release|Any CPU
		{31D1CC1D-316E-4516-A2BD-F07423B394F6}.AppStore|x64.ActiveCfg = Release|Any CPU
		{31D1CC1D-316E-4516-A2BD-F07423B394F6}.AppStore|x64.Build.0 = Release|Any CPU
		{31D1CC1D-316E-4516-A2BD-F07423B394F6}.AppStore|x86.ActiveCfg = Release|Any CPU
		{31D1CC1D-316E-4516-A2BD-F07423B394F6}.AppStore|x86.Build.0 = Release|Any CPU
		{31D1CC1D-316E-4516-A2BD-F07423B394F6}.Debug|Any CPU.ActiveCfg = Debug|Any CPU
		{31D1CC1D-316E-4516-A2BD-F07423B394F6}.Debug|Any CPU.Build.0 = Debug|Any CPU
		{31D1CC1D-316E-4516-A2BD-F07423B394F6}.Debug|ARM.ActiveCfg = Debug|Any CPU
		{31D1CC1D-316E-4516-A2BD-F07423B394F6}.Debug|ARM.Build.0 = Debug|Any CPU
		{31D1CC1D-316E-4516-A2BD-F07423B394F6}.Debug|iPhone.ActiveCfg = Debug|Any CPU
		{31D1CC1D-316E-4516-A2BD-F07423B394F6}.Debug|iPhone.Build.0 = Debug|Any CPU
		{31D1CC1D-316E-4516-A2BD-F07423B394F6}.Debug|iPhoneSimulator.ActiveCfg = Debug|Any CPU
		{31D1CC1D-316E-4516-A2BD-F07423B394F6}.Debug|iPhoneSimulator.Build.0 = Debug|Any CPU
		{31D1CC1D-316E-4516-A2BD-F07423B394F6}.Debug|Mixed Platforms.ActiveCfg = Debug|Any CPU
		{31D1CC1D-316E-4516-A2BD-F07423B394F6}.Debug|Mixed Platforms.Build.0 = Debug|Any CPU
		{31D1CC1D-316E-4516-A2BD-F07423B394F6}.Debug|x64.ActiveCfg = Debug|Any CPU
		{31D1CC1D-316E-4516-A2BD-F07423B394F6}.Debug|x64.Build.0 = Debug|Any CPU
		{31D1CC1D-316E-4516-A2BD-F07423B394F6}.Debug|x86.ActiveCfg = Debug|Any CPU
		{31D1CC1D-316E-4516-A2BD-F07423B394F6}.Debug|x86.Build.0 = Debug|Any CPU
		{31D1CC1D-316E-4516-A2BD-F07423B394F6}.Release|Any CPU.ActiveCfg = Release|Any CPU
		{31D1CC1D-316E-4516-A2BD-F07423B394F6}.Release|Any CPU.Build.0 = Release|Any CPU
		{31D1CC1D-316E-4516-A2BD-F07423B394F6}.Release|ARM.ActiveCfg = Release|Any CPU
		{31D1CC1D-316E-4516-A2BD-F07423B394F6}.Release|ARM.Build.0 = Release|Any CPU
		{31D1CC1D-316E-4516-A2BD-F07423B394F6}.Release|iPhone.ActiveCfg = Release|Any CPU
		{31D1CC1D-316E-4516-A2BD-F07423B394F6}.Release|iPhone.Build.0 = Release|Any CPU
		{31D1CC1D-316E-4516-A2BD-F07423B394F6}.Release|iPhoneSimulator.ActiveCfg = Release|Any CPU
		{31D1CC1D-316E-4516-A2BD-F07423B394F6}.Release|iPhoneSimulator.Build.0 = Release|Any CPU
		{31D1CC1D-316E-4516-A2BD-F07423B394F6}.Release|Mixed Platforms.ActiveCfg = Release|Any CPU
		{31D1CC1D-316E-4516-A2BD-F07423B394F6}.Release|Mixed Platforms.Build.0 = Release|Any CPU
		{31D1CC1D-316E-4516-A2BD-F07423B394F6}.Release|x64.ActiveCfg = Release|Any CPU
		{31D1CC1D-316E-4516-A2BD-F07423B394F6}.Release|x64.Build.0 = Release|Any CPU
		{31D1CC1D-316E-4516-A2BD-F07423B394F6}.Release|x86.ActiveCfg = Release|Any CPU
		{31D1CC1D-316E-4516-A2BD-F07423B394F6}.Release|x86.Build.0 = Release|Any CPU
		{361868B8-A63E-4C74-AA87-B70E1AB22313}.Ad-Hoc|Any CPU.ActiveCfg = Release|Any CPU
		{361868B8-A63E-4C74-AA87-B70E1AB22313}.Ad-Hoc|Any CPU.Build.0 = Release|Any CPU
		{361868B8-A63E-4C74-AA87-B70E1AB22313}.Ad-Hoc|ARM.ActiveCfg = Release|Any CPU
		{361868B8-A63E-4C74-AA87-B70E1AB22313}.Ad-Hoc|iPhone.ActiveCfg = Release|Any CPU
		{361868B8-A63E-4C74-AA87-B70E1AB22313}.Ad-Hoc|iPhoneSimulator.ActiveCfg = Release|Any CPU
		{361868B8-A63E-4C74-AA87-B70E1AB22313}.Ad-Hoc|Mixed Platforms.ActiveCfg = Release|Any CPU
		{361868B8-A63E-4C74-AA87-B70E1AB22313}.Ad-Hoc|Mixed Platforms.Build.0 = Release|Any CPU
		{361868B8-A63E-4C74-AA87-B70E1AB22313}.Ad-Hoc|x64.ActiveCfg = Release|Any CPU
		{361868B8-A63E-4C74-AA87-B70E1AB22313}.Ad-Hoc|x86.ActiveCfg = Release|Any CPU
		{361868B8-A63E-4C74-AA87-B70E1AB22313}.AppStore|Any CPU.ActiveCfg = Release|Any CPU
		{361868B8-A63E-4C74-AA87-B70E1AB22313}.AppStore|Any CPU.Build.0 = Release|Any CPU
		{361868B8-A63E-4C74-AA87-B70E1AB22313}.AppStore|ARM.ActiveCfg = Release|Any CPU
		{361868B8-A63E-4C74-AA87-B70E1AB22313}.AppStore|iPhone.ActiveCfg = Release|Any CPU
		{361868B8-A63E-4C74-AA87-B70E1AB22313}.AppStore|iPhoneSimulator.ActiveCfg = Release|Any CPU
		{361868B8-A63E-4C74-AA87-B70E1AB22313}.AppStore|Mixed Platforms.ActiveCfg = Release|Any CPU
		{361868B8-A63E-4C74-AA87-B70E1AB22313}.AppStore|Mixed Platforms.Build.0 = Release|Any CPU
		{361868B8-A63E-4C74-AA87-B70E1AB22313}.AppStore|x64.ActiveCfg = Release|Any CPU
		{361868B8-A63E-4C74-AA87-B70E1AB22313}.AppStore|x86.ActiveCfg = Release|Any CPU
		{361868B8-A63E-4C74-AA87-B70E1AB22313}.Debug|Any CPU.ActiveCfg = Debug|Any CPU
		{361868B8-A63E-4C74-AA87-B70E1AB22313}.Debug|Any CPU.Build.0 = Debug|Any CPU
		{361868B8-A63E-4C74-AA87-B70E1AB22313}.Debug|ARM.ActiveCfg = Debug|Any CPU
		{361868B8-A63E-4C74-AA87-B70E1AB22313}.Debug|iPhone.ActiveCfg = Debug|Any CPU
		{361868B8-A63E-4C74-AA87-B70E1AB22313}.Debug|iPhoneSimulator.ActiveCfg = Debug|Any CPU
		{361868B8-A63E-4C74-AA87-B70E1AB22313}.Debug|Mixed Platforms.ActiveCfg = Debug|Any CPU
		{361868B8-A63E-4C74-AA87-B70E1AB22313}.Debug|Mixed Platforms.Build.0 = Debug|Any CPU
		{361868B8-A63E-4C74-AA87-B70E1AB22313}.Debug|x64.ActiveCfg = Debug|Any CPU
		{361868B8-A63E-4C74-AA87-B70E1AB22313}.Debug|x86.ActiveCfg = Debug|Any CPU
		{361868B8-A63E-4C74-AA87-B70E1AB22313}.Release|Any CPU.ActiveCfg = Release|Any CPU
		{361868B8-A63E-4C74-AA87-B70E1AB22313}.Release|Any CPU.Build.0 = Release|Any CPU
		{361868B8-A63E-4C74-AA87-B70E1AB22313}.Release|ARM.ActiveCfg = Release|Any CPU
		{361868B8-A63E-4C74-AA87-B70E1AB22313}.Release|iPhone.ActiveCfg = Release|Any CPU
		{361868B8-A63E-4C74-AA87-B70E1AB22313}.Release|iPhoneSimulator.ActiveCfg = Release|Any CPU
		{361868B8-A63E-4C74-AA87-B70E1AB22313}.Release|Mixed Platforms.ActiveCfg = Release|Any CPU
		{361868B8-A63E-4C74-AA87-B70E1AB22313}.Release|Mixed Platforms.Build.0 = Release|Any CPU
		{361868B8-A63E-4C74-AA87-B70E1AB22313}.Release|x64.ActiveCfg = Release|Any CPU
		{361868B8-A63E-4C74-AA87-B70E1AB22313}.Release|x86.ActiveCfg = Release|Any CPU
		{A08B2D3D-91A6-4ECD-B7AF-5977E840E383}.Ad-Hoc|Any CPU.ActiveCfg = Release|Any CPU
		{A08B2D3D-91A6-4ECD-B7AF-5977E840E383}.Ad-Hoc|Any CPU.Build.0 = Release|Any CPU
		{A08B2D3D-91A6-4ECD-B7AF-5977E840E383}.Ad-Hoc|ARM.ActiveCfg = Release|Any CPU
		{A08B2D3D-91A6-4ECD-B7AF-5977E840E383}.Ad-Hoc|ARM.Build.0 = Release|Any CPU
		{A08B2D3D-91A6-4ECD-B7AF-5977E840E383}.Ad-Hoc|iPhone.ActiveCfg = Release|Any CPU
		{A08B2D3D-91A6-4ECD-B7AF-5977E840E383}.Ad-Hoc|iPhone.Build.0 = Release|Any CPU
		{A08B2D3D-91A6-4ECD-B7AF-5977E840E383}.Ad-Hoc|iPhoneSimulator.ActiveCfg = Release|Any CPU
		{A08B2D3D-91A6-4ECD-B7AF-5977E840E383}.Ad-Hoc|iPhoneSimulator.Build.0 = Release|Any CPU
		{A08B2D3D-91A6-4ECD-B7AF-5977E840E383}.Ad-Hoc|Mixed Platforms.ActiveCfg = Release|Any CPU
		{A08B2D3D-91A6-4ECD-B7AF-5977E840E383}.Ad-Hoc|Mixed Platforms.Build.0 = Release|Any CPU
		{A08B2D3D-91A6-4ECD-B7AF-5977E840E383}.Ad-Hoc|x64.ActiveCfg = Release|Any CPU
		{A08B2D3D-91A6-4ECD-B7AF-5977E840E383}.Ad-Hoc|x64.Build.0 = Release|Any CPU
		{A08B2D3D-91A6-4ECD-B7AF-5977E840E383}.Ad-Hoc|x86.ActiveCfg = Release|Any CPU
		{A08B2D3D-91A6-4ECD-B7AF-5977E840E383}.Ad-Hoc|x86.Build.0 = Release|Any CPU
		{A08B2D3D-91A6-4ECD-B7AF-5977E840E383}.AppStore|Any CPU.ActiveCfg = Release|Any CPU
		{A08B2D3D-91A6-4ECD-B7AF-5977E840E383}.AppStore|Any CPU.Build.0 = Release|Any CPU
		{A08B2D3D-91A6-4ECD-B7AF-5977E840E383}.AppStore|ARM.ActiveCfg = Release|Any CPU
		{A08B2D3D-91A6-4ECD-B7AF-5977E840E383}.AppStore|ARM.Build.0 = Release|Any CPU
		{A08B2D3D-91A6-4ECD-B7AF-5977E840E383}.AppStore|iPhone.ActiveCfg = Release|Any CPU
		{A08B2D3D-91A6-4ECD-B7AF-5977E840E383}.AppStore|iPhone.Build.0 = Release|Any CPU
		{A08B2D3D-91A6-4ECD-B7AF-5977E840E383}.AppStore|iPhoneSimulator.ActiveCfg = Release|Any CPU
		{A08B2D3D-91A6-4ECD-B7AF-5977E840E383}.AppStore|iPhoneSimulator.Build.0 = Release|Any CPU
		{A08B2D3D-91A6-4ECD-B7AF-5977E840E383}.AppStore|Mixed Platforms.ActiveCfg = Release|Any CPU
		{A08B2D3D-91A6-4ECD-B7AF-5977E840E383}.AppStore|Mixed Platforms.Build.0 = Release|Any CPU
		{A08B2D3D-91A6-4ECD-B7AF-5977E840E383}.AppStore|x64.ActiveCfg = Release|Any CPU
		{A08B2D3D-91A6-4ECD-B7AF-5977E840E383}.AppStore|x64.Build.0 = Release|Any CPU
		{A08B2D3D-91A6-4ECD-B7AF-5977E840E383}.AppStore|x86.ActiveCfg = Release|Any CPU
		{A08B2D3D-91A6-4ECD-B7AF-5977E840E383}.AppStore|x86.Build.0 = Release|Any CPU
		{A08B2D3D-91A6-4ECD-B7AF-5977E840E383}.Debug|Any CPU.ActiveCfg = Debug|Any CPU
		{A08B2D3D-91A6-4ECD-B7AF-5977E840E383}.Debug|Any CPU.Build.0 = Debug|Any CPU
		{A08B2D3D-91A6-4ECD-B7AF-5977E840E383}.Debug|ARM.ActiveCfg = Debug|Any CPU
		{A08B2D3D-91A6-4ECD-B7AF-5977E840E383}.Debug|ARM.Build.0 = Debug|Any CPU
		{A08B2D3D-91A6-4ECD-B7AF-5977E840E383}.Debug|iPhone.ActiveCfg = Debug|Any CPU
		{A08B2D3D-91A6-4ECD-B7AF-5977E840E383}.Debug|iPhone.Build.0 = Debug|Any CPU
		{A08B2D3D-91A6-4ECD-B7AF-5977E840E383}.Debug|iPhoneSimulator.ActiveCfg = Debug|Any CPU
		{A08B2D3D-91A6-4ECD-B7AF-5977E840E383}.Debug|iPhoneSimulator.Build.0 = Debug|Any CPU
		{A08B2D3D-91A6-4ECD-B7AF-5977E840E383}.Debug|Mixed Platforms.ActiveCfg = Debug|Any CPU
		{A08B2D3D-91A6-4ECD-B7AF-5977E840E383}.Debug|Mixed Platforms.Build.0 = Debug|Any CPU
		{A08B2D3D-91A6-4ECD-B7AF-5977E840E383}.Debug|x64.ActiveCfg = Debug|Any CPU
		{A08B2D3D-91A6-4ECD-B7AF-5977E840E383}.Debug|x64.Build.0 = Debug|Any CPU
		{A08B2D3D-91A6-4ECD-B7AF-5977E840E383}.Debug|x86.ActiveCfg = Debug|Any CPU
		{A08B2D3D-91A6-4ECD-B7AF-5977E840E383}.Debug|x86.Build.0 = Debug|Any CPU
		{A08B2D3D-91A6-4ECD-B7AF-5977E840E383}.Release|Any CPU.ActiveCfg = Release|Any CPU
		{A08B2D3D-91A6-4ECD-B7AF-5977E840E383}.Release|Any CPU.Build.0 = Release|Any CPU
		{A08B2D3D-91A6-4ECD-B7AF-5977E840E383}.Release|ARM.ActiveCfg = Release|Any CPU
		{A08B2D3D-91A6-4ECD-B7AF-5977E840E383}.Release|ARM.Build.0 = Release|Any CPU
		{A08B2D3D-91A6-4ECD-B7AF-5977E840E383}.Release|iPhone.ActiveCfg = Release|Any CPU
		{A08B2D3D-91A6-4ECD-B7AF-5977E840E383}.Release|iPhone.Build.0 = Release|Any CPU
		{A08B2D3D-91A6-4ECD-B7AF-5977E840E383}.Release|iPhoneSimulator.ActiveCfg = Release|Any CPU
		{A08B2D3D-91A6-4ECD-B7AF-5977E840E383}.Release|iPhoneSimulator.Build.0 = Release|Any CPU
		{A08B2D3D-91A6-4ECD-B7AF-5977E840E383}.Release|Mixed Platforms.ActiveCfg = Release|Any CPU
		{A08B2D3D-91A6-4ECD-B7AF-5977E840E383}.Release|Mixed Platforms.Build.0 = Release|Any CPU
		{A08B2D3D-91A6-4ECD-B7AF-5977E840E383}.Release|x64.ActiveCfg = Release|Any CPU
		{A08B2D3D-91A6-4ECD-B7AF-5977E840E383}.Release|x64.Build.0 = Release|Any CPU
		{A08B2D3D-91A6-4ECD-B7AF-5977E840E383}.Release|x86.ActiveCfg = Release|Any CPU
		{A08B2D3D-91A6-4ECD-B7AF-5977E840E383}.Release|x86.Build.0 = Release|Any CPU
		{C025FB0F-452B-4795-B9A4-64C9E6ABBEEE}.Ad-Hoc|Any CPU.ActiveCfg = Release|Any CPU
		{C025FB0F-452B-4795-B9A4-64C9E6ABBEEE}.Ad-Hoc|Any CPU.Build.0 = Release|Any CPU
		{C025FB0F-452B-4795-B9A4-64C9E6ABBEEE}.Ad-Hoc|ARM.ActiveCfg = Release|Any CPU
		{C025FB0F-452B-4795-B9A4-64C9E6ABBEEE}.Ad-Hoc|iPhone.ActiveCfg = Release|Any CPU
		{C025FB0F-452B-4795-B9A4-64C9E6ABBEEE}.Ad-Hoc|iPhoneSimulator.ActiveCfg = Release|Any CPU
		{C025FB0F-452B-4795-B9A4-64C9E6ABBEEE}.Ad-Hoc|Mixed Platforms.ActiveCfg = Release|Any CPU
		{C025FB0F-452B-4795-B9A4-64C9E6ABBEEE}.Ad-Hoc|Mixed Platforms.Build.0 = Release|Any CPU
		{C025FB0F-452B-4795-B9A4-64C9E6ABBEEE}.Ad-Hoc|x64.ActiveCfg = Release|Any CPU
		{C025FB0F-452B-4795-B9A4-64C9E6ABBEEE}.Ad-Hoc|x86.ActiveCfg = Release|Any CPU
		{C025FB0F-452B-4795-B9A4-64C9E6ABBEEE}.AppStore|Any CPU.ActiveCfg = Release|Any CPU
		{C025FB0F-452B-4795-B9A4-64C9E6ABBEEE}.AppStore|Any CPU.Build.0 = Release|Any CPU
		{C025FB0F-452B-4795-B9A4-64C9E6ABBEEE}.AppStore|ARM.ActiveCfg = Release|Any CPU
		{C025FB0F-452B-4795-B9A4-64C9E6ABBEEE}.AppStore|iPhone.ActiveCfg = Release|Any CPU
		{C025FB0F-452B-4795-B9A4-64C9E6ABBEEE}.AppStore|iPhoneSimulator.ActiveCfg = Release|Any CPU
		{C025FB0F-452B-4795-B9A4-64C9E6ABBEEE}.AppStore|Mixed Platforms.ActiveCfg = Release|Any CPU
		{C025FB0F-452B-4795-B9A4-64C9E6ABBEEE}.AppStore|Mixed Platforms.Build.0 = Release|Any CPU
		{C025FB0F-452B-4795-B9A4-64C9E6ABBEEE}.AppStore|x64.ActiveCfg = Release|Any CPU
		{C025FB0F-452B-4795-B9A4-64C9E6ABBEEE}.AppStore|x86.ActiveCfg = Release|Any CPU
		{C025FB0F-452B-4795-B9A4-64C9E6ABBEEE}.Debug|Any CPU.ActiveCfg = Debug|Any CPU
		{C025FB0F-452B-4795-B9A4-64C9E6ABBEEE}.Debug|Any CPU.Build.0 = Debug|Any CPU
		{C025FB0F-452B-4795-B9A4-64C9E6ABBEEE}.Debug|ARM.ActiveCfg = Debug|Any CPU
		{C025FB0F-452B-4795-B9A4-64C9E6ABBEEE}.Debug|iPhone.ActiveCfg = Debug|Any CPU
		{C025FB0F-452B-4795-B9A4-64C9E6ABBEEE}.Debug|iPhoneSimulator.ActiveCfg = Debug|Any CPU
		{C025FB0F-452B-4795-B9A4-64C9E6ABBEEE}.Debug|Mixed Platforms.ActiveCfg = Debug|Any CPU
		{C025FB0F-452B-4795-B9A4-64C9E6ABBEEE}.Debug|Mixed Platforms.Build.0 = Debug|Any CPU
		{C025FB0F-452B-4795-B9A4-64C9E6ABBEEE}.Debug|x64.ActiveCfg = Debug|Any CPU
		{C025FB0F-452B-4795-B9A4-64C9E6ABBEEE}.Debug|x86.ActiveCfg = Debug|Any CPU
		{C025FB0F-452B-4795-B9A4-64C9E6ABBEEE}.Release|Any CPU.ActiveCfg = Release|Any CPU
		{C025FB0F-452B-4795-B9A4-64C9E6ABBEEE}.Release|Any CPU.Build.0 = Release|Any CPU
		{C025FB0F-452B-4795-B9A4-64C9E6ABBEEE}.Release|ARM.ActiveCfg = Release|Any CPU
		{C025FB0F-452B-4795-B9A4-64C9E6ABBEEE}.Release|iPhone.ActiveCfg = Release|Any CPU
		{C025FB0F-452B-4795-B9A4-64C9E6ABBEEE}.Release|iPhoneSimulator.ActiveCfg = Release|Any CPU
		{C025FB0F-452B-4795-B9A4-64C9E6ABBEEE}.Release|Mixed Platforms.ActiveCfg = Release|Any CPU
		{C025FB0F-452B-4795-B9A4-64C9E6ABBEEE}.Release|Mixed Platforms.Build.0 = Release|Any CPU
		{C025FB0F-452B-4795-B9A4-64C9E6ABBEEE}.Release|x64.ActiveCfg = Release|Any CPU
		{C025FB0F-452B-4795-B9A4-64C9E6ABBEEE}.Release|x86.ActiveCfg = Release|Any CPU
		{DED3C27A-2FB0-4E25-A201-A32CDF96E4BF}.Ad-Hoc|Any CPU.ActiveCfg = Release|Any CPU
		{DED3C27A-2FB0-4E25-A201-A32CDF96E4BF}.Ad-Hoc|Any CPU.Build.0 = Release|Any CPU
		{DED3C27A-2FB0-4E25-A201-A32CDF96E4BF}.Ad-Hoc|Any CPU.Deploy.0 = Release|Any CPU
		{DED3C27A-2FB0-4E25-A201-A32CDF96E4BF}.Ad-Hoc|ARM.ActiveCfg = Release|Any CPU
		{DED3C27A-2FB0-4E25-A201-A32CDF96E4BF}.Ad-Hoc|iPhone.ActiveCfg = Release|Any CPU
		{DED3C27A-2FB0-4E25-A201-A32CDF96E4BF}.Ad-Hoc|iPhoneSimulator.ActiveCfg = Release|Any CPU
		{DED3C27A-2FB0-4E25-A201-A32CDF96E4BF}.Ad-Hoc|Mixed Platforms.ActiveCfg = Release|Any CPU
		{DED3C27A-2FB0-4E25-A201-A32CDF96E4BF}.Ad-Hoc|Mixed Platforms.Build.0 = Release|Any CPU
		{DED3C27A-2FB0-4E25-A201-A32CDF96E4BF}.Ad-Hoc|Mixed Platforms.Deploy.0 = Release|Any CPU
		{DED3C27A-2FB0-4E25-A201-A32CDF96E4BF}.Ad-Hoc|x64.ActiveCfg = Release|Any CPU
		{DED3C27A-2FB0-4E25-A201-A32CDF96E4BF}.Ad-Hoc|x86.ActiveCfg = Release|Any CPU
		{DED3C27A-2FB0-4E25-A201-A32CDF96E4BF}.AppStore|Any CPU.ActiveCfg = Release|Any CPU
		{DED3C27A-2FB0-4E25-A201-A32CDF96E4BF}.AppStore|Any CPU.Build.0 = Release|Any CPU
		{DED3C27A-2FB0-4E25-A201-A32CDF96E4BF}.AppStore|Any CPU.Deploy.0 = Release|Any CPU
		{DED3C27A-2FB0-4E25-A201-A32CDF96E4BF}.AppStore|ARM.ActiveCfg = Release|Any CPU
		{DED3C27A-2FB0-4E25-A201-A32CDF96E4BF}.AppStore|iPhone.ActiveCfg = Release|Any CPU
		{DED3C27A-2FB0-4E25-A201-A32CDF96E4BF}.AppStore|iPhoneSimulator.ActiveCfg = Release|Any CPU
		{DED3C27A-2FB0-4E25-A201-A32CDF96E4BF}.AppStore|Mixed Platforms.ActiveCfg = Release|Any CPU
		{DED3C27A-2FB0-4E25-A201-A32CDF96E4BF}.AppStore|Mixed Platforms.Build.0 = Release|Any CPU
		{DED3C27A-2FB0-4E25-A201-A32CDF96E4BF}.AppStore|Mixed Platforms.Deploy.0 = Release|Any CPU
		{DED3C27A-2FB0-4E25-A201-A32CDF96E4BF}.AppStore|x64.ActiveCfg = Release|Any CPU
		{DED3C27A-2FB0-4E25-A201-A32CDF96E4BF}.AppStore|x86.ActiveCfg = Release|Any CPU
		{DED3C27A-2FB0-4E25-A201-A32CDF96E4BF}.Debug|Any CPU.ActiveCfg = Debug|Any CPU
		{DED3C27A-2FB0-4E25-A201-A32CDF96E4BF}.Debug|Any CPU.Build.0 = Debug|Any CPU
		{DED3C27A-2FB0-4E25-A201-A32CDF96E4BF}.Debug|Any CPU.Deploy.0 = Debug|Any CPU
		{DED3C27A-2FB0-4E25-A201-A32CDF96E4BF}.Debug|ARM.ActiveCfg = Debug|Any CPU
		{DED3C27A-2FB0-4E25-A201-A32CDF96E4BF}.Debug|iPhone.ActiveCfg = Debug|Any CPU
		{DED3C27A-2FB0-4E25-A201-A32CDF96E4BF}.Debug|iPhoneSimulator.ActiveCfg = Debug|Any CPU
		{DED3C27A-2FB0-4E25-A201-A32CDF96E4BF}.Debug|Mixed Platforms.ActiveCfg = Debug|Any CPU
		{DED3C27A-2FB0-4E25-A201-A32CDF96E4BF}.Debug|Mixed Platforms.Build.0 = Debug|Any CPU
		{DED3C27A-2FB0-4E25-A201-A32CDF96E4BF}.Debug|Mixed Platforms.Deploy.0 = Debug|Any CPU
		{DED3C27A-2FB0-4E25-A201-A32CDF96E4BF}.Debug|x64.ActiveCfg = Debug|Any CPU
		{DED3C27A-2FB0-4E25-A201-A32CDF96E4BF}.Debug|x86.ActiveCfg = Debug|Any CPU
		{DED3C27A-2FB0-4E25-A201-A32CDF96E4BF}.Release|Any CPU.ActiveCfg = Release|Any CPU
		{DED3C27A-2FB0-4E25-A201-A32CDF96E4BF}.Release|Any CPU.Build.0 = Release|Any CPU
		{DED3C27A-2FB0-4E25-A201-A32CDF96E4BF}.Release|Any CPU.Deploy.0 = Release|Any CPU
		{DED3C27A-2FB0-4E25-A201-A32CDF96E4BF}.Release|ARM.ActiveCfg = Release|Any CPU
		{DED3C27A-2FB0-4E25-A201-A32CDF96E4BF}.Release|iPhone.ActiveCfg = Release|Any CPU
		{DED3C27A-2FB0-4E25-A201-A32CDF96E4BF}.Release|iPhoneSimulator.ActiveCfg = Release|Any CPU
		{DED3C27A-2FB0-4E25-A201-A32CDF96E4BF}.Release|Mixed Platforms.ActiveCfg = Release|Any CPU
		{DED3C27A-2FB0-4E25-A201-A32CDF96E4BF}.Release|Mixed Platforms.Build.0 = Release|Any CPU
		{DED3C27A-2FB0-4E25-A201-A32CDF96E4BF}.Release|Mixed Platforms.Deploy.0 = Release|Any CPU
		{DED3C27A-2FB0-4E25-A201-A32CDF96E4BF}.Release|x64.ActiveCfg = Release|Any CPU
		{DED3C27A-2FB0-4E25-A201-A32CDF96E4BF}.Release|x86.ActiveCfg = Release|Any CPU
		{E20D9290-DDCF-4779-9121-509C54F0E7BB}.Ad-Hoc|Any CPU.ActiveCfg = Ad-Hoc|iPhone
		{E20D9290-DDCF-4779-9121-509C54F0E7BB}.Ad-Hoc|ARM.ActiveCfg = Ad-Hoc|iPhone
		{E20D9290-DDCF-4779-9121-509C54F0E7BB}.Ad-Hoc|iPhone.ActiveCfg = Ad-Hoc|iPhone
		{E20D9290-DDCF-4779-9121-509C54F0E7BB}.Ad-Hoc|iPhone.Build.0 = Ad-Hoc|iPhone
		{E20D9290-DDCF-4779-9121-509C54F0E7BB}.Ad-Hoc|iPhoneSimulator.ActiveCfg = Ad-Hoc|iPhoneSimulator
		{E20D9290-DDCF-4779-9121-509C54F0E7BB}.Ad-Hoc|iPhoneSimulator.Build.0 = Ad-Hoc|iPhoneSimulator
		{E20D9290-DDCF-4779-9121-509C54F0E7BB}.Ad-Hoc|Mixed Platforms.ActiveCfg = Ad-Hoc|iPhone
		{E20D9290-DDCF-4779-9121-509C54F0E7BB}.Ad-Hoc|Mixed Platforms.Build.0 = Ad-Hoc|iPhone
		{E20D9290-DDCF-4779-9121-509C54F0E7BB}.Ad-Hoc|x64.ActiveCfg = Ad-Hoc|iPhone
		{E20D9290-DDCF-4779-9121-509C54F0E7BB}.Ad-Hoc|x86.ActiveCfg = Ad-Hoc|iPhone
		{E20D9290-DDCF-4779-9121-509C54F0E7BB}.AppStore|Any CPU.ActiveCfg = AppStore|iPhone
		{E20D9290-DDCF-4779-9121-509C54F0E7BB}.AppStore|ARM.ActiveCfg = AppStore|iPhone
		{E20D9290-DDCF-4779-9121-509C54F0E7BB}.AppStore|iPhone.ActiveCfg = AppStore|iPhone
		{E20D9290-DDCF-4779-9121-509C54F0E7BB}.AppStore|iPhone.Build.0 = AppStore|iPhone
		{E20D9290-DDCF-4779-9121-509C54F0E7BB}.AppStore|iPhoneSimulator.ActiveCfg = AppStore|iPhoneSimulator
		{E20D9290-DDCF-4779-9121-509C54F0E7BB}.AppStore|iPhoneSimulator.Build.0 = AppStore|iPhoneSimulator
		{E20D9290-DDCF-4779-9121-509C54F0E7BB}.AppStore|Mixed Platforms.ActiveCfg = AppStore|iPhone
		{E20D9290-DDCF-4779-9121-509C54F0E7BB}.AppStore|Mixed Platforms.Build.0 = AppStore|iPhone
		{E20D9290-DDCF-4779-9121-509C54F0E7BB}.AppStore|x64.ActiveCfg = AppStore|iPhone
		{E20D9290-DDCF-4779-9121-509C54F0E7BB}.AppStore|x86.ActiveCfg = AppStore|iPhone
		{E20D9290-DDCF-4779-9121-509C54F0E7BB}.Debug|Any CPU.ActiveCfg = Debug|iPhone
		{E20D9290-DDCF-4779-9121-509C54F0E7BB}.Debug|ARM.ActiveCfg = Debug|iPhone
		{E20D9290-DDCF-4779-9121-509C54F0E7BB}.Debug|iPhone.ActiveCfg = Debug|iPhone
		{E20D9290-DDCF-4779-9121-509C54F0E7BB}.Debug|iPhone.Build.0 = Debug|iPhone
		{E20D9290-DDCF-4779-9121-509C54F0E7BB}.Debug|iPhoneSimulator.ActiveCfg = Debug|iPhoneSimulator
		{E20D9290-DDCF-4779-9121-509C54F0E7BB}.Debug|iPhoneSimulator.Build.0 = Debug|iPhoneSimulator
		{E20D9290-DDCF-4779-9121-509C54F0E7BB}.Debug|Mixed Platforms.ActiveCfg = Debug|iPhone
		{E20D9290-DDCF-4779-9121-509C54F0E7BB}.Debug|Mixed Platforms.Build.0 = Debug|iPhone
		{E20D9290-DDCF-4779-9121-509C54F0E7BB}.Debug|x64.ActiveCfg = Debug|iPhone
		{E20D9290-DDCF-4779-9121-509C54F0E7BB}.Debug|x86.ActiveCfg = Debug|iPhone
		{E20D9290-DDCF-4779-9121-509C54F0E7BB}.Release|Any CPU.ActiveCfg = Release|iPhone
		{E20D9290-DDCF-4779-9121-509C54F0E7BB}.Release|ARM.ActiveCfg = Release|iPhone
		{E20D9290-DDCF-4779-9121-509C54F0E7BB}.Release|iPhone.ActiveCfg = Release|iPhone
		{E20D9290-DDCF-4779-9121-509C54F0E7BB}.Release|iPhone.Build.0 = Release|iPhone
		{E20D9290-DDCF-4779-9121-509C54F0E7BB}.Release|iPhoneSimulator.ActiveCfg = Release|iPhoneSimulator
		{E20D9290-DDCF-4779-9121-509C54F0E7BB}.Release|iPhoneSimulator.Build.0 = Release|iPhoneSimulator
		{E20D9290-DDCF-4779-9121-509C54F0E7BB}.Release|Mixed Platforms.ActiveCfg = Release|iPhone
		{E20D9290-DDCF-4779-9121-509C54F0E7BB}.Release|Mixed Platforms.Build.0 = Release|iPhone
		{E20D9290-DDCF-4779-9121-509C54F0E7BB}.Release|x64.ActiveCfg = Release|iPhone
		{E20D9290-DDCF-4779-9121-509C54F0E7BB}.Release|x86.ActiveCfg = Release|iPhone
	EndGlobalSection
	GlobalSection(NestedProjects) = preSolution
		{DED3C27A-2FB0-4E25-A201-A32CDF96E4BF} = {78D04AF9-B9B4-4025-93C6-B3DB01EDAAE9}
		{E20D9290-DDCF-4779-9121-509C54F0E7BB} = {78D04AF9-B9B4-4025-93C6-B3DB01EDAAE9}
	EndGlobalSection
	GlobalSection(MonoDevelopProperties) = preSolution
		StartupItem = ..\Simple.OData.Client.Tests.Touch\Simple.OData.Client.Tests.Touch.csproj
	EndGlobalSection
	GlobalSection(SolutionProperties) = preSolution
		HideSolutionNode = FALSE
	EndGlobalSection
EndGlobal
